// !$*UTF8*$!
{
	archiveVersion = 1;
	classes = {
	};
	objectVersion = 42;
	objects = {

/* Begin PBXBuildFile section */
		BBAB23CB13894F3D00AA2426 /* GLUT.framework in CopyFiles */ = {isa = PBXBuildFile; fileRef = BBAB23BE13894E4700AA2426 /* GLUT.framework */; };
		E4328149138ABC9F0047C5CB /* openFrameworksDebug.a in Frameworks */ = {isa = PBXBuildFile; fileRef = E4328148138ABC890047C5CB /* openFrameworksDebug.a */; };
		E45BE97B0E8CC7DD009D7055 /* AGL.framework in Frameworks */ = {isa = PBXBuildFile; fileRef = E45BE9710E8CC7DD009D7055 /* AGL.framework */; };
		E45BE97C0E8CC7DD009D7055 /* ApplicationServices.framework in Frameworks */ = {isa = PBXBuildFile; fileRef = E45BE9720E8CC7DD009D7055 /* ApplicationServices.framework */; };
		E45BE97D0E8CC7DD009D7055 /* AudioToolbox.framework in Frameworks */ = {isa = PBXBuildFile; fileRef = E45BE9730E8CC7DD009D7055 /* AudioToolbox.framework */; };
		E45BE97E0E8CC7DD009D7055 /* Carbon.framework in Frameworks */ = {isa = PBXBuildFile; fileRef = E45BE9740E8CC7DD009D7055 /* Carbon.framework */; };
		E45BE97F0E8CC7DD009D7055 /* CoreAudio.framework in Frameworks */ = {isa = PBXBuildFile; fileRef = E45BE9750E8CC7DD009D7055 /* CoreAudio.framework */; };
		E45BE9800E8CC7DD009D7055 /* CoreFoundation.framework in Frameworks */ = {isa = PBXBuildFile; fileRef = E45BE9760E8CC7DD009D7055 /* CoreFoundation.framework */; };
		E45BE9810E8CC7DD009D7055 /* CoreServices.framework in Frameworks */ = {isa = PBXBuildFile; fileRef = E45BE9770E8CC7DD009D7055 /* CoreServices.framework */; };
		E45BE9830E8CC7DD009D7055 /* OpenGL.framework in Frameworks */ = {isa = PBXBuildFile; fileRef = E45BE9790E8CC7DD009D7055 /* OpenGL.framework */; };
		E45BE9840E8CC7DD009D7055 /* QuickTime.framework in Frameworks */ = {isa = PBXBuildFile; fileRef = E45BE97A0E8CC7DD009D7055 /* QuickTime.framework */; };
		E4B69E200A3A1BDC003C02F2 /* main.cpp in Sources */ = {isa = PBXBuildFile; fileRef = E4B69E1D0A3A1BDC003C02F2 /* main.cpp */; };
		E4B69E210A3A1BDC003C02F2 /* testApp.cpp in Sources */ = {isa = PBXBuildFile; fileRef = E4B69E1E0A3A1BDC003C02F2 /* testApp.cpp */; };
		E4C2424710CC5A17004149E2 /* AppKit.framework in Frameworks */ = {isa = PBXBuildFile; fileRef = E4C2424410CC5A17004149E2 /* AppKit.framework */; };
		E4C2424810CC5A17004149E2 /* Cocoa.framework in Frameworks */ = {isa = PBXBuildFile; fileRef = E4C2424510CC5A17004149E2 /* Cocoa.framework */; };
		E4C2424910CC5A17004149E2 /* IOKit.framework in Frameworks */ = {isa = PBXBuildFile; fileRef = E4C2424610CC5A17004149E2 /* IOKit.framework */; };
		E4EB6799138ADC1D00A09F29 /* GLUT.framework in Frameworks */ = {isa = PBXBuildFile; fileRef = BBAB23BE13894E4700AA2426 /* GLUT.framework */; };
		E7AAC628191B5B2A001FC8BE /* libAlembicAbc.a in Frameworks */ = {isa = PBXBuildFile; fileRef = E7AAC609191B5B2A001FC8BE /* libAlembicAbc.a */; };
		E7AAC629191B5B2B001FC8BE /* libAlembicAbcCollection.a in Frameworks */ = {isa = PBXBuildFile; fileRef = E7AAC60A191B5B2A001FC8BE /* libAlembicAbcCollection.a */; };
		E7AAC62A191B5B2B001FC8BE /* libAlembicAbcCoreAbstract.a in Frameworks */ = {isa = PBXBuildFile; fileRef = E7AAC60B191B5B2A001FC8BE /* libAlembicAbcCoreAbstract.a */; };
		E7AAC62B191B5B2B001FC8BE /* libAlembicAbcCoreFactory.a in Frameworks */ = {isa = PBXBuildFile; fileRef = E7AAC60C191B5B2A001FC8BE /* libAlembicAbcCoreFactory.a */; };
		E7AAC62C191B5B2B001FC8BE /* libAlembicAbcCoreHDF5.a in Frameworks */ = {isa = PBXBuildFile; fileRef = E7AAC60D191B5B2A001FC8BE /* libAlembicAbcCoreHDF5.a */; };
		E7AAC62D191B5B2B001FC8BE /* libAlembicAbcCoreOgawa.a in Frameworks */ = {isa = PBXBuildFile; fileRef = E7AAC60E191B5B2A001FC8BE /* libAlembicAbcCoreOgawa.a */; };
		E7AAC62E191B5B2B001FC8BE /* libAlembicAbcGeom.a in Frameworks */ = {isa = PBXBuildFile; fileRef = E7AAC60F191B5B2A001FC8BE /* libAlembicAbcGeom.a */; };
		E7AAC62F191B5B2B001FC8BE /* libAlembicAbcMaterial.a in Frameworks */ = {isa = PBXBuildFile; fileRef = E7AAC610191B5B2A001FC8BE /* libAlembicAbcMaterial.a */; };
		E7AAC630191B5B2B001FC8BE /* libAlembicAbcOpenGL.a in Frameworks */ = {isa = PBXBuildFile; fileRef = E7AAC611191B5B2A001FC8BE /* libAlembicAbcOpenGL.a */; };
		E7AAC631191B5B2B001FC8BE /* libAlembicOgawa.a in Frameworks */ = {isa = PBXBuildFile; fileRef = E7AAC612191B5B2A001FC8BE /* libAlembicOgawa.a */; };
		E7AAC632191B5B2B001FC8BE /* libAlembicUtil.a in Frameworks */ = {isa = PBXBuildFile; fileRef = E7AAC613191B5B2A001FC8BE /* libAlembicUtil.a */; };
		E7AAC633191B5B2B001FC8BE /* libHalf.a in Frameworks */ = {isa = PBXBuildFile; fileRef = E7AAC614191B5B2A001FC8BE /* libHalf.a */; };
		E7AAC634191B5B2B001FC8BE /* libhdf5.a in Frameworks */ = {isa = PBXBuildFile; fileRef = E7AAC615191B5B2A001FC8BE /* libhdf5.a */; };
		E7AAC635191B5B2B001FC8BE /* libhdf5_hl.a in Frameworks */ = {isa = PBXBuildFile; fileRef = E7AAC616191B5B2A001FC8BE /* libhdf5_hl.a */; };
		E7AAC636191B5B2B001FC8BE /* libIex.a in Frameworks */ = {isa = PBXBuildFile; fileRef = E7AAC617191B5B2A001FC8BE /* libIex.a */; };
		E7AAC637191B5B2B001FC8BE /* libIexMath.a in Frameworks */ = {isa = PBXBuildFile; fileRef = E7AAC618191B5B2A001FC8BE /* libIexMath.a */; };
		E7AAC638191B5B2B001FC8BE /* libIlmThread.a in Frameworks */ = {isa = PBXBuildFile; fileRef = E7AAC619191B5B2A001FC8BE /* libIlmThread.a */; };
		E7AAC639191B5B2B001FC8BE /* libImath.a in Frameworks */ = {isa = PBXBuildFile; fileRef = E7AAC61A191B5B2A001FC8BE /* libImath.a */; };
		E7AAC63A191B5B2B001FC8BE /* ofxAlembicReader.cpp in Sources */ = {isa = PBXBuildFile; fileRef = E7AAC620191B5B2A001FC8BE /* ofxAlembicReader.cpp */; };
		E7AAC63B191B5B2B001FC8BE /* ofxAlembicType.cpp in Sources */ = {isa = PBXBuildFile; fileRef = E7AAC622191B5B2A001FC8BE /* ofxAlembicType.cpp */; };
		E7AAC63C191B5B2B001FC8BE /* ofxAlembicUtil.cpp in Sources */ = {isa = PBXBuildFile; fileRef = E7AAC624191B5B2A001FC8BE /* ofxAlembicUtil.cpp */; };
		E7AAC63D191B5B2B001FC8BE /* ofxAlembicWriter.cpp in Sources */ = {isa = PBXBuildFile; fileRef = E7AAC626191B5B2A001FC8BE /* ofxAlembicWriter.cpp */; };
		E7E077E515D3B63C0020DFD4 /* CoreVideo.framework in Frameworks */ = {isa = PBXBuildFile; fileRef = E7E077E415D3B63C0020DFD4 /* CoreVideo.framework */; };
		E7E077E815D3B6510020DFD4 /* QTKit.framework in Frameworks */ = {isa = PBXBuildFile; fileRef = E7E077E715D3B6510020DFD4 /* QTKit.framework */; };
		E7F985F815E0DEA3003869B5 /* Accelerate.framework in Frameworks */ = {isa = PBXBuildFile; fileRef = E7F985F515E0DE99003869B5 /* Accelerate.framework */; };
/* End PBXBuildFile section */

/* Begin PBXContainerItemProxy section */
		E4328147138ABC890047C5CB /* PBXContainerItemProxy */ = {
			isa = PBXContainerItemProxy;
			containerPortal = E4328143138ABC890047C5CB /* openFrameworksLib.xcodeproj */;
			proxyType = 2;
			remoteGlobalIDString = E4B27C1510CBEB8E00536013;
			remoteInfo = openFrameworks;
		};
		E4EEB9AB138B136A00A80321 /* PBXContainerItemProxy */ = {
			isa = PBXContainerItemProxy;
			containerPortal = E4328143138ABC890047C5CB /* openFrameworksLib.xcodeproj */;
			proxyType = 1;
			remoteGlobalIDString = E4B27C1410CBEB8E00536013;
			remoteInfo = openFrameworks;
		};
/* End PBXContainerItemProxy section */

/* Begin PBXCopyFilesBuildPhase section */
		E4C2427710CC5ABF004149E2 /* CopyFiles */ = {
			isa = PBXCopyFilesBuildPhase;
			buildActionMask = 2147483647;
			dstPath = "";
			dstSubfolderSpec = 10;
			files = (
				BBAB23CB13894F3D00AA2426 /* GLUT.framework in CopyFiles */,
			);
			runOnlyForDeploymentPostprocessing = 0;
		};
/* End PBXCopyFilesBuildPhase section */

/* Begin PBXFileReference section */
		BBAB23BE13894E4700AA2426 /* GLUT.framework */ = {isa = PBXFileReference; lastKnownFileType = wrapper.framework; name = GLUT.framework; path = ../../../libs/glut/lib/osx/GLUT.framework; sourceTree = "<group>"; };
		E4328143138ABC890047C5CB /* openFrameworksLib.xcodeproj */ = {isa = PBXFileReference; lastKnownFileType = "wrapper.pb-project"; name = openFrameworksLib.xcodeproj; path = ../../../libs/openFrameworksCompiled/project/osx/openFrameworksLib.xcodeproj; sourceTree = SOURCE_ROOT; };
		E45BE9710E8CC7DD009D7055 /* AGL.framework */ = {isa = PBXFileReference; lastKnownFileType = wrapper.framework; name = AGL.framework; path = /System/Library/Frameworks/AGL.framework; sourceTree = "<absolute>"; };
		E45BE9720E8CC7DD009D7055 /* ApplicationServices.framework */ = {isa = PBXFileReference; lastKnownFileType = wrapper.framework; name = ApplicationServices.framework; path = /System/Library/Frameworks/ApplicationServices.framework; sourceTree = "<absolute>"; };
		E45BE9730E8CC7DD009D7055 /* AudioToolbox.framework */ = {isa = PBXFileReference; lastKnownFileType = wrapper.framework; name = AudioToolbox.framework; path = /System/Library/Frameworks/AudioToolbox.framework; sourceTree = "<absolute>"; };
		E45BE9740E8CC7DD009D7055 /* Carbon.framework */ = {isa = PBXFileReference; lastKnownFileType = wrapper.framework; name = Carbon.framework; path = /System/Library/Frameworks/Carbon.framework; sourceTree = "<absolute>"; };
		E45BE9750E8CC7DD009D7055 /* CoreAudio.framework */ = {isa = PBXFileReference; lastKnownFileType = wrapper.framework; name = CoreAudio.framework; path = /System/Library/Frameworks/CoreAudio.framework; sourceTree = "<absolute>"; };
		E45BE9760E8CC7DD009D7055 /* CoreFoundation.framework */ = {isa = PBXFileReference; lastKnownFileType = wrapper.framework; name = CoreFoundation.framework; path = /System/Library/Frameworks/CoreFoundation.framework; sourceTree = "<absolute>"; };
		E45BE9770E8CC7DD009D7055 /* CoreServices.framework */ = {isa = PBXFileReference; lastKnownFileType = wrapper.framework; name = CoreServices.framework; path = /System/Library/Frameworks/CoreServices.framework; sourceTree = "<absolute>"; };
		E45BE9790E8CC7DD009D7055 /* OpenGL.framework */ = {isa = PBXFileReference; lastKnownFileType = wrapper.framework; name = OpenGL.framework; path = /System/Library/Frameworks/OpenGL.framework; sourceTree = "<absolute>"; };
		E45BE97A0E8CC7DD009D7055 /* QuickTime.framework */ = {isa = PBXFileReference; lastKnownFileType = wrapper.framework; name = QuickTime.framework; path = /System/Library/Frameworks/QuickTime.framework; sourceTree = "<absolute>"; };
		E4B69B5B0A3A1756003C02F2 /* example-shaderDebug.app */ = {isa = PBXFileReference; explicitFileType = wrapper.application; includeInIndex = 0; path = "example-shaderDebug.app"; sourceTree = BUILT_PRODUCTS_DIR; };
		E4B69E1D0A3A1BDC003C02F2 /* main.cpp */ = {isa = PBXFileReference; fileEncoding = 30; lastKnownFileType = sourcecode.cpp.cpp; name = main.cpp; path = src/main.cpp; sourceTree = SOURCE_ROOT; };
		E4B69E1E0A3A1BDC003C02F2 /* testApp.cpp */ = {isa = PBXFileReference; explicitFileType = sourcecode.cpp.cpp; fileEncoding = 4; name = testApp.cpp; path = src/testApp.cpp; sourceTree = SOURCE_ROOT; };
		E4B69E1F0A3A1BDC003C02F2 /* testApp.h */ = {isa = PBXFileReference; fileEncoding = 30; lastKnownFileType = sourcecode.c.h; name = testApp.h; path = src/testApp.h; sourceTree = SOURCE_ROOT; };
		E4B6FCAD0C3E899E008CF71C /* openFrameworks-Info.plist */ = {isa = PBXFileReference; fileEncoding = 30; lastKnownFileType = text.plist.xml; path = "openFrameworks-Info.plist"; sourceTree = "<group>"; };
		E4C2424410CC5A17004149E2 /* AppKit.framework */ = {isa = PBXFileReference; lastKnownFileType = wrapper.framework; name = AppKit.framework; path = /System/Library/Frameworks/AppKit.framework; sourceTree = "<absolute>"; };
		E4C2424510CC5A17004149E2 /* Cocoa.framework */ = {isa = PBXFileReference; lastKnownFileType = wrapper.framework; name = Cocoa.framework; path = /System/Library/Frameworks/Cocoa.framework; sourceTree = "<absolute>"; };
		E4C2424610CC5A17004149E2 /* IOKit.framework */ = {isa = PBXFileReference; lastKnownFileType = wrapper.framework; name = IOKit.framework; path = /System/Library/Frameworks/IOKit.framework; sourceTree = "<absolute>"; };
		E4EB691F138AFCF100A09F29 /* CoreOF.xcconfig */ = {isa = PBXFileReference; fileEncoding = 4; lastKnownFileType = text.xcconfig; name = CoreOF.xcconfig; path = ../../../libs/openFrameworksCompiled/project/osx/CoreOF.xcconfig; sourceTree = SOURCE_ROOT; };
		E4EB6923138AFD0F00A09F29 /* Project.xcconfig */ = {isa = PBXFileReference; fileEncoding = 4; lastKnownFileType = text.xcconfig; path = Project.xcconfig; sourceTree = "<group>"; };
		E7AAC509191B5B2A001FC8BE /* Drawable.h */ = {isa = PBXFileReference; fileEncoding = 4; lastKnownFileType = sourcecode.c.h; path = Drawable.h; sourceTree = "<group>"; };
		E7AAC50A191B5B2A001FC8BE /* DrawContext.h */ = {isa = PBXFileReference; fileEncoding = 4; lastKnownFileType = sourcecode.c.h; path = DrawContext.h; sourceTree = "<group>"; };
		E7AAC50B191B5B2A001FC8BE /* Foundation.h */ = {isa = PBXFileReference; fileEncoding = 4; lastKnownFileType = sourcecode.c.h; path = Foundation.h; sourceTree = "<group>"; };
		E7AAC50C191B5B2A001FC8BE /* GLCamera.h */ = {isa = PBXFileReference; fileEncoding = 4; lastKnownFileType = sourcecode.c.h; path = GLCamera.h; sourceTree = "<group>"; };
		E7AAC50D191B5B2A001FC8BE /* ICurvesDrw.h */ = {isa = PBXFileReference; fileEncoding = 4; lastKnownFileType = sourcecode.c.h; path = ICurvesDrw.h; sourceTree = "<group>"; };
		E7AAC50E191B5B2A001FC8BE /* INuPatchDrw.h */ = {isa = PBXFileReference; fileEncoding = 4; lastKnownFileType = sourcecode.c.h; path = INuPatchDrw.h; sourceTree = "<group>"; };
		E7AAC50F191B5B2A001FC8BE /* IObjectDrw.h */ = {isa = PBXFileReference; fileEncoding = 4; lastKnownFileType = sourcecode.c.h; path = IObjectDrw.h; sourceTree = "<group>"; };
		E7AAC510191B5B2A001FC8BE /* IPointsDrw.h */ = {isa = PBXFileReference; fileEncoding = 4; lastKnownFileType = sourcecode.c.h; path = IPointsDrw.h; sourceTree = "<group>"; };
		E7AAC511191B5B2A001FC8BE /* IPolyMeshDrw.h */ = {isa = PBXFileReference; fileEncoding = 4; lastKnownFileType = sourcecode.c.h; path = IPolyMeshDrw.h; sourceTree = "<group>"; };
		E7AAC512191B5B2A001FC8BE /* ISubDDrw.h */ = {isa = PBXFileReference; fileEncoding = 4; lastKnownFileType = sourcecode.c.h; path = ISubDDrw.h; sourceTree = "<group>"; };
		E7AAC513191B5B2A001FC8BE /* IXformDrw.h */ = {isa = PBXFileReference; fileEncoding = 4; lastKnownFileType = sourcecode.c.h; path = IXformDrw.h; sourceTree = "<group>"; };
		E7AAC514191B5B2A001FC8BE /* MeshDrwHelper.h */ = {isa = PBXFileReference; fileEncoding = 4; lastKnownFileType = sourcecode.c.h; path = MeshDrwHelper.h; sourceTree = "<group>"; };
		E7AAC515191B5B2A001FC8BE /* Scene.h */ = {isa = PBXFileReference; fileEncoding = 4; lastKnownFileType = sourcecode.c.h; path = Scene.h; sourceTree = "<group>"; };
		E7AAC516191B5B2A001FC8BE /* SceneWrapper.h */ = {isa = PBXFileReference; fileEncoding = 4; lastKnownFileType = sourcecode.c.h; path = SceneWrapper.h; sourceTree = "<group>"; };
		E7AAC519191B5B2A001FC8BE /* All.h */ = {isa = PBXFileReference; fileEncoding = 4; lastKnownFileType = sourcecode.c.h; path = All.h; sourceTree = "<group>"; };
		E7AAC51A191B5B2A001FC8BE /* ArchiveInfo.h */ = {isa = PBXFileReference; fileEncoding = 4; lastKnownFileType = sourcecode.c.h; path = ArchiveInfo.h; sourceTree = "<group>"; };
		E7AAC51B191B5B2A001FC8BE /* Argument.h */ = {isa = PBXFileReference; fileEncoding = 4; lastKnownFileType = sourcecode.c.h; path = Argument.h; sourceTree = "<group>"; };
		E7AAC51C191B5B2A001FC8BE /* Base.h */ = {isa = PBXFileReference; fileEncoding = 4; lastKnownFileType = sourcecode.c.h; path = Base.h; sourceTree = "<group>"; };
		E7AAC51D191B5B2A001FC8BE /* ErrorHandler.h */ = {isa = PBXFileReference; fileEncoding = 4; lastKnownFileType = sourcecode.c.h; path = ErrorHandler.h; sourceTree = "<group>"; };
		E7AAC51E191B5B2A001FC8BE /* Foundation.h */ = {isa = PBXFileReference; fileEncoding = 4; lastKnownFileType = sourcecode.c.h; path = Foundation.h; sourceTree = "<group>"; };
		E7AAC51F191B5B2A001FC8BE /* IArchive.h */ = {isa = PBXFileReference; fileEncoding = 4; lastKnownFileType = sourcecode.c.h; path = IArchive.h; sourceTree = "<group>"; };
		E7AAC520191B5B2A001FC8BE /* IArrayProperty.h */ = {isa = PBXFileReference; fileEncoding = 4; lastKnownFileType = sourcecode.c.h; path = IArrayProperty.h; sourceTree = "<group>"; };
		E7AAC521191B5B2A001FC8BE /* IBaseProperty.h */ = {isa = PBXFileReference; fileEncoding = 4; lastKnownFileType = sourcecode.c.h; path = IBaseProperty.h; sourceTree = "<group>"; };
		E7AAC522191B5B2A001FC8BE /* ICompoundProperty.h */ = {isa = PBXFileReference; fileEncoding = 4; lastKnownFileType = sourcecode.c.h; path = ICompoundProperty.h; sourceTree = "<group>"; };
		E7AAC523191B5B2A001FC8BE /* IObject.h */ = {isa = PBXFileReference; fileEncoding = 4; lastKnownFileType = sourcecode.c.h; path = IObject.h; sourceTree = "<group>"; };
		E7AAC524191B5B2A001FC8BE /* ISampleSelector.h */ = {isa = PBXFileReference; fileEncoding = 4; lastKnownFileType = sourcecode.c.h; path = ISampleSelector.h; sourceTree = "<group>"; };
		E7AAC525191B5B2A001FC8BE /* IScalarProperty.h */ = {isa = PBXFileReference; fileEncoding = 4; lastKnownFileType = sourcecode.c.h; path = IScalarProperty.h; sourceTree = "<group>"; };
		E7AAC526191B5B2A001FC8BE /* ISchema.h */ = {isa = PBXFileReference; fileEncoding = 4; lastKnownFileType = sourcecode.c.h; path = ISchema.h; sourceTree = "<group>"; };
		E7AAC527191B5B2A001FC8BE /* ISchemaObject.h */ = {isa = PBXFileReference; fileEncoding = 4; lastKnownFileType = sourcecode.c.h; path = ISchemaObject.h; sourceTree = "<group>"; };
		E7AAC528191B5B2A001FC8BE /* ITypedArrayProperty.h */ = {isa = PBXFileReference; fileEncoding = 4; lastKnownFileType = sourcecode.c.h; path = ITypedArrayProperty.h; sourceTree = "<group>"; };
		E7AAC529191B5B2A001FC8BE /* ITypedScalarProperty.h */ = {isa = PBXFileReference; fileEncoding = 4; lastKnownFileType = sourcecode.c.h; path = ITypedScalarProperty.h; sourceTree = "<group>"; };
		E7AAC52A191B5B2A001FC8BE /* OArchive.h */ = {isa = PBXFileReference; fileEncoding = 4; lastKnownFileType = sourcecode.c.h; path = OArchive.h; sourceTree = "<group>"; };
		E7AAC52B191B5B2A001FC8BE /* OArrayProperty.h */ = {isa = PBXFileReference; fileEncoding = 4; lastKnownFileType = sourcecode.c.h; path = OArrayProperty.h; sourceTree = "<group>"; };
		E7AAC52C191B5B2A001FC8BE /* OBaseProperty.h */ = {isa = PBXFileReference; fileEncoding = 4; lastKnownFileType = sourcecode.c.h; path = OBaseProperty.h; sourceTree = "<group>"; };
		E7AAC52D191B5B2A001FC8BE /* OCompoundProperty.h */ = {isa = PBXFileReference; fileEncoding = 4; lastKnownFileType = sourcecode.c.h; path = OCompoundProperty.h; sourceTree = "<group>"; };
		E7AAC52E191B5B2A001FC8BE /* OObject.h */ = {isa = PBXFileReference; fileEncoding = 4; lastKnownFileType = sourcecode.c.h; path = OObject.h; sourceTree = "<group>"; };
		E7AAC52F191B5B2A001FC8BE /* OScalarProperty.h */ = {isa = PBXFileReference; fileEncoding = 4; lastKnownFileType = sourcecode.c.h; path = OScalarProperty.h; sourceTree = "<group>"; };
		E7AAC530191B5B2A001FC8BE /* OSchema.h */ = {isa = PBXFileReference; fileEncoding = 4; lastKnownFileType = sourcecode.c.h; path = OSchema.h; sourceTree = "<group>"; };
		E7AAC531191B5B2A001FC8BE /* OSchemaObject.h */ = {isa = PBXFileReference; fileEncoding = 4; lastKnownFileType = sourcecode.c.h; path = OSchemaObject.h; sourceTree = "<group>"; };
		E7AAC532191B5B2A001FC8BE /* OTypedArrayProperty.h */ = {isa = PBXFileReference; fileEncoding = 4; lastKnownFileType = sourcecode.c.h; path = OTypedArrayProperty.h; sourceTree = "<group>"; };
		E7AAC533191B5B2A001FC8BE /* OTypedScalarProperty.h */ = {isa = PBXFileReference; fileEncoding = 4; lastKnownFileType = sourcecode.c.h; path = OTypedScalarProperty.h; sourceTree = "<group>"; };
		E7AAC534191B5B2A001FC8BE /* Reference.h */ = {isa = PBXFileReference; fileEncoding = 4; lastKnownFileType = sourcecode.c.h; path = Reference.h; sourceTree = "<group>"; };
		E7AAC535191B5B2A001FC8BE /* SourceName.h */ = {isa = PBXFileReference; fileEncoding = 4; lastKnownFileType = sourcecode.c.h; path = SourceName.h; sourceTree = "<group>"; };
		E7AAC536191B5B2A001FC8BE /* TypedArraySample.h */ = {isa = PBXFileReference; fileEncoding = 4; lastKnownFileType = sourcecode.c.h; path = TypedArraySample.h; sourceTree = "<group>"; };
		E7AAC537191B5B2A001FC8BE /* TypedPropertyTraits.h */ = {isa = PBXFileReference; fileEncoding = 4; lastKnownFileType = sourcecode.c.h; path = TypedPropertyTraits.h; sourceTree = "<group>"; };
		E7AAC539191B5B2A001FC8BE /* All.h */ = {isa = PBXFileReference; fileEncoding = 4; lastKnownFileType = sourcecode.c.h; path = All.h; sourceTree = "<group>"; };
		E7AAC53A191B5B2A001FC8BE /* ICollections.h */ = {isa = PBXFileReference; fileEncoding = 4; lastKnownFileType = sourcecode.c.h; path = ICollections.h; sourceTree = "<group>"; };
		E7AAC53B191B5B2A001FC8BE /* OCollections.h */ = {isa = PBXFileReference; fileEncoding = 4; lastKnownFileType = sourcecode.c.h; path = OCollections.h; sourceTree = "<group>"; };
		E7AAC53C191B5B2A001FC8BE /* SchemaInfoDeclarations.h */ = {isa = PBXFileReference; fileEncoding = 4; lastKnownFileType = sourcecode.c.h; path = SchemaInfoDeclarations.h; sourceTree = "<group>"; };
		E7AAC53E191B5B2A001FC8BE /* All.h */ = {isa = PBXFileReference; fileEncoding = 4; lastKnownFileType = sourcecode.c.h; path = All.h; sourceTree = "<group>"; };
		E7AAC53F191B5B2A001FC8BE /* ArchiveReader.h */ = {isa = PBXFileReference; fileEncoding = 4; lastKnownFileType = sourcecode.c.h; path = ArchiveReader.h; sourceTree = "<group>"; };
		E7AAC540191B5B2A001FC8BE /* ArchiveWriter.h */ = {isa = PBXFileReference; fileEncoding = 4; lastKnownFileType = sourcecode.c.h; path = ArchiveWriter.h; sourceTree = "<group>"; };
		E7AAC541191B5B2A001FC8BE /* ArrayPropertyReader.h */ = {isa = PBXFileReference; fileEncoding = 4; lastKnownFileType = sourcecode.c.h; path = ArrayPropertyReader.h; sourceTree = "<group>"; };
		E7AAC542191B5B2A001FC8BE /* ArrayPropertyWriter.h */ = {isa = PBXFileReference; fileEncoding = 4; lastKnownFileType = sourcecode.c.h; path = ArrayPropertyWriter.h; sourceTree = "<group>"; };
		E7AAC543191B5B2A001FC8BE /* ArraySample.h */ = {isa = PBXFileReference; fileEncoding = 4; lastKnownFileType = sourcecode.c.h; path = ArraySample.h; sourceTree = "<group>"; };
		E7AAC544191B5B2A001FC8BE /* ArraySampleKey.h */ = {isa = PBXFileReference; fileEncoding = 4; lastKnownFileType = sourcecode.c.h; path = ArraySampleKey.h; sourceTree = "<group>"; };
		E7AAC545191B5B2A001FC8BE /* BasePropertyReader.h */ = {isa = PBXFileReference; fileEncoding = 4; lastKnownFileType = sourcecode.c.h; path = BasePropertyReader.h; sourceTree = "<group>"; };
		E7AAC546191B5B2A001FC8BE /* BasePropertyWriter.h */ = {isa = PBXFileReference; fileEncoding = 4; lastKnownFileType = sourcecode.c.h; path = BasePropertyWriter.h; sourceTree = "<group>"; };
		E7AAC547191B5B2A001FC8BE /* CompoundPropertyReader.h */ = {isa = PBXFileReference; fileEncoding = 4; lastKnownFileType = sourcecode.c.h; path = CompoundPropertyReader.h; sourceTree = "<group>"; };
		E7AAC548191B5B2A001FC8BE /* CompoundPropertyWriter.h */ = {isa = PBXFileReference; fileEncoding = 4; lastKnownFileType = sourcecode.c.h; path = CompoundPropertyWriter.h; sourceTree = "<group>"; };
		E7AAC549191B5B2A001FC8BE /* DataType.h */ = {isa = PBXFileReference; fileEncoding = 4; lastKnownFileType = sourcecode.c.h; path = DataType.h; sourceTree = "<group>"; };
		E7AAC54A191B5B2A001FC8BE /* ForwardDeclarations.h */ = {isa = PBXFileReference; fileEncoding = 4; lastKnownFileType = sourcecode.c.h; path = ForwardDeclarations.h; sourceTree = "<group>"; };
		E7AAC54B191B5B2A001FC8BE /* Foundation.h */ = {isa = PBXFileReference; fileEncoding = 4; lastKnownFileType = sourcecode.c.h; path = Foundation.h; sourceTree = "<group>"; };
		E7AAC54C191B5B2A001FC8BE /* MetaData.h */ = {isa = PBXFileReference; fileEncoding = 4; lastKnownFileType = sourcecode.c.h; path = MetaData.h; sourceTree = "<group>"; };
		E7AAC54D191B5B2A001FC8BE /* ObjectHeader.h */ = {isa = PBXFileReference; fileEncoding = 4; lastKnownFileType = sourcecode.c.h; path = ObjectHeader.h; sourceTree = "<group>"; };
		E7AAC54E191B5B2A001FC8BE /* ObjectReader.h */ = {isa = PBXFileReference; fileEncoding = 4; lastKnownFileType = sourcecode.c.h; path = ObjectReader.h; sourceTree = "<group>"; };
		E7AAC54F191B5B2A001FC8BE /* ObjectWriter.h */ = {isa = PBXFileReference; fileEncoding = 4; lastKnownFileType = sourcecode.c.h; path = ObjectWriter.h; sourceTree = "<group>"; };
		E7AAC550191B5B2A001FC8BE /* PropertyHeader.h */ = {isa = PBXFileReference; fileEncoding = 4; lastKnownFileType = sourcecode.c.h; path = PropertyHeader.h; sourceTree = "<group>"; };
		E7AAC551191B5B2A001FC8BE /* ReadArraySampleCache.h */ = {isa = PBXFileReference; fileEncoding = 4; lastKnownFileType = sourcecode.c.h; path = ReadArraySampleCache.h; sourceTree = "<group>"; };
		E7AAC552191B5B2A001FC8BE /* ScalarPropertyReader.h */ = {isa = PBXFileReference; fileEncoding = 4; lastKnownFileType = sourcecode.c.h; path = ScalarPropertyReader.h; sourceTree = "<group>"; };
		E7AAC553191B5B2A001FC8BE /* ScalarPropertyWriter.h */ = {isa = PBXFileReference; fileEncoding = 4; lastKnownFileType = sourcecode.c.h; path = ScalarPropertyWriter.h; sourceTree = "<group>"; };
		E7AAC554191B5B2A001FC8BE /* ScalarSample.h */ = {isa = PBXFileReference; fileEncoding = 4; lastKnownFileType = sourcecode.c.h; path = ScalarSample.h; sourceTree = "<group>"; };
		E7AAC555191B5B2A001FC8BE /* TimeSampling.h */ = {isa = PBXFileReference; fileEncoding = 4; lastKnownFileType = sourcecode.c.h; path = TimeSampling.h; sourceTree = "<group>"; };
		E7AAC556191B5B2A001FC8BE /* TimeSamplingType.h */ = {isa = PBXFileReference; fileEncoding = 4; lastKnownFileType = sourcecode.c.h; path = TimeSamplingType.h; sourceTree = "<group>"; };
		E7AAC558191B5B2A001FC8BE /* All.h */ = {isa = PBXFileReference; fileEncoding = 4; lastKnownFileType = sourcecode.c.h; path = All.h; sourceTree = "<group>"; };
		E7AAC559191B5B2A001FC8BE /* IFactory.h */ = {isa = PBXFileReference; fileEncoding = 4; lastKnownFileType = sourcecode.c.h; path = IFactory.h; sourceTree = "<group>"; };
		E7AAC55B191B5B2A001FC8BE /* All.h */ = {isa = PBXFileReference; fileEncoding = 4; lastKnownFileType = sourcecode.c.h; path = All.h; sourceTree = "<group>"; };
		E7AAC55C191B5B2A001FC8BE /* ReadWrite.h */ = {isa = PBXFileReference; fileEncoding = 4; lastKnownFileType = sourcecode.c.h; path = ReadWrite.h; sourceTree = "<group>"; };
		E7AAC55E191B5B2A001FC8BE /* All.h */ = {isa = PBXFileReference; fileEncoding = 4; lastKnownFileType = sourcecode.c.h; path = All.h; sourceTree = "<group>"; };
		E7AAC55F191B5B2A001FC8BE /* ReadWrite.h */ = {isa = PBXFileReference; fileEncoding = 4; lastKnownFileType = sourcecode.c.h; path = ReadWrite.h; sourceTree = "<group>"; };
		E7AAC561191B5B2A001FC8BE /* All.h */ = {isa = PBXFileReference; fileEncoding = 4; lastKnownFileType = sourcecode.c.h; path = All.h; sourceTree = "<group>"; };
		E7AAC562191B5B2A001FC8BE /* ArchiveBounds.h */ = {isa = PBXFileReference; fileEncoding = 4; lastKnownFileType = sourcecode.c.h; path = ArchiveBounds.h; sourceTree = "<group>"; };
		E7AAC563191B5B2A001FC8BE /* Basis.h */ = {isa = PBXFileReference; fileEncoding = 4; lastKnownFileType = sourcecode.c.h; path = Basis.h; sourceTree = "<group>"; };
		E7AAC564191B5B2A001FC8BE /* CameraSample.h */ = {isa = PBXFileReference; fileEncoding = 4; lastKnownFileType = sourcecode.c.h; path = CameraSample.h; sourceTree = "<group>"; };
		E7AAC565191B5B2A001FC8BE /* CurveType.h */ = {isa = PBXFileReference; fileEncoding = 4; lastKnownFileType = sourcecode.c.h; path = CurveType.h; sourceTree = "<group>"; };
		E7AAC566191B5B2A001FC8BE /* FaceSetExclusivity.h */ = {isa = PBXFileReference; fileEncoding = 4; lastKnownFileType = sourcecode.c.h; path = FaceSetExclusivity.h; sourceTree = "<group>"; };
		E7AAC567191B5B2A001FC8BE /* FilmBackXformOp.h */ = {isa = PBXFileReference; fileEncoding = 4; lastKnownFileType = sourcecode.c.h; path = FilmBackXformOp.h; sourceTree = "<group>"; };
		E7AAC568191B5B2A001FC8BE /* Foundation.h */ = {isa = PBXFileReference; fileEncoding = 4; lastKnownFileType = sourcecode.c.h; path = Foundation.h; sourceTree = "<group>"; };
		E7AAC569191B5B2A001FC8BE /* GeometryScope.h */ = {isa = PBXFileReference; fileEncoding = 4; lastKnownFileType = sourcecode.c.h; path = GeometryScope.h; sourceTree = "<group>"; };
		E7AAC56A191B5B2A001FC8BE /* ICamera.h */ = {isa = PBXFileReference; fileEncoding = 4; lastKnownFileType = sourcecode.c.h; path = ICamera.h; sourceTree = "<group>"; };
		E7AAC56B191B5B2A001FC8BE /* ICurves.h */ = {isa = PBXFileReference; fileEncoding = 4; lastKnownFileType = sourcecode.c.h; path = ICurves.h; sourceTree = "<group>"; };
		E7AAC56C191B5B2A001FC8BE /* IFaceSet.h */ = {isa = PBXFileReference; fileEncoding = 4; lastKnownFileType = sourcecode.c.h; path = IFaceSet.h; sourceTree = "<group>"; };
		E7AAC56D191B5B2A001FC8BE /* IGeomBase.h */ = {isa = PBXFileReference; fileEncoding = 4; lastKnownFileType = sourcecode.c.h; path = IGeomBase.h; sourceTree = "<group>"; };
		E7AAC56E191B5B2A001FC8BE /* IGeomParam.h */ = {isa = PBXFileReference; fileEncoding = 4; lastKnownFileType = sourcecode.c.h; path = IGeomParam.h; sourceTree = "<group>"; };
		E7AAC56F191B5B2A001FC8BE /* ILight.h */ = {isa = PBXFileReference; fileEncoding = 4; lastKnownFileType = sourcecode.c.h; path = ILight.h; sourceTree = "<group>"; };
		E7AAC570191B5B2A001FC8BE /* INuPatch.h */ = {isa = PBXFileReference; fileEncoding = 4; lastKnownFileType = sourcecode.c.h; path = INuPatch.h; sourceTree = "<group>"; };
		E7AAC571191B5B2A001FC8BE /* IPoints.h */ = {isa = PBXFileReference; fileEncoding = 4; lastKnownFileType = sourcecode.c.h; path = IPoints.h; sourceTree = "<group>"; };
		E7AAC572191B5B2A001FC8BE /* IPolyMesh.h */ = {isa = PBXFileReference; fileEncoding = 4; lastKnownFileType = sourcecode.c.h; path = IPolyMesh.h; sourceTree = "<group>"; };
		E7AAC573191B5B2A001FC8BE /* ISubD.h */ = {isa = PBXFileReference; fileEncoding = 4; lastKnownFileType = sourcecode.c.h; path = ISubD.h; sourceTree = "<group>"; };
		E7AAC574191B5B2A001FC8BE /* IXform.h */ = {isa = PBXFileReference; fileEncoding = 4; lastKnownFileType = sourcecode.c.h; path = IXform.h; sourceTree = "<group>"; };
		E7AAC575191B5B2A001FC8BE /* OCamera.h */ = {isa = PBXFileReference; fileEncoding = 4; lastKnownFileType = sourcecode.c.h; path = OCamera.h; sourceTree = "<group>"; };
		E7AAC576191B5B2A001FC8BE /* OCurves.h */ = {isa = PBXFileReference; fileEncoding = 4; lastKnownFileType = sourcecode.c.h; path = OCurves.h; sourceTree = "<group>"; };
		E7AAC577191B5B2A001FC8BE /* OFaceSet.h */ = {isa = PBXFileReference; fileEncoding = 4; lastKnownFileType = sourcecode.c.h; path = OFaceSet.h; sourceTree = "<group>"; };
		E7AAC578191B5B2A001FC8BE /* OGeomBase.h */ = {isa = PBXFileReference; fileEncoding = 4; lastKnownFileType = sourcecode.c.h; path = OGeomBase.h; sourceTree = "<group>"; };
		E7AAC579191B5B2A001FC8BE /* OGeomParam.h */ = {isa = PBXFileReference; fileEncoding = 4; lastKnownFileType = sourcecode.c.h; path = OGeomParam.h; sourceTree = "<group>"; };
		E7AAC57A191B5B2A001FC8BE /* OLight.h */ = {isa = PBXFileReference; fileEncoding = 4; lastKnownFileType = sourcecode.c.h; path = OLight.h; sourceTree = "<group>"; };
		E7AAC57B191B5B2A001FC8BE /* ONuPatch.h */ = {isa = PBXFileReference; fileEncoding = 4; lastKnownFileType = sourcecode.c.h; path = ONuPatch.h; sourceTree = "<group>"; };
		E7AAC57C191B5B2A001FC8BE /* OPoints.h */ = {isa = PBXFileReference; fileEncoding = 4; lastKnownFileType = sourcecode.c.h; path = OPoints.h; sourceTree = "<group>"; };
		E7AAC57D191B5B2A001FC8BE /* OPolyMesh.h */ = {isa = PBXFileReference; fileEncoding = 4; lastKnownFileType = sourcecode.c.h; path = OPolyMesh.h; sourceTree = "<group>"; };
		E7AAC57E191B5B2A001FC8BE /* OSubD.h */ = {isa = PBXFileReference; fileEncoding = 4; lastKnownFileType = sourcecode.c.h; path = OSubD.h; sourceTree = "<group>"; };
		E7AAC57F191B5B2A001FC8BE /* OXform.h */ = {isa = PBXFileReference; fileEncoding = 4; lastKnownFileType = sourcecode.c.h; path = OXform.h; sourceTree = "<group>"; };
		E7AAC580191B5B2A001FC8BE /* SchemaInfoDeclarations.h */ = {isa = PBXFileReference; fileEncoding = 4; lastKnownFileType = sourcecode.c.h; path = SchemaInfoDeclarations.h; sourceTree = "<group>"; };
		E7AAC581191B5B2A001FC8BE /* Visibility.h */ = {isa = PBXFileReference; fileEncoding = 4; lastKnownFileType = sourcecode.c.h; path = Visibility.h; sourceTree = "<group>"; };
		E7AAC582191B5B2A001FC8BE /* XformOp.h */ = {isa = PBXFileReference; fileEncoding = 4; lastKnownFileType = sourcecode.c.h; path = XformOp.h; sourceTree = "<group>"; };
		E7AAC583191B5B2A001FC8BE /* XformSample.h */ = {isa = PBXFileReference; fileEncoding = 4; lastKnownFileType = sourcecode.c.h; path = XformSample.h; sourceTree = "<group>"; };
		E7AAC585191B5B2A001FC8BE /* IMaterial.h */ = {isa = PBXFileReference; fileEncoding = 4; lastKnownFileType = sourcecode.c.h; path = IMaterial.h; sourceTree = "<group>"; };
		E7AAC586191B5B2A001FC8BE /* MaterialAssignment.h */ = {isa = PBXFileReference; fileEncoding = 4; lastKnownFileType = sourcecode.c.h; path = MaterialAssignment.h; sourceTree = "<group>"; };
		E7AAC587191B5B2A001FC8BE /* MaterialFlatten.h */ = {isa = PBXFileReference; fileEncoding = 4; lastKnownFileType = sourcecode.c.h; path = MaterialFlatten.h; sourceTree = "<group>"; };
		E7AAC588191B5B2A001FC8BE /* OMaterial.h */ = {isa = PBXFileReference; fileEncoding = 4; lastKnownFileType = sourcecode.c.h; path = OMaterial.h; sourceTree = "<group>"; };
		E7AAC589191B5B2A001FC8BE /* SchemaInfoDeclarations.h */ = {isa = PBXFileReference; fileEncoding = 4; lastKnownFileType = sourcecode.c.h; path = SchemaInfoDeclarations.h; sourceTree = "<group>"; };
		E7AAC58B191B5B2A001FC8BE /* Foundation.h */ = {isa = PBXFileReference; fileEncoding = 4; lastKnownFileType = sourcecode.c.h; path = Foundation.h; sourceTree = "<group>"; };
		E7AAC58C191B5B2A001FC8BE /* IArchive.h */ = {isa = PBXFileReference; fileEncoding = 4; lastKnownFileType = sourcecode.c.h; path = IArchive.h; sourceTree = "<group>"; };
		E7AAC58D191B5B2A001FC8BE /* IData.h */ = {isa = PBXFileReference; fileEncoding = 4; lastKnownFileType = sourcecode.c.h; path = IData.h; sourceTree = "<group>"; };
		E7AAC58E191B5B2A001FC8BE /* IGroup.h */ = {isa = PBXFileReference; fileEncoding = 4; lastKnownFileType = sourcecode.c.h; path = IGroup.h; sourceTree = "<group>"; };
		E7AAC58F191B5B2A001FC8BE /* IStreams.h */ = {isa = PBXFileReference; fileEncoding = 4; lastKnownFileType = sourcecode.c.h; path = IStreams.h; sourceTree = "<group>"; };
		E7AAC590191B5B2A001FC8BE /* OArchive.h */ = {isa = PBXFileReference; fileEncoding = 4; lastKnownFileType = sourcecode.c.h; path = OArchive.h; sourceTree = "<group>"; };
		E7AAC591191B5B2A001FC8BE /* OData.h */ = {isa = PBXFileReference; fileEncoding = 4; lastKnownFileType = sourcecode.c.h; path = OData.h; sourceTree = "<group>"; };
		E7AAC592191B5B2A001FC8BE /* OGroup.h */ = {isa = PBXFileReference; fileEncoding = 4; lastKnownFileType = sourcecode.c.h; path = OGroup.h; sourceTree = "<group>"; };
		E7AAC593191B5B2A001FC8BE /* OStream.h */ = {isa = PBXFileReference; fileEncoding = 4; lastKnownFileType = sourcecode.c.h; path = OStream.h; sourceTree = "<group>"; };
		E7AAC595191B5B2A001FC8BE /* All.h */ = {isa = PBXFileReference; fileEncoding = 4; lastKnownFileType = sourcecode.c.h; path = All.h; sourceTree = "<group>"; };
		E7AAC596191B5B2A001FC8BE /* Digest.h */ = {isa = PBXFileReference; fileEncoding = 4; lastKnownFileType = sourcecode.c.h; path = Digest.h; sourceTree = "<group>"; };
		E7AAC597191B5B2A001FC8BE /* Dimensions.h */ = {isa = PBXFileReference; fileEncoding = 4; lastKnownFileType = sourcecode.c.h; path = Dimensions.h; sourceTree = "<group>"; };
		E7AAC598191B5B2A001FC8BE /* Exception.h */ = {isa = PBXFileReference; fileEncoding = 4; lastKnownFileType = sourcecode.c.h; path = Exception.h; sourceTree = "<group>"; };
		E7AAC599191B5B2A001FC8BE /* Foundation.h */ = {isa = PBXFileReference; fileEncoding = 4; lastKnownFileType = sourcecode.c.h; path = Foundation.h; sourceTree = "<group>"; };
		E7AAC59A191B5B2A001FC8BE /* Murmur3.h */ = {isa = PBXFileReference; fileEncoding = 4; lastKnownFileType = sourcecode.c.h; path = Murmur3.h; sourceTree = "<group>"; };
		E7AAC59B191B5B2A001FC8BE /* Naming.h */ = {isa = PBXFileReference; fileEncoding = 4; lastKnownFileType = sourcecode.c.h; path = Naming.h; sourceTree = "<group>"; };
		E7AAC59C191B5B2A001FC8BE /* OperatorBool.h */ = {isa = PBXFileReference; fileEncoding = 4; lastKnownFileType = sourcecode.c.h; path = OperatorBool.h; sourceTree = "<group>"; };
		E7AAC59D191B5B2A001FC8BE /* PlainOldDataType.h */ = {isa = PBXFileReference; fileEncoding = 4; lastKnownFileType = sourcecode.c.h; path = PlainOldDataType.h; sourceTree = "<group>"; };
		E7AAC59E191B5B2A001FC8BE /* SpookyV2.h */ = {isa = PBXFileReference; fileEncoding = 4; lastKnownFileType = sourcecode.c.h; path = SpookyV2.h; sourceTree = "<group>"; };
		E7AAC59F191B5B2A001FC8BE /* TokenMap.h */ = {isa = PBXFileReference; fileEncoding = 4; lastKnownFileType = sourcecode.c.h; path = TokenMap.h; sourceTree = "<group>"; };
		E7AAC5A0191B5B2A001FC8BE /* H5ACpublic.h */ = {isa = PBXFileReference; fileEncoding = 4; lastKnownFileType = sourcecode.c.h; path = H5ACpublic.h; sourceTree = "<group>"; };
		E7AAC5A1191B5B2A001FC8BE /* H5api_adpt.h */ = {isa = PBXFileReference; fileEncoding = 4; lastKnownFileType = sourcecode.c.h; path = H5api_adpt.h; sourceTree = "<group>"; };
		E7AAC5A2191B5B2A001FC8BE /* H5Apublic.h */ = {isa = PBXFileReference; fileEncoding = 4; lastKnownFileType = sourcecode.c.h; path = H5Apublic.h; sourceTree = "<group>"; };
		E7AAC5A3191B5B2A001FC8BE /* H5Cpublic.h */ = {isa = PBXFileReference; fileEncoding = 4; lastKnownFileType = sourcecode.c.h; path = H5Cpublic.h; sourceTree = "<group>"; };
		E7AAC5A4191B5B2A001FC8BE /* H5DOpublic.h */ = {isa = PBXFileReference; fileEncoding = 4; lastKnownFileType = sourcecode.c.h; path = H5DOpublic.h; sourceTree = "<group>"; };
		E7AAC5A5191B5B2A001FC8BE /* H5Dpublic.h */ = {isa = PBXFileReference; fileEncoding = 4; lastKnownFileType = sourcecode.c.h; path = H5Dpublic.h; sourceTree = "<group>"; };
		E7AAC5A6191B5B2A001FC8BE /* H5DSpublic.h */ = {isa = PBXFileReference; fileEncoding = 4; lastKnownFileType = sourcecode.c.h; path = H5DSpublic.h; sourceTree = "<group>"; };
		E7AAC5A7191B5B2A001FC8BE /* H5Epubgen.h */ = {isa = PBXFileReference; fileEncoding = 4; lastKnownFileType = sourcecode.c.h; path = H5Epubgen.h; sourceTree = "<group>"; };
		E7AAC5A8191B5B2A001FC8BE /* H5Epublic.h */ = {isa = PBXFileReference; fileEncoding = 4; lastKnownFileType = sourcecode.c.h; path = H5Epublic.h; sourceTree = "<group>"; };
		E7AAC5A9191B5B2A001FC8BE /* H5FDcore.h */ = {isa = PBXFileReference; fileEncoding = 4; lastKnownFileType = sourcecode.c.h; path = H5FDcore.h; sourceTree = "<group>"; };
		E7AAC5AA191B5B2A001FC8BE /* H5FDdirect.h */ = {isa = PBXFileReference; fileEncoding = 4; lastKnownFileType = sourcecode.c.h; path = H5FDdirect.h; sourceTree = "<group>"; };
		E7AAC5AB191B5B2A001FC8BE /* H5FDfamily.h */ = {isa = PBXFileReference; fileEncoding = 4; lastKnownFileType = sourcecode.c.h; path = H5FDfamily.h; sourceTree = "<group>"; };
		E7AAC5AC191B5B2A001FC8BE /* H5FDlog.h */ = {isa = PBXFileReference; fileEncoding = 4; lastKnownFileType = sourcecode.c.h; path = H5FDlog.h; sourceTree = "<group>"; };
		E7AAC5AD191B5B2A001FC8BE /* H5FDmpi.h */ = {isa = PBXFileReference; fileEncoding = 4; lastKnownFileType = sourcecode.c.h; path = H5FDmpi.h; sourceTree = "<group>"; };
		E7AAC5AE191B5B2A001FC8BE /* H5FDmpio.h */ = {isa = PBXFileReference; fileEncoding = 4; lastKnownFileType = sourcecode.c.h; path = H5FDmpio.h; sourceTree = "<group>"; };
		E7AAC5AF191B5B2A001FC8BE /* H5FDmpiposix.h */ = {isa = PBXFileReference; fileEncoding = 4; lastKnownFileType = sourcecode.c.h; path = H5FDmpiposix.h; sourceTree = "<group>"; };
		E7AAC5B0191B5B2A001FC8BE /* H5FDmulti.h */ = {isa = PBXFileReference; fileEncoding = 4; lastKnownFileType = sourcecode.c.h; path = H5FDmulti.h; sourceTree = "<group>"; };
		E7AAC5B1191B5B2A001FC8BE /* H5FDpublic.h */ = {isa = PBXFileReference; fileEncoding = 4; lastKnownFileType = sourcecode.c.h; path = H5FDpublic.h; sourceTree = "<group>"; };
		E7AAC5B2191B5B2A001FC8BE /* H5FDsec2.h */ = {isa = PBXFileReference; fileEncoding = 4; lastKnownFileType = sourcecode.c.h; path = H5FDsec2.h; sourceTree = "<group>"; };
		E7AAC5B3191B5B2A001FC8BE /* H5FDstdio.h */ = {isa = PBXFileReference; fileEncoding = 4; lastKnownFileType = sourcecode.c.h; path = H5FDstdio.h; sourceTree = "<group>"; };
		E7AAC5B4191B5B2A001FC8BE /* H5Fpublic.h */ = {isa = PBXFileReference; fileEncoding = 4; lastKnownFileType = sourcecode.c.h; path = H5Fpublic.h; sourceTree = "<group>"; };
		E7AAC5B5191B5B2A001FC8BE /* H5Gpublic.h */ = {isa = PBXFileReference; fileEncoding = 4; lastKnownFileType = sourcecode.c.h; path = H5Gpublic.h; sourceTree = "<group>"; };
		E7AAC5B6191B5B2A001FC8BE /* H5IMpublic.h */ = {isa = PBXFileReference; fileEncoding = 4; lastKnownFileType = sourcecode.c.h; path = H5IMpublic.h; sourceTree = "<group>"; };
		E7AAC5B7191B5B2A001FC8BE /* H5Ipublic.h */ = {isa = PBXFileReference; fileEncoding = 4; lastKnownFileType = sourcecode.c.h; path = H5Ipublic.h; sourceTree = "<group>"; };
		E7AAC5B8191B5B2A001FC8BE /* H5Lpublic.h */ = {isa = PBXFileReference; fileEncoding = 4; lastKnownFileType = sourcecode.c.h; path = H5Lpublic.h; sourceTree = "<group>"; };
		E7AAC5B9191B5B2A001FC8BE /* H5LTpublic.h */ = {isa = PBXFileReference; fileEncoding = 4; lastKnownFileType = sourcecode.c.h; path = H5LTpublic.h; sourceTree = "<group>"; };
		E7AAC5BA191B5B2A001FC8BE /* H5MMpublic.h */ = {isa = PBXFileReference; fileEncoding = 4; lastKnownFileType = sourcecode.c.h; path = H5MMpublic.h; sourceTree = "<group>"; };
		E7AAC5BB191B5B2A001FC8BE /* H5Opublic.h */ = {isa = PBXFileReference; fileEncoding = 4; lastKnownFileType = sourcecode.c.h; path = H5Opublic.h; sourceTree = "<group>"; };
		E7AAC5BC191B5B2A001FC8BE /* H5overflow.h */ = {isa = PBXFileReference; fileEncoding = 4; lastKnownFileType = sourcecode.c.h; path = H5overflow.h; sourceTree = "<group>"; };
		E7AAC5BD191B5B2A001FC8BE /* H5PLextern.h */ = {isa = PBXFileReference; fileEncoding = 4; lastKnownFileType = sourcecode.c.h; path = H5PLextern.h; sourceTree = "<group>"; };
		E7AAC5BE191B5B2A001FC8BE /* H5Ppublic.h */ = {isa = PBXFileReference; fileEncoding = 4; lastKnownFileType = sourcecode.c.h; path = H5Ppublic.h; sourceTree = "<group>"; };
		E7AAC5BF191B5B2A001FC8BE /* H5PTpublic.h */ = {isa = PBXFileReference; fileEncoding = 4; lastKnownFileType = sourcecode.c.h; path = H5PTpublic.h; sourceTree = "<group>"; };
		E7AAC5C0191B5B2A001FC8BE /* H5pubconf.h */ = {isa = PBXFileReference; fileEncoding = 4; lastKnownFileType = sourcecode.c.h; path = H5pubconf.h; sourceTree = "<group>"; };
		E7AAC5C1191B5B2A001FC8BE /* H5public.h */ = {isa = PBXFileReference; fileEncoding = 4; lastKnownFileType = sourcecode.c.h; path = H5public.h; sourceTree = "<group>"; };
		E7AAC5C2191B5B2A001FC8BE /* H5Rpublic.h */ = {isa = PBXFileReference; fileEncoding = 4; lastKnownFileType = sourcecode.c.h; path = H5Rpublic.h; sourceTree = "<group>"; };
		E7AAC5C3191B5B2A001FC8BE /* H5Spublic.h */ = {isa = PBXFileReference; fileEncoding = 4; lastKnownFileType = sourcecode.c.h; path = H5Spublic.h; sourceTree = "<group>"; };
		E7AAC5C4191B5B2A001FC8BE /* H5TBpublic.h */ = {isa = PBXFileReference; fileEncoding = 4; lastKnownFileType = sourcecode.c.h; path = H5TBpublic.h; sourceTree = "<group>"; };
		E7AAC5C5191B5B2A001FC8BE /* H5Tpublic.h */ = {isa = PBXFileReference; fileEncoding = 4; lastKnownFileType = sourcecode.c.h; path = H5Tpublic.h; sourceTree = "<group>"; };
		E7AAC5C6191B5B2A001FC8BE /* H5version.h */ = {isa = PBXFileReference; fileEncoding = 4; lastKnownFileType = sourcecode.c.h; path = H5version.h; sourceTree = "<group>"; };
		E7AAC5C7191B5B2A001FC8BE /* H5Zpublic.h */ = {isa = PBXFileReference; fileEncoding = 4; lastKnownFileType = sourcecode.c.h; path = H5Zpublic.h; sourceTree = "<group>"; };
		E7AAC5C8191B5B2A001FC8BE /* hdf5.h */ = {isa = PBXFileReference; fileEncoding = 4; lastKnownFileType = sourcecode.c.h; path = hdf5.h; sourceTree = "<group>"; };
		E7AAC5C9191B5B2A001FC8BE /* hdf5_hl.h */ = {isa = PBXFileReference; fileEncoding = 4; lastKnownFileType = sourcecode.c.h; path = hdf5_hl.h; sourceTree = "<group>"; };
		E7AAC5CB191B5B2A001FC8BE /* half.h */ = {isa = PBXFileReference; fileEncoding = 4; lastKnownFileType = sourcecode.c.h; path = half.h; sourceTree = "<group>"; };
		E7AAC5CC191B5B2A001FC8BE /* halfExport.h */ = {isa = PBXFileReference; fileEncoding = 4; lastKnownFileType = sourcecode.c.h; path = halfExport.h; sourceTree = "<group>"; };
		E7AAC5CD191B5B2A001FC8BE /* halfFunction.h */ = {isa = PBXFileReference; fileEncoding = 4; lastKnownFileType = sourcecode.c.h; path = halfFunction.h; sourceTree = "<group>"; };
		E7AAC5CE191B5B2A001FC8BE /* halfLimits.h */ = {isa = PBXFileReference; fileEncoding = 4; lastKnownFileType = sourcecode.c.h; path = halfLimits.h; sourceTree = "<group>"; };
		E7AAC5CF191B5B2A001FC8BE /* Iex.h */ = {isa = PBXFileReference; fileEncoding = 4; lastKnownFileType = sourcecode.c.h; path = Iex.h; sourceTree = "<group>"; };
		E7AAC5D0191B5B2A001FC8BE /* IexBaseExc.h */ = {isa = PBXFileReference; fileEncoding = 4; lastKnownFileType = sourcecode.c.h; path = IexBaseExc.h; sourceTree = "<group>"; };
		E7AAC5D1191B5B2A001FC8BE /* IexErrnoExc.h */ = {isa = PBXFileReference; fileEncoding = 4; lastKnownFileType = sourcecode.c.h; path = IexErrnoExc.h; sourceTree = "<group>"; };
		E7AAC5D2191B5B2A001FC8BE /* IexExport.h */ = {isa = PBXFileReference; fileEncoding = 4; lastKnownFileType = sourcecode.c.h; path = IexExport.h; sourceTree = "<group>"; };
		E7AAC5D3191B5B2A001FC8BE /* IexForward.h */ = {isa = PBXFileReference; fileEncoding = 4; lastKnownFileType = sourcecode.c.h; path = IexForward.h; sourceTree = "<group>"; };
		E7AAC5D4191B5B2A001FC8BE /* IexMacros.h */ = {isa = PBXFileReference; fileEncoding = 4; lastKnownFileType = sourcecode.c.h; path = IexMacros.h; sourceTree = "<group>"; };
		E7AAC5D5191B5B2A001FC8BE /* IexMathExc.h */ = {isa = PBXFileReference; fileEncoding = 4; lastKnownFileType = sourcecode.c.h; path = IexMathExc.h; sourceTree = "<group>"; };
		E7AAC5D6191B5B2A001FC8BE /* IexMathFloatExc.h */ = {isa = PBXFileReference; fileEncoding = 4; lastKnownFileType = sourcecode.c.h; path = IexMathFloatExc.h; sourceTree = "<group>"; };
		E7AAC5D7191B5B2A001FC8BE /* IexMathFpu.h */ = {isa = PBXFileReference; fileEncoding = 4; lastKnownFileType = sourcecode.c.h; path = IexMathFpu.h; sourceTree = "<group>"; };
		E7AAC5D8191B5B2A001FC8BE /* IexMathIeeeExc.h */ = {isa = PBXFileReference; fileEncoding = 4; lastKnownFileType = sourcecode.c.h; path = IexMathIeeeExc.h; sourceTree = "<group>"; };
		E7AAC5D9191B5B2A001FC8BE /* IexNamespace.h */ = {isa = PBXFileReference; fileEncoding = 4; lastKnownFileType = sourcecode.c.h; path = IexNamespace.h; sourceTree = "<group>"; };
		E7AAC5DA191B5B2A001FC8BE /* IexThrowErrnoExc.h */ = {isa = PBXFileReference; fileEncoding = 4; lastKnownFileType = sourcecode.c.h; path = IexThrowErrnoExc.h; sourceTree = "<group>"; };
		E7AAC5DB191B5B2A001FC8BE /* IlmBaseConfig.h */ = {isa = PBXFileReference; fileEncoding = 4; lastKnownFileType = sourcecode.c.h; path = IlmBaseConfig.h; sourceTree = "<group>"; };
		E7AAC5DC191B5B2A001FC8BE /* IlmThread.h */ = {isa = PBXFileReference; fileEncoding = 4; lastKnownFileType = sourcecode.c.h; path = IlmThread.h; sourceTree = "<group>"; };
		E7AAC5DD191B5B2A001FC8BE /* IlmThreadExport.h */ = {isa = PBXFileReference; fileEncoding = 4; lastKnownFileType = sourcecode.c.h; path = IlmThreadExport.h; sourceTree = "<group>"; };
		E7AAC5DE191B5B2A001FC8BE /* IlmThreadForward.h */ = {isa = PBXFileReference; fileEncoding = 4; lastKnownFileType = sourcecode.c.h; path = IlmThreadForward.h; sourceTree = "<group>"; };
		E7AAC5DF191B5B2A001FC8BE /* IlmThreadMutex.h */ = {isa = PBXFileReference; fileEncoding = 4; lastKnownFileType = sourcecode.c.h; path = IlmThreadMutex.h; sourceTree = "<group>"; };
		E7AAC5E0191B5B2A001FC8BE /* IlmThreadNamespace.h */ = {isa = PBXFileReference; fileEncoding = 4; lastKnownFileType = sourcecode.c.h; path = IlmThreadNamespace.h; sourceTree = "<group>"; };
		E7AAC5E1191B5B2A001FC8BE /* IlmThreadPool.h */ = {isa = PBXFileReference; fileEncoding = 4; lastKnownFileType = sourcecode.c.h; path = IlmThreadPool.h; sourceTree = "<group>"; };
		E7AAC5E2191B5B2A001FC8BE /* IlmThreadSemaphore.h */ = {isa = PBXFileReference; fileEncoding = 4; lastKnownFileType = sourcecode.c.h; path = IlmThreadSemaphore.h; sourceTree = "<group>"; };
		E7AAC5E3191B5B2A001FC8BE /* ImathBox.h */ = {isa = PBXFileReference; fileEncoding = 4; lastKnownFileType = sourcecode.c.h; path = ImathBox.h; sourceTree = "<group>"; };
		E7AAC5E4191B5B2A001FC8BE /* ImathBoxAlgo.h */ = {isa = PBXFileReference; fileEncoding = 4; lastKnownFileType = sourcecode.c.h; path = ImathBoxAlgo.h; sourceTree = "<group>"; };
		E7AAC5E5191B5B2A001FC8BE /* ImathColor.h */ = {isa = PBXFileReference; fileEncoding = 4; lastKnownFileType = sourcecode.c.h; path = ImathColor.h; sourceTree = "<group>"; };
		E7AAC5E6191B5B2A001FC8BE /* ImathColorAlgo.h */ = {isa = PBXFileReference; fileEncoding = 4; lastKnownFileType = sourcecode.c.h; path = ImathColorAlgo.h; sourceTree = "<group>"; };
		E7AAC5E7191B5B2A001FC8BE /* ImathEuler.h */ = {isa = PBXFileReference; fileEncoding = 4; lastKnownFileType = sourcecode.c.h; path = ImathEuler.h; sourceTree = "<group>"; };
		E7AAC5E8191B5B2A001FC8BE /* ImathExc.h */ = {isa = PBXFileReference; fileEncoding = 4; lastKnownFileType = sourcecode.c.h; path = ImathExc.h; sourceTree = "<group>"; };
		E7AAC5E9191B5B2A001FC8BE /* ImathExport.h */ = {isa = PBXFileReference; fileEncoding = 4; lastKnownFileType = sourcecode.c.h; path = ImathExport.h; sourceTree = "<group>"; };
		E7AAC5EA191B5B2A001FC8BE /* ImathForward.h */ = {isa = PBXFileReference; fileEncoding = 4; lastKnownFileType = sourcecode.c.h; path = ImathForward.h; sourceTree = "<group>"; };
		E7AAC5EB191B5B2A001FC8BE /* ImathFrame.h */ = {isa = PBXFileReference; fileEncoding = 4; lastKnownFileType = sourcecode.c.h; path = ImathFrame.h; sourceTree = "<group>"; };
		E7AAC5EC191B5B2A001FC8BE /* ImathFrustum.h */ = {isa = PBXFileReference; fileEncoding = 4; lastKnownFileType = sourcecode.c.h; path = ImathFrustum.h; sourceTree = "<group>"; };
		E7AAC5ED191B5B2A001FC8BE /* ImathFrustumTest.h */ = {isa = PBXFileReference; fileEncoding = 4; lastKnownFileType = sourcecode.c.h; path = ImathFrustumTest.h; sourceTree = "<group>"; };
		E7AAC5EE191B5B2A001FC8BE /* ImathFun.h */ = {isa = PBXFileReference; fileEncoding = 4; lastKnownFileType = sourcecode.c.h; path = ImathFun.h; sourceTree = "<group>"; };
		E7AAC5EF191B5B2A001FC8BE /* ImathGL.h */ = {isa = PBXFileReference; fileEncoding = 4; lastKnownFileType = sourcecode.c.h; path = ImathGL.h; sourceTree = "<group>"; };
		E7AAC5F0191B5B2A001FC8BE /* ImathGLU.h */ = {isa = PBXFileReference; fileEncoding = 4; lastKnownFileType = sourcecode.c.h; path = ImathGLU.h; sourceTree = "<group>"; };
		E7AAC5F1191B5B2A001FC8BE /* ImathHalfLimits.h */ = {isa = PBXFileReference; fileEncoding = 4; lastKnownFileType = sourcecode.c.h; path = ImathHalfLimits.h; sourceTree = "<group>"; };
		E7AAC5F2191B5B2A001FC8BE /* ImathInt64.h */ = {isa = PBXFileReference; fileEncoding = 4; lastKnownFileType = sourcecode.c.h; path = ImathInt64.h; sourceTree = "<group>"; };
		E7AAC5F3191B5B2A001FC8BE /* ImathInterval.h */ = {isa = PBXFileReference; fileEncoding = 4; lastKnownFileType = sourcecode.c.h; path = ImathInterval.h; sourceTree = "<group>"; };
		E7AAC5F4191B5B2A001FC8BE /* ImathLimits.h */ = {isa = PBXFileReference; fileEncoding = 4; lastKnownFileType = sourcecode.c.h; path = ImathLimits.h; sourceTree = "<group>"; };
		E7AAC5F5191B5B2A001FC8BE /* ImathLine.h */ = {isa = PBXFileReference; fileEncoding = 4; lastKnownFileType = sourcecode.c.h; path = ImathLine.h; sourceTree = "<group>"; };
		E7AAC5F6191B5B2A001FC8BE /* ImathLineAlgo.h */ = {isa = PBXFileReference; fileEncoding = 4; lastKnownFileType = sourcecode.c.h; path = ImathLineAlgo.h; sourceTree = "<group>"; };
		E7AAC5F7191B5B2A001FC8BE /* ImathMath.h */ = {isa = PBXFileReference; fileEncoding = 4; lastKnownFileType = sourcecode.c.h; path = ImathMath.h; sourceTree = "<group>"; };
		E7AAC5F8191B5B2A001FC8BE /* ImathMatrix.h */ = {isa = PBXFileReference; fileEncoding = 4; lastKnownFileType = sourcecode.c.h; path = ImathMatrix.h; sourceTree = "<group>"; };
		E7AAC5F9191B5B2A001FC8BE /* ImathMatrixAlgo.h */ = {isa = PBXFileReference; fileEncoding = 4; lastKnownFileType = sourcecode.c.h; path = ImathMatrixAlgo.h; sourceTree = "<group>"; };
		E7AAC5FA191B5B2A001FC8BE /* ImathNamespace.h */ = {isa = PBXFileReference; fileEncoding = 4; lastKnownFileType = sourcecode.c.h; path = ImathNamespace.h; sourceTree = "<group>"; };
		E7AAC5FB191B5B2A001FC8BE /* ImathPlane.h */ = {isa = PBXFileReference; fileEncoding = 4; lastKnownFileType = sourcecode.c.h; path = ImathPlane.h; sourceTree = "<group>"; };
		E7AAC5FC191B5B2A001FC8BE /* ImathPlatform.h */ = {isa = PBXFileReference; fileEncoding = 4; lastKnownFileType = sourcecode.c.h; path = ImathPlatform.h; sourceTree = "<group>"; };
		E7AAC5FD191B5B2A001FC8BE /* ImathQuat.h */ = {isa = PBXFileReference; fileEncoding = 4; lastKnownFileType = sourcecode.c.h; path = ImathQuat.h; sourceTree = "<group>"; };
		E7AAC5FE191B5B2A001FC8BE /* ImathRandom.h */ = {isa = PBXFileReference; fileEncoding = 4; lastKnownFileType = sourcecode.c.h; path = ImathRandom.h; sourceTree = "<group>"; };
		E7AAC5FF191B5B2A001FC8BE /* ImathRoots.h */ = {isa = PBXFileReference; fileEncoding = 4; lastKnownFileType = sourcecode.c.h; path = ImathRoots.h; sourceTree = "<group>"; };
		E7AAC600191B5B2A001FC8BE /* ImathShear.h */ = {isa = PBXFileReference; fileEncoding = 4; lastKnownFileType = sourcecode.c.h; path = ImathShear.h; sourceTree = "<group>"; };
		E7AAC601191B5B2A001FC8BE /* ImathSphere.h */ = {isa = PBXFileReference; fileEncoding = 4; lastKnownFileType = sourcecode.c.h; path = ImathSphere.h; sourceTree = "<group>"; };
		E7AAC602191B5B2A001FC8BE /* ImathVec.h */ = {isa = PBXFileReference; fileEncoding = 4; lastKnownFileType = sourcecode.c.h; path = ImathVec.h; sourceTree = "<group>"; };
		E7AAC603191B5B2A001FC8BE /* ImathVecAlgo.h */ = {isa = PBXFileReference; fileEncoding = 4; lastKnownFileType = sourcecode.c.h; path = ImathVecAlgo.h; sourceTree = "<group>"; };
		E7AAC604191B5B2A001FC8BE /* ricehdf.h */ = {isa = PBXFileReference; fileEncoding = 4; lastKnownFileType = sourcecode.c.h; path = ricehdf.h; sourceTree = "<group>"; };
		E7AAC605191B5B2A001FC8BE /* szip_adpt.h */ = {isa = PBXFileReference; fileEncoding = 4; lastKnownFileType = sourcecode.c.h; path = szip_adpt.h; sourceTree = "<group>"; };
		E7AAC606191B5B2A001FC8BE /* szlib.h */ = {isa = PBXFileReference; fileEncoding = 4; lastKnownFileType = sourcecode.c.h; path = szlib.h; sourceTree = "<group>"; };
		E7AAC609191B5B2A001FC8BE /* libAlembicAbc.a */ = {isa = PBXFileReference; lastKnownFileType = archive.ar; path = libAlembicAbc.a; sourceTree = "<group>"; };
		E7AAC60A191B5B2A001FC8BE /* libAlembicAbcCollection.a */ = {isa = PBXFileReference; lastKnownFileType = archive.ar; path = libAlembicAbcCollection.a; sourceTree = "<group>"; };
		E7AAC60B191B5B2A001FC8BE /* libAlembicAbcCoreAbstract.a */ = {isa = PBXFileReference; lastKnownFileType = archive.ar; path = libAlembicAbcCoreAbstract.a; sourceTree = "<group>"; };
		E7AAC60C191B5B2A001FC8BE /* libAlembicAbcCoreFactory.a */ = {isa = PBXFileReference; lastKnownFileType = archive.ar; path = libAlembicAbcCoreFactory.a; sourceTree = "<group>"; };
		E7AAC60D191B5B2A001FC8BE /* libAlembicAbcCoreHDF5.a */ = {isa = PBXFileReference; lastKnownFileType = archive.ar; path = libAlembicAbcCoreHDF5.a; sourceTree = "<group>"; };
		E7AAC60E191B5B2A001FC8BE /* libAlembicAbcCoreOgawa.a */ = {isa = PBXFileReference; lastKnownFileType = archive.ar; path = libAlembicAbcCoreOgawa.a; sourceTree = "<group>"; };
		E7AAC60F191B5B2A001FC8BE /* libAlembicAbcGeom.a */ = {isa = PBXFileReference; lastKnownFileType = archive.ar; path = libAlembicAbcGeom.a; sourceTree = "<group>"; };
		E7AAC610191B5B2A001FC8BE /* libAlembicAbcMaterial.a */ = {isa = PBXFileReference; lastKnownFileType = archive.ar; path = libAlembicAbcMaterial.a; sourceTree = "<group>"; };
		E7AAC611191B5B2A001FC8BE /* libAlembicAbcOpenGL.a */ = {isa = PBXFileReference; lastKnownFileType = archive.ar; path = libAlembicAbcOpenGL.a; sourceTree = "<group>"; };
		E7AAC612191B5B2A001FC8BE /* libAlembicOgawa.a */ = {isa = PBXFileReference; lastKnownFileType = archive.ar; path = libAlembicOgawa.a; sourceTree = "<group>"; };
		E7AAC613191B5B2A001FC8BE /* libAlembicUtil.a */ = {isa = PBXFileReference; lastKnownFileType = archive.ar; path = libAlembicUtil.a; sourceTree = "<group>"; };
		E7AAC614191B5B2A001FC8BE /* libHalf.a */ = {isa = PBXFileReference; lastKnownFileType = archive.ar; path = libHalf.a; sourceTree = "<group>"; };
		E7AAC615191B5B2A001FC8BE /* libhdf5.a */ = {isa = PBXFileReference; lastKnownFileType = archive.ar; path = libhdf5.a; sourceTree = "<group>"; };
		E7AAC616191B5B2A001FC8BE /* libhdf5_hl.a */ = {isa = PBXFileReference; lastKnownFileType = archive.ar; path = libhdf5_hl.a; sourceTree = "<group>"; };
		E7AAC617191B5B2A001FC8BE /* libIex.a */ = {isa = PBXFileReference; lastKnownFileType = archive.ar; path = libIex.a; sourceTree = "<group>"; };
		E7AAC618191B5B2A001FC8BE /* libIexMath.a */ = {isa = PBXFileReference; lastKnownFileType = archive.ar; path = libIexMath.a; sourceTree = "<group>"; };
		E7AAC619191B5B2A001FC8BE /* libIlmThread.a */ = {isa = PBXFileReference; lastKnownFileType = archive.ar; path = libIlmThread.a; sourceTree = "<group>"; };
		E7AAC61A191B5B2A001FC8BE /* libImath.a */ = {isa = PBXFileReference; lastKnownFileType = archive.ar; path = libImath.a; sourceTree = "<group>"; };
		E7AAC61B191B5B2A001FC8BE /* alembic-LICENSE.txt */ = {isa = PBXFileReference; fileEncoding = 4; lastKnownFileType = text; path = "alembic-LICENSE.txt"; sourceTree = "<group>"; };
		E7AAC61C191B5B2A001FC8BE /* HDF5-COPYING.txt */ = {isa = PBXFileReference; fileEncoding = 4; lastKnownFileType = text; path = "HDF5-COPYING.txt"; sourceTree = "<group>"; };
		E7AAC61D191B5B2A001FC8BE /* OpenEXR-LICENSE.txt */ = {isa = PBXFileReference; fileEncoding = 4; lastKnownFileType = text; path = "OpenEXR-LICENSE.txt"; sourceTree = "<group>"; };
		E7AAC61F191B5B2A001FC8BE /* ofxAlembic.h */ = {isa = PBXFileReference; fileEncoding = 4; lastKnownFileType = sourcecode.c.h; path = ofxAlembic.h; sourceTree = "<group>"; };
		E7AAC620191B5B2A001FC8BE /* ofxAlembicReader.cpp */ = {isa = PBXFileReference; fileEncoding = 4; lastKnownFileType = sourcecode.cpp.cpp; path = ofxAlembicReader.cpp; sourceTree = "<group>"; };
		E7AAC621191B5B2A001FC8BE /* ofxAlembicReader.h */ = {isa = PBXFileReference; fileEncoding = 4; lastKnownFileType = sourcecode.c.h; path = ofxAlembicReader.h; sourceTree = "<group>"; };
		E7AAC622191B5B2A001FC8BE /* ofxAlembicType.cpp */ = {isa = PBXFileReference; fileEncoding = 4; lastKnownFileType = sourcecode.cpp.cpp; path = ofxAlembicType.cpp; sourceTree = "<group>"; };
		E7AAC623191B5B2A001FC8BE /* ofxAlembicType.h */ = {isa = PBXFileReference; fileEncoding = 4; lastKnownFileType = sourcecode.c.h; path = ofxAlembicType.h; sourceTree = "<group>"; };
		E7AAC624191B5B2A001FC8BE /* ofxAlembicUtil.cpp */ = {isa = PBXFileReference; fileEncoding = 4; lastKnownFileType = sourcecode.cpp.cpp; path = ofxAlembicUtil.cpp; sourceTree = "<group>"; };
		E7AAC625191B5B2A001FC8BE /* ofxAlembicUtil.h */ = {isa = PBXFileReference; fileEncoding = 4; lastKnownFileType = sourcecode.c.h; path = ofxAlembicUtil.h; sourceTree = "<group>"; };
		E7AAC626191B5B2A001FC8BE /* ofxAlembicWriter.cpp */ = {isa = PBXFileReference; fileEncoding = 4; lastKnownFileType = sourcecode.cpp.cpp; path = ofxAlembicWriter.cpp; sourceTree = "<group>"; };
		E7AAC627191B5B2A001FC8BE /* ofxAlembicWriter.h */ = {isa = PBXFileReference; fileEncoding = 4; lastKnownFileType = sourcecode.c.h; path = ofxAlembicWriter.h; sourceTree = "<group>"; };
		E7E077E415D3B63C0020DFD4 /* CoreVideo.framework */ = {isa = PBXFileReference; lastKnownFileType = wrapper.framework; name = CoreVideo.framework; path = /System/Library/Frameworks/CoreVideo.framework; sourceTree = "<absolute>"; };
		E7E077E715D3B6510020DFD4 /* QTKit.framework */ = {isa = PBXFileReference; lastKnownFileType = wrapper.framework; name = QTKit.framework; path = /System/Library/Frameworks/QTKit.framework; sourceTree = "<absolute>"; };
		E7F985F515E0DE99003869B5 /* Accelerate.framework */ = {isa = PBXFileReference; lastKnownFileType = wrapper.framework; name = Accelerate.framework; path = /System/Library/Frameworks/Accelerate.framework; sourceTree = "<absolute>"; };
/* End PBXFileReference section */

/* Begin PBXFrameworksBuildPhase section */
		E4B69B590A3A1756003C02F2 /* Frameworks */ = {
			isa = PBXFrameworksBuildPhase;
			buildActionMask = 2147483647;
			files = (
				E7F985F815E0DEA3003869B5 /* Accelerate.framework in Frameworks */,
				E7AAC639191B5B2B001FC8BE /* libImath.a in Frameworks */,
				E7E077E815D3B6510020DFD4 /* QTKit.framework in Frameworks */,
				E4EB6799138ADC1D00A09F29 /* GLUT.framework in Frameworks */,
				E7AAC635191B5B2B001FC8BE /* libhdf5_hl.a in Frameworks */,
				E4328149138ABC9F0047C5CB /* openFrameworksDebug.a in Frameworks */,
				E7AAC62B191B5B2B001FC8BE /* libAlembicAbcCoreFactory.a in Frameworks */,
				E45BE97B0E8CC7DD009D7055 /* AGL.framework in Frameworks */,
				E45BE97C0E8CC7DD009D7055 /* ApplicationServices.framework in Frameworks */,
				E7AAC628191B5B2A001FC8BE /* libAlembicAbc.a in Frameworks */,
				E45BE97D0E8CC7DD009D7055 /* AudioToolbox.framework in Frameworks */,
				E7AAC638191B5B2B001FC8BE /* libIlmThread.a in Frameworks */,
				E45BE97E0E8CC7DD009D7055 /* Carbon.framework in Frameworks */,
				E7AAC62C191B5B2B001FC8BE /* libAlembicAbcCoreHDF5.a in Frameworks */,
				E45BE97F0E8CC7DD009D7055 /* CoreAudio.framework in Frameworks */,
				E45BE9800E8CC7DD009D7055 /* CoreFoundation.framework in Frameworks */,
				E7AAC632191B5B2B001FC8BE /* libAlembicUtil.a in Frameworks */,
				E45BE9810E8CC7DD009D7055 /* CoreServices.framework in Frameworks */,
				E7AAC633191B5B2B001FC8BE /* libHalf.a in Frameworks */,
				E45BE9830E8CC7DD009D7055 /* OpenGL.framework in Frameworks */,
				E45BE9840E8CC7DD009D7055 /* QuickTime.framework in Frameworks */,
				E4C2424710CC5A17004149E2 /* AppKit.framework in Frameworks */,
				E7AAC636191B5B2B001FC8BE /* libIex.a in Frameworks */,
				E7AAC629191B5B2B001FC8BE /* libAlembicAbcCollection.a in Frameworks */,
				E4C2424810CC5A17004149E2 /* Cocoa.framework in Frameworks */,
				E7AAC62A191B5B2B001FC8BE /* libAlembicAbcCoreAbstract.a in Frameworks */,
				E7AAC62E191B5B2B001FC8BE /* libAlembicAbcGeom.a in Frameworks */,
				E7AAC637191B5B2B001FC8BE /* libIexMath.a in Frameworks */,
				E7AAC630191B5B2B001FC8BE /* libAlembicAbcOpenGL.a in Frameworks */,
				E7AAC62D191B5B2B001FC8BE /* libAlembicAbcCoreOgawa.a in Frameworks */,
				E7AAC62F191B5B2B001FC8BE /* libAlembicAbcMaterial.a in Frameworks */,
				E7AAC634191B5B2B001FC8BE /* libhdf5.a in Frameworks */,
				E4C2424910CC5A17004149E2 /* IOKit.framework in Frameworks */,
				E7AAC631191B5B2B001FC8BE /* libAlembicOgawa.a in Frameworks */,
				E7E077E515D3B63C0020DFD4 /* CoreVideo.framework in Frameworks */,
			);
			runOnlyForDeploymentPostprocessing = 0;
		};
/* End PBXFrameworksBuildPhase section */

/* Begin PBXGroup section */
		6031A4ED171A456700798320 /* ofxAlembic */ = {
			isa = PBXGroup;
			children = (
				E7AAC505191B5B2A001FC8BE /* libs */,
				E7AAC61E191B5B2A001FC8BE /* src */,
			);
			name = ofxAlembic;
			sourceTree = "<group>";
		};
		BB4B014C10F69532006C3DED /* addons */ = {
			isa = PBXGroup;
			children = (
				6031A4ED171A456700798320 /* ofxAlembic */,
			);
			name = addons;
			sourceTree = "<group>";
		};
		BBAB23C913894ECA00AA2426 /* system frameworks */ = {
			isa = PBXGroup;
			children = (
				E7F985F515E0DE99003869B5 /* Accelerate.framework */,
				E4C2424410CC5A17004149E2 /* AppKit.framework */,
				E4C2424510CC5A17004149E2 /* Cocoa.framework */,
				E4C2424610CC5A17004149E2 /* IOKit.framework */,
				E45BE9710E8CC7DD009D7055 /* AGL.framework */,
				E45BE9720E8CC7DD009D7055 /* ApplicationServices.framework */,
				E45BE9730E8CC7DD009D7055 /* AudioToolbox.framework */,
				E45BE9740E8CC7DD009D7055 /* Carbon.framework */,
				E45BE9750E8CC7DD009D7055 /* CoreAudio.framework */,
				E45BE9760E8CC7DD009D7055 /* CoreFoundation.framework */,
				E45BE9770E8CC7DD009D7055 /* CoreServices.framework */,
				E45BE9790E8CC7DD009D7055 /* OpenGL.framework */,
				E45BE97A0E8CC7DD009D7055 /* QuickTime.framework */,
				E7E077E415D3B63C0020DFD4 /* CoreVideo.framework */,
				E7E077E715D3B6510020DFD4 /* QTKit.framework */,
			);
			name = "system frameworks";
			sourceTree = "<group>";
		};
		BBAB23CA13894EDB00AA2426 /* 3rd party frameworks */ = {
			isa = PBXGroup;
			children = (
				BBAB23BE13894E4700AA2426 /* GLUT.framework */,
			);
			name = "3rd party frameworks";
			sourceTree = "<group>";
		};
		E4328144138ABC890047C5CB /* Products */ = {
			isa = PBXGroup;
			children = (
				E4328148138ABC890047C5CB /* openFrameworksDebug.a */,
			);
			name = Products;
			sourceTree = "<group>";
		};
		E45BE5980E8CC70C009D7055 /* frameworks */ = {
			isa = PBXGroup;
			children = (
				BBAB23CA13894EDB00AA2426 /* 3rd party frameworks */,
				BBAB23C913894ECA00AA2426 /* system frameworks */,
			);
			name = frameworks;
			sourceTree = "<group>";
		};
		E4B69B4A0A3A1720003C02F2 = {
			isa = PBXGroup;
			children = (
				E4B6FCAD0C3E899E008CF71C /* openFrameworks-Info.plist */,
				E4EB6923138AFD0F00A09F29 /* Project.xcconfig */,
				E4B69E1C0A3A1BDC003C02F2 /* src */,
				E4EEC9E9138DF44700A80321 /* openFrameworks */,
				BB4B014C10F69532006C3DED /* addons */,
				E45BE5980E8CC70C009D7055 /* frameworks */,
				E4B69B5B0A3A1756003C02F2 /* example-shaderDebug.app */,
			);
			sourceTree = "<group>";
		};
		E4B69E1C0A3A1BDC003C02F2 /* src */ = {
			isa = PBXGroup;
			children = (
				E4B69E1D0A3A1BDC003C02F2 /* main.cpp */,
				E4B69E1E0A3A1BDC003C02F2 /* testApp.cpp */,
				E4B69E1F0A3A1BDC003C02F2 /* testApp.h */,
			);
			path = src;
			sourceTree = SOURCE_ROOT;
		};
		E4EEC9E9138DF44700A80321 /* openFrameworks */ = {
			isa = PBXGroup;
			children = (
				E4EB691F138AFCF100A09F29 /* CoreOF.xcconfig */,
				E4328143138ABC890047C5CB /* openFrameworksLib.xcodeproj */,
			);
			name = openFrameworks;
			sourceTree = "<group>";
		};
		E7AAC505191B5B2A001FC8BE /* libs */ = {
			isa = PBXGroup;
			children = (
				E7AAC506191B5B2A001FC8BE /* alembic */,
				E7AAC61B191B5B2A001FC8BE /* alembic-LICENSE.txt */,
				E7AAC61C191B5B2A001FC8BE /* HDF5-COPYING.txt */,
				E7AAC61D191B5B2A001FC8BE /* OpenEXR-LICENSE.txt */,
			);
			name = libs;
			path = ../libs;
			sourceTree = "<group>";
		};
		E7AAC506191B5B2A001FC8BE /* alembic */ = {
			isa = PBXGroup;
			children = (
				E7AAC507191B5B2A001FC8BE /* include */,
				E7AAC607191B5B2A001FC8BE /* lib */,
			);
			path = alembic;
			sourceTree = "<group>";
		};
		E7AAC507191B5B2A001FC8BE /* include */ = {
			isa = PBXGroup;
			children = (
				E7AAC508191B5B2A001FC8BE /* AbcOpenGL */,
				E7AAC517191B5B2A001FC8BE /* Alembic */,
				E7AAC5A0191B5B2A001FC8BE /* H5ACpublic.h */,
				E7AAC5A1191B5B2A001FC8BE /* H5api_adpt.h */,
				E7AAC5A2191B5B2A001FC8BE /* H5Apublic.h */,
				E7AAC5A3191B5B2A001FC8BE /* H5Cpublic.h */,
				E7AAC5A4191B5B2A001FC8BE /* H5DOpublic.h */,
				E7AAC5A5191B5B2A001FC8BE /* H5Dpublic.h */,
				E7AAC5A6191B5B2A001FC8BE /* H5DSpublic.h */,
				E7AAC5A7191B5B2A001FC8BE /* H5Epubgen.h */,
				E7AAC5A8191B5B2A001FC8BE /* H5Epublic.h */,
				E7AAC5A9191B5B2A001FC8BE /* H5FDcore.h */,
				E7AAC5AA191B5B2A001FC8BE /* H5FDdirect.h */,
				E7AAC5AB191B5B2A001FC8BE /* H5FDfamily.h */,
				E7AAC5AC191B5B2A001FC8BE /* H5FDlog.h */,
				E7AAC5AD191B5B2A001FC8BE /* H5FDmpi.h */,
				E7AAC5AE191B5B2A001FC8BE /* H5FDmpio.h */,
				E7AAC5AF191B5B2A001FC8BE /* H5FDmpiposix.h */,
				E7AAC5B0191B5B2A001FC8BE /* H5FDmulti.h */,
				E7AAC5B1191B5B2A001FC8BE /* H5FDpublic.h */,
				E7AAC5B2191B5B2A001FC8BE /* H5FDsec2.h */,
				E7AAC5B3191B5B2A001FC8BE /* H5FDstdio.h */,
				E7AAC5B4191B5B2A001FC8BE /* H5Fpublic.h */,
				E7AAC5B5191B5B2A001FC8BE /* H5Gpublic.h */,
				E7AAC5B6191B5B2A001FC8BE /* H5IMpublic.h */,
				E7AAC5B7191B5B2A001FC8BE /* H5Ipublic.h */,
				E7AAC5B8191B5B2A001FC8BE /* H5Lpublic.h */,
				E7AAC5B9191B5B2A001FC8BE /* H5LTpublic.h */,
				E7AAC5BA191B5B2A001FC8BE /* H5MMpublic.h */,
				E7AAC5BB191B5B2A001FC8BE /* H5Opublic.h */,
				E7AAC5BC191B5B2A001FC8BE /* H5overflow.h */,
				E7AAC5BD191B5B2A001FC8BE /* H5PLextern.h */,
				E7AAC5BE191B5B2A001FC8BE /* H5Ppublic.h */,
				E7AAC5BF191B5B2A001FC8BE /* H5PTpublic.h */,
				E7AAC5C0191B5B2A001FC8BE /* H5pubconf.h */,
				E7AAC5C1191B5B2A001FC8BE /* H5public.h */,
				E7AAC5C2191B5B2A001FC8BE /* H5Rpublic.h */,
				E7AAC5C3191B5B2A001FC8BE /* H5Spublic.h */,
				E7AAC5C4191B5B2A001FC8BE /* H5TBpublic.h */,
				E7AAC5C5191B5B2A001FC8BE /* H5Tpublic.h */,
				E7AAC5C6191B5B2A001FC8BE /* H5version.h */,
				E7AAC5C7191B5B2A001FC8BE /* H5Zpublic.h */,
				E7AAC5C8191B5B2A001FC8BE /* hdf5.h */,
				E7AAC5C9191B5B2A001FC8BE /* hdf5_hl.h */,
				E7AAC5CA191B5B2A001FC8BE /* OpenEXR */,
				E7AAC604191B5B2A001FC8BE /* ricehdf.h */,
				E7AAC605191B5B2A001FC8BE /* szip_adpt.h */,
				E7AAC606191B5B2A001FC8BE /* szlib.h */,
			);
			path = include;
			sourceTree = "<group>";
		};
		E7AAC508191B5B2A001FC8BE /* AbcOpenGL */ = {
			isa = PBXGroup;
			children = (
				E7AAC509191B5B2A001FC8BE /* Drawable.h */,
				E7AAC50A191B5B2A001FC8BE /* DrawContext.h */,
				E7AAC50B191B5B2A001FC8BE /* Foundation.h */,
				E7AAC50C191B5B2A001FC8BE /* GLCamera.h */,
				E7AAC50D191B5B2A001FC8BE /* ICurvesDrw.h */,
				E7AAC50E191B5B2A001FC8BE /* INuPatchDrw.h */,
				E7AAC50F191B5B2A001FC8BE /* IObjectDrw.h */,
				E7AAC510191B5B2A001FC8BE /* IPointsDrw.h */,
				E7AAC511191B5B2A001FC8BE /* IPolyMeshDrw.h */,
				E7AAC512191B5B2A001FC8BE /* ISubDDrw.h */,
				E7AAC513191B5B2A001FC8BE /* IXformDrw.h */,
				E7AAC514191B5B2A001FC8BE /* MeshDrwHelper.h */,
				E7AAC515191B5B2A001FC8BE /* Scene.h */,
				E7AAC516191B5B2A001FC8BE /* SceneWrapper.h */,
			);
			path = AbcOpenGL;
			sourceTree = "<group>";
		};
		E7AAC517191B5B2A001FC8BE /* Alembic */ = {
			isa = PBXGroup;
			children = (
				E7AAC518191B5B2A001FC8BE /* Abc */,
				E7AAC538191B5B2A001FC8BE /* AbcCollection */,
				E7AAC53D191B5B2A001FC8BE /* AbcCoreAbstract */,
				E7AAC557191B5B2A001FC8BE /* AbcCoreFactory */,
				E7AAC55A191B5B2A001FC8BE /* AbcCoreHDF5 */,
				E7AAC55D191B5B2A001FC8BE /* AbcCoreOgawa */,
				E7AAC560191B5B2A001FC8BE /* AbcGeom */,
				E7AAC584191B5B2A001FC8BE /* AbcMaterial */,
				E7AAC58A191B5B2A001FC8BE /* Ogawa */,
				E7AAC594191B5B2A001FC8BE /* Util */,
			);
			path = Alembic;
			sourceTree = "<group>";
		};
		E7AAC518191B5B2A001FC8BE /* Abc */ = {
			isa = PBXGroup;
			children = (
				E7AAC519191B5B2A001FC8BE /* All.h */,
				E7AAC51A191B5B2A001FC8BE /* ArchiveInfo.h */,
				E7AAC51B191B5B2A001FC8BE /* Argument.h */,
				E7AAC51C191B5B2A001FC8BE /* Base.h */,
				E7AAC51D191B5B2A001FC8BE /* ErrorHandler.h */,
				E7AAC51E191B5B2A001FC8BE /* Foundation.h */,
				E7AAC51F191B5B2A001FC8BE /* IArchive.h */,
				E7AAC520191B5B2A001FC8BE /* IArrayProperty.h */,
				E7AAC521191B5B2A001FC8BE /* IBaseProperty.h */,
				E7AAC522191B5B2A001FC8BE /* ICompoundProperty.h */,
				E7AAC523191B5B2A001FC8BE /* IObject.h */,
				E7AAC524191B5B2A001FC8BE /* ISampleSelector.h */,
				E7AAC525191B5B2A001FC8BE /* IScalarProperty.h */,
				E7AAC526191B5B2A001FC8BE /* ISchema.h */,
				E7AAC527191B5B2A001FC8BE /* ISchemaObject.h */,
				E7AAC528191B5B2A001FC8BE /* ITypedArrayProperty.h */,
				E7AAC529191B5B2A001FC8BE /* ITypedScalarProperty.h */,
				E7AAC52A191B5B2A001FC8BE /* OArchive.h */,
				E7AAC52B191B5B2A001FC8BE /* OArrayProperty.h */,
				E7AAC52C191B5B2A001FC8BE /* OBaseProperty.h */,
				E7AAC52D191B5B2A001FC8BE /* OCompoundProperty.h */,
				E7AAC52E191B5B2A001FC8BE /* OObject.h */,
				E7AAC52F191B5B2A001FC8BE /* OScalarProperty.h */,
				E7AAC530191B5B2A001FC8BE /* OSchema.h */,
				E7AAC531191B5B2A001FC8BE /* OSchemaObject.h */,
				E7AAC532191B5B2A001FC8BE /* OTypedArrayProperty.h */,
				E7AAC533191B5B2A001FC8BE /* OTypedScalarProperty.h */,
				E7AAC534191B5B2A001FC8BE /* Reference.h */,
				E7AAC535191B5B2A001FC8BE /* SourceName.h */,
				E7AAC536191B5B2A001FC8BE /* TypedArraySample.h */,
				E7AAC537191B5B2A001FC8BE /* TypedPropertyTraits.h */,
			);
			path = Abc;
			sourceTree = "<group>";
		};
		E7AAC538191B5B2A001FC8BE /* AbcCollection */ = {
			isa = PBXGroup;
			children = (
				E7AAC539191B5B2A001FC8BE /* All.h */,
				E7AAC53A191B5B2A001FC8BE /* ICollections.h */,
				E7AAC53B191B5B2A001FC8BE /* OCollections.h */,
				E7AAC53C191B5B2A001FC8BE /* SchemaInfoDeclarations.h */,
			);
			path = AbcCollection;
			sourceTree = "<group>";
		};
		E7AAC53D191B5B2A001FC8BE /* AbcCoreAbstract */ = {
			isa = PBXGroup;
			children = (
				E7AAC53E191B5B2A001FC8BE /* All.h */,
				E7AAC53F191B5B2A001FC8BE /* ArchiveReader.h */,
				E7AAC540191B5B2A001FC8BE /* ArchiveWriter.h */,
				E7AAC541191B5B2A001FC8BE /* ArrayPropertyReader.h */,
				E7AAC542191B5B2A001FC8BE /* ArrayPropertyWriter.h */,
				E7AAC543191B5B2A001FC8BE /* ArraySample.h */,
				E7AAC544191B5B2A001FC8BE /* ArraySampleKey.h */,
				E7AAC545191B5B2A001FC8BE /* BasePropertyReader.h */,
				E7AAC546191B5B2A001FC8BE /* BasePropertyWriter.h */,
				E7AAC547191B5B2A001FC8BE /* CompoundPropertyReader.h */,
				E7AAC548191B5B2A001FC8BE /* CompoundPropertyWriter.h */,
				E7AAC549191B5B2A001FC8BE /* DataType.h */,
				E7AAC54A191B5B2A001FC8BE /* ForwardDeclarations.h */,
				E7AAC54B191B5B2A001FC8BE /* Foundation.h */,
				E7AAC54C191B5B2A001FC8BE /* MetaData.h */,
				E7AAC54D191B5B2A001FC8BE /* ObjectHeader.h */,
				E7AAC54E191B5B2A001FC8BE /* ObjectReader.h */,
				E7AAC54F191B5B2A001FC8BE /* ObjectWriter.h */,
				E7AAC550191B5B2A001FC8BE /* PropertyHeader.h */,
				E7AAC551191B5B2A001FC8BE /* ReadArraySampleCache.h */,
				E7AAC552191B5B2A001FC8BE /* ScalarPropertyReader.h */,
				E7AAC553191B5B2A001FC8BE /* ScalarPropertyWriter.h */,
				E7AAC554191B5B2A001FC8BE /* ScalarSample.h */,
				E7AAC555191B5B2A001FC8BE /* TimeSampling.h */,
				E7AAC556191B5B2A001FC8BE /* TimeSamplingType.h */,
			);
			path = AbcCoreAbstract;
			sourceTree = "<group>";
		};
		E7AAC557191B5B2A001FC8BE /* AbcCoreFactory */ = {
			isa = PBXGroup;
			children = (
				E7AAC558191B5B2A001FC8BE /* All.h */,
				E7AAC559191B5B2A001FC8BE /* IFactory.h */,
			);
			path = AbcCoreFactory;
			sourceTree = "<group>";
		};
		E7AAC55A191B5B2A001FC8BE /* AbcCoreHDF5 */ = {
			isa = PBXGroup;
			children = (
				E7AAC55B191B5B2A001FC8BE /* All.h */,
				E7AAC55C191B5B2A001FC8BE /* ReadWrite.h */,
			);
			path = AbcCoreHDF5;
			sourceTree = "<group>";
		};
		E7AAC55D191B5B2A001FC8BE /* AbcCoreOgawa */ = {
			isa = PBXGroup;
			children = (
				E7AAC55E191B5B2A001FC8BE /* All.h */,
				E7AAC55F191B5B2A001FC8BE /* ReadWrite.h */,
			);
			path = AbcCoreOgawa;
			sourceTree = "<group>";
		};
		E7AAC560191B5B2A001FC8BE /* AbcGeom */ = {
			isa = PBXGroup;
			children = (
				E7AAC561191B5B2A001FC8BE /* All.h */,
				E7AAC562191B5B2A001FC8BE /* ArchiveBounds.h */,
				E7AAC563191B5B2A001FC8BE /* Basis.h */,
				E7AAC564191B5B2A001FC8BE /* CameraSample.h */,
				E7AAC565191B5B2A001FC8BE /* CurveType.h */,
				E7AAC566191B5B2A001FC8BE /* FaceSetExclusivity.h */,
				E7AAC567191B5B2A001FC8BE /* FilmBackXformOp.h */,
				E7AAC568191B5B2A001FC8BE /* Foundation.h */,
				E7AAC569191B5B2A001FC8BE /* GeometryScope.h */,
				E7AAC56A191B5B2A001FC8BE /* ICamera.h */,
				E7AAC56B191B5B2A001FC8BE /* ICurves.h */,
				E7AAC56C191B5B2A001FC8BE /* IFaceSet.h */,
				E7AAC56D191B5B2A001FC8BE /* IGeomBase.h */,
				E7AAC56E191B5B2A001FC8BE /* IGeomParam.h */,
				E7AAC56F191B5B2A001FC8BE /* ILight.h */,
				E7AAC570191B5B2A001FC8BE /* INuPatch.h */,
				E7AAC571191B5B2A001FC8BE /* IPoints.h */,
				E7AAC572191B5B2A001FC8BE /* IPolyMesh.h */,
				E7AAC573191B5B2A001FC8BE /* ISubD.h */,
				E7AAC574191B5B2A001FC8BE /* IXform.h */,
				E7AAC575191B5B2A001FC8BE /* OCamera.h */,
				E7AAC576191B5B2A001FC8BE /* OCurves.h */,
				E7AAC577191B5B2A001FC8BE /* OFaceSet.h */,
				E7AAC578191B5B2A001FC8BE /* OGeomBase.h */,
				E7AAC579191B5B2A001FC8BE /* OGeomParam.h */,
				E7AAC57A191B5B2A001FC8BE /* OLight.h */,
				E7AAC57B191B5B2A001FC8BE /* ONuPatch.h */,
				E7AAC57C191B5B2A001FC8BE /* OPoints.h */,
				E7AAC57D191B5B2A001FC8BE /* OPolyMesh.h */,
				E7AAC57E191B5B2A001FC8BE /* OSubD.h */,
				E7AAC57F191B5B2A001FC8BE /* OXform.h */,
				E7AAC580191B5B2A001FC8BE /* SchemaInfoDeclarations.h */,
				E7AAC581191B5B2A001FC8BE /* Visibility.h */,
				E7AAC582191B5B2A001FC8BE /* XformOp.h */,
				E7AAC583191B5B2A001FC8BE /* XformSample.h */,
			);
			path = AbcGeom;
			sourceTree = "<group>";
		};
		E7AAC584191B5B2A001FC8BE /* AbcMaterial */ = {
			isa = PBXGroup;
			children = (
				E7AAC585191B5B2A001FC8BE /* IMaterial.h */,
				E7AAC586191B5B2A001FC8BE /* MaterialAssignment.h */,
				E7AAC587191B5B2A001FC8BE /* MaterialFlatten.h */,
				E7AAC588191B5B2A001FC8BE /* OMaterial.h */,
				E7AAC589191B5B2A001FC8BE /* SchemaInfoDeclarations.h */,
			);
			path = AbcMaterial;
			sourceTree = "<group>";
		};
		E7AAC58A191B5B2A001FC8BE /* Ogawa */ = {
			isa = PBXGroup;
			children = (
				E7AAC58B191B5B2A001FC8BE /* Foundation.h */,
				E7AAC58C191B5B2A001FC8BE /* IArchive.h */,
				E7AAC58D191B5B2A001FC8BE /* IData.h */,
				E7AAC58E191B5B2A001FC8BE /* IGroup.h */,
				E7AAC58F191B5B2A001FC8BE /* IStreams.h */,
				E7AAC590191B5B2A001FC8BE /* OArchive.h */,
				E7AAC591191B5B2A001FC8BE /* OData.h */,
				E7AAC592191B5B2A001FC8BE /* OGroup.h */,
				E7AAC593191B5B2A001FC8BE /* OStream.h */,
			);
			path = Ogawa;
			sourceTree = "<group>";
		};
		E7AAC594191B5B2A001FC8BE /* Util */ = {
			isa = PBXGroup;
			children = (
				E7AAC595191B5B2A001FC8BE /* All.h */,
				E7AAC596191B5B2A001FC8BE /* Digest.h */,
				E7AAC597191B5B2A001FC8BE /* Dimensions.h */,
				E7AAC598191B5B2A001FC8BE /* Exception.h */,
				E7AAC599191B5B2A001FC8BE /* Foundation.h */,
				E7AAC59A191B5B2A001FC8BE /* Murmur3.h */,
				E7AAC59B191B5B2A001FC8BE /* Naming.h */,
				E7AAC59C191B5B2A001FC8BE /* OperatorBool.h */,
				E7AAC59D191B5B2A001FC8BE /* PlainOldDataType.h */,
				E7AAC59E191B5B2A001FC8BE /* SpookyV2.h */,
				E7AAC59F191B5B2A001FC8BE /* TokenMap.h */,
			);
			path = Util;
			sourceTree = "<group>";
		};
		E7AAC5CA191B5B2A001FC8BE /* OpenEXR */ = {
			isa = PBXGroup;
			children = (
				E7AAC5CB191B5B2A001FC8BE /* half.h */,
				E7AAC5CC191B5B2A001FC8BE /* halfExport.h */,
				E7AAC5CD191B5B2A001FC8BE /* halfFunction.h */,
				E7AAC5CE191B5B2A001FC8BE /* halfLimits.h */,
				E7AAC5CF191B5B2A001FC8BE /* Iex.h */,
				E7AAC5D0191B5B2A001FC8BE /* IexBaseExc.h */,
				E7AAC5D1191B5B2A001FC8BE /* IexErrnoExc.h */,
				E7AAC5D2191B5B2A001FC8BE /* IexExport.h */,
				E7AAC5D3191B5B2A001FC8BE /* IexForward.h */,
				E7AAC5D4191B5B2A001FC8BE /* IexMacros.h */,
				E7AAC5D5191B5B2A001FC8BE /* IexMathExc.h */,
				E7AAC5D6191B5B2A001FC8BE /* IexMathFloatExc.h */,
				E7AAC5D7191B5B2A001FC8BE /* IexMathFpu.h */,
				E7AAC5D8191B5B2A001FC8BE /* IexMathIeeeExc.h */,
				E7AAC5D9191B5B2A001FC8BE /* IexNamespace.h */,
				E7AAC5DA191B5B2A001FC8BE /* IexThrowErrnoExc.h */,
				E7AAC5DB191B5B2A001FC8BE /* IlmBaseConfig.h */,
				E7AAC5DC191B5B2A001FC8BE /* IlmThread.h */,
				E7AAC5DD191B5B2A001FC8BE /* IlmThreadExport.h */,
				E7AAC5DE191B5B2A001FC8BE /* IlmThreadForward.h */,
				E7AAC5DF191B5B2A001FC8BE /* IlmThreadMutex.h */,
				E7AAC5E0191B5B2A001FC8BE /* IlmThreadNamespace.h */,
				E7AAC5E1191B5B2A001FC8BE /* IlmThreadPool.h */,
				E7AAC5E2191B5B2A001FC8BE /* IlmThreadSemaphore.h */,
				E7AAC5E3191B5B2A001FC8BE /* ImathBox.h */,
				E7AAC5E4191B5B2A001FC8BE /* ImathBoxAlgo.h */,
				E7AAC5E5191B5B2A001FC8BE /* ImathColor.h */,
				E7AAC5E6191B5B2A001FC8BE /* ImathColorAlgo.h */,
				E7AAC5E7191B5B2A001FC8BE /* ImathEuler.h */,
				E7AAC5E8191B5B2A001FC8BE /* ImathExc.h */,
				E7AAC5E9191B5B2A001FC8BE /* ImathExport.h */,
				E7AAC5EA191B5B2A001FC8BE /* ImathForward.h */,
				E7AAC5EB191B5B2A001FC8BE /* ImathFrame.h */,
				E7AAC5EC191B5B2A001FC8BE /* ImathFrustum.h */,
				E7AAC5ED191B5B2A001FC8BE /* ImathFrustumTest.h */,
				E7AAC5EE191B5B2A001FC8BE /* ImathFun.h */,
				E7AAC5EF191B5B2A001FC8BE /* ImathGL.h */,
				E7AAC5F0191B5B2A001FC8BE /* ImathGLU.h */,
				E7AAC5F1191B5B2A001FC8BE /* ImathHalfLimits.h */,
				E7AAC5F2191B5B2A001FC8BE /* ImathInt64.h */,
				E7AAC5F3191B5B2A001FC8BE /* ImathInterval.h */,
				E7AAC5F4191B5B2A001FC8BE /* ImathLimits.h */,
				E7AAC5F5191B5B2A001FC8BE /* ImathLine.h */,
				E7AAC5F6191B5B2A001FC8BE /* ImathLineAlgo.h */,
				E7AAC5F7191B5B2A001FC8BE /* ImathMath.h */,
				E7AAC5F8191B5B2A001FC8BE /* ImathMatrix.h */,
				E7AAC5F9191B5B2A001FC8BE /* ImathMatrixAlgo.h */,
				E7AAC5FA191B5B2A001FC8BE /* ImathNamespace.h */,
				E7AAC5FB191B5B2A001FC8BE /* ImathPlane.h */,
				E7AAC5FC191B5B2A001FC8BE /* ImathPlatform.h */,
				E7AAC5FD191B5B2A001FC8BE /* ImathQuat.h */,
				E7AAC5FE191B5B2A001FC8BE /* ImathRandom.h */,
				E7AAC5FF191B5B2A001FC8BE /* ImathRoots.h */,
				E7AAC600191B5B2A001FC8BE /* ImathShear.h */,
				E7AAC601191B5B2A001FC8BE /* ImathSphere.h */,
				E7AAC602191B5B2A001FC8BE /* ImathVec.h */,
				E7AAC603191B5B2A001FC8BE /* ImathVecAlgo.h */,
			);
			path = OpenEXR;
			sourceTree = "<group>";
		};
		E7AAC607191B5B2A001FC8BE /* lib */ = {
			isa = PBXGroup;
			children = (
				E7AAC608191B5B2A001FC8BE /* osx */,
			);
			path = lib;
			sourceTree = "<group>";
		};
		E7AAC608191B5B2A001FC8BE /* osx */ = {
			isa = PBXGroup;
			children = (
				E7AAC609191B5B2A001FC8BE /* libAlembicAbc.a */,
				E7AAC60A191B5B2A001FC8BE /* libAlembicAbcCollection.a */,
				E7AAC60B191B5B2A001FC8BE /* libAlembicAbcCoreAbstract.a */,
				E7AAC60C191B5B2A001FC8BE /* libAlembicAbcCoreFactory.a */,
				E7AAC60D191B5B2A001FC8BE /* libAlembicAbcCoreHDF5.a */,
				E7AAC60E191B5B2A001FC8BE /* libAlembicAbcCoreOgawa.a */,
				E7AAC60F191B5B2A001FC8BE /* libAlembicAbcGeom.a */,
				E7AAC610191B5B2A001FC8BE /* libAlembicAbcMaterial.a */,
				E7AAC611191B5B2A001FC8BE /* libAlembicAbcOpenGL.a */,
				E7AAC612191B5B2A001FC8BE /* libAlembicOgawa.a */,
				E7AAC613191B5B2A001FC8BE /* libAlembicUtil.a */,
				E7AAC614191B5B2A001FC8BE /* libHalf.a */,
				E7AAC615191B5B2A001FC8BE /* libhdf5.a */,
				E7AAC616191B5B2A001FC8BE /* libhdf5_hl.a */,
				E7AAC617191B5B2A001FC8BE /* libIex.a */,
				E7AAC618191B5B2A001FC8BE /* libIexMath.a */,
				E7AAC619191B5B2A001FC8BE /* libIlmThread.a */,
				E7AAC61A191B5B2A001FC8BE /* libImath.a */,
			);
			path = osx;
			sourceTree = "<group>";
		};
		E7AAC61E191B5B2A001FC8BE /* src */ = {
			isa = PBXGroup;
			children = (
				E7AAC61F191B5B2A001FC8BE /* ofxAlembic.h */,
				E7AAC620191B5B2A001FC8BE /* ofxAlembicReader.cpp */,
				E7AAC621191B5B2A001FC8BE /* ofxAlembicReader.h */,
				E7AAC622191B5B2A001FC8BE /* ofxAlembicType.cpp */,
				E7AAC623191B5B2A001FC8BE /* ofxAlembicType.h */,
				E7AAC624191B5B2A001FC8BE /* ofxAlembicUtil.cpp */,
				E7AAC625191B5B2A001FC8BE /* ofxAlembicUtil.h */,
				E7AAC626191B5B2A001FC8BE /* ofxAlembicWriter.cpp */,
				E7AAC627191B5B2A001FC8BE /* ofxAlembicWriter.h */,
			);
			name = src;
			path = ../src;
			sourceTree = "<group>";
		};
/* End PBXGroup section */

/* Begin PBXNativeTarget section */
		E4B69B5A0A3A1756003C02F2 /* example-shader */ = {
			isa = PBXNativeTarget;
			buildConfigurationList = E4B69B5F0A3A1757003C02F2 /* Build configuration list for PBXNativeTarget "example-shader" */;
			buildPhases = (
				E4B69B580A3A1756003C02F2 /* Sources */,
				E4B69B590A3A1756003C02F2 /* Frameworks */,
				E4B6FFFD0C3F9AB9008CF71C /* ShellScript */,
				E4C2427710CC5ABF004149E2 /* CopyFiles */,
			);
			buildRules = (
			);
			dependencies = (
				E4EEB9AC138B136A00A80321 /* PBXTargetDependency */,
			);
			name = "example-shader";
			productName = myOFApp;
			productReference = E4B69B5B0A3A1756003C02F2 /* example-shaderDebug.app */;
			productType = "com.apple.product-type.application";
		};
/* End PBXNativeTarget section */

/* Begin PBXProject section */
		E4B69B4C0A3A1720003C02F2 /* Project object */ = {
			isa = PBXProject;
			attributes = {
			};
			buildConfigurationList = E4B69B4D0A3A1720003C02F2 /* Build configuration list for PBXProject "example-shader" */;
			compatibilityVersion = "Xcode 2.4";
			developmentRegion = English;
			hasScannedForEncodings = 0;
			knownRegions = (
				English,
				Japanese,
				French,
				German,
			);
			mainGroup = E4B69B4A0A3A1720003C02F2;
			productRefGroup = E4B69B4A0A3A1720003C02F2;
			projectDirPath = "";
			projectReferences = (
				{
					ProductGroup = E4328144138ABC890047C5CB /* Products */;
					ProjectRef = E4328143138ABC890047C5CB /* openFrameworksLib.xcodeproj */;
				},
			);
			projectRoot = "";
			targets = (
				E4B69B5A0A3A1756003C02F2 /* example-shader */,
			);
		};
/* End PBXProject section */

/* Begin PBXReferenceProxy section */
		E4328148138ABC890047C5CB /* openFrameworksDebug.a */ = {
			isa = PBXReferenceProxy;
			fileType = archive.ar;
			path = openFrameworksDebug.a;
			remoteRef = E4328147138ABC890047C5CB /* PBXContainerItemProxy */;
			sourceTree = BUILT_PRODUCTS_DIR;
		};
/* End PBXReferenceProxy section */

/* Begin PBXShellScriptBuildPhase section */
		E4B6FFFD0C3F9AB9008CF71C /* ShellScript */ = {
			isa = PBXShellScriptBuildPhase;
			buildActionMask = 2147483647;
			files = (
			);
			inputPaths = (
			);
			outputPaths = (
			);
			runOnlyForDeploymentPostprocessing = 0;
			shellPath = /bin/sh;
			shellScript = "cp -f ../../../libs/fmodex/lib/osx/libfmodex.dylib \"$TARGET_BUILD_DIR/$PRODUCT_NAME.app/Contents/MacOS/libfmodex.dylib\"; install_name_tool -change ./libfmodex.dylib @executable_path/libfmodex.dylib \"$TARGET_BUILD_DIR/$PRODUCT_NAME.app/Contents/MacOS/$PRODUCT_NAME\";";
		};
/* End PBXShellScriptBuildPhase section */

/* Begin PBXSourcesBuildPhase section */
		E4B69B580A3A1756003C02F2 /* Sources */ = {
			isa = PBXSourcesBuildPhase;
			buildActionMask = 2147483647;
			files = (
				E7AAC63D191B5B2B001FC8BE /* ofxAlembicWriter.cpp in Sources */,
				E7AAC63A191B5B2B001FC8BE /* ofxAlembicReader.cpp in Sources */,
				E4B69E200A3A1BDC003C02F2 /* main.cpp in Sources */,
				E4B69E210A3A1BDC003C02F2 /* testApp.cpp in Sources */,
				E7AAC63B191B5B2B001FC8BE /* ofxAlembicType.cpp in Sources */,
				E7AAC63C191B5B2B001FC8BE /* ofxAlembicUtil.cpp in Sources */,
			);
			runOnlyForDeploymentPostprocessing = 0;
		};
/* End PBXSourcesBuildPhase section */

/* Begin PBXTargetDependency section */
		E4EEB9AC138B136A00A80321 /* PBXTargetDependency */ = {
			isa = PBXTargetDependency;
			name = openFrameworks;
			targetProxy = E4EEB9AB138B136A00A80321 /* PBXContainerItemProxy */;
		};
/* End PBXTargetDependency section */

/* Begin XCBuildConfiguration section */
		E4B69B4E0A3A1720003C02F2 /* Debug */ = {
			isa = XCBuildConfiguration;
			baseConfigurationReference = E4EB6923138AFD0F00A09F29 /* Project.xcconfig */;
			buildSettings = {
				ARCHS = "$(NATIVE_ARCH)";
				CONFIGURATION_BUILD_DIR = "$(SRCROOT)/bin/";
				COPY_PHASE_STRIP = NO;
				DEAD_CODE_STRIPPING = YES;
				GCC_AUTO_VECTORIZATION = YES;
				GCC_ENABLE_SSE3_EXTENSIONS = YES;
				GCC_ENABLE_SUPPLEMENTAL_SSE3_INSTRUCTIONS = YES;
				GCC_INLINES_ARE_PRIVATE_EXTERN = NO;
				GCC_OPTIMIZATION_LEVEL = 0;
				GCC_SYMBOLS_PRIVATE_EXTERN = NO;
				GCC_WARN_ABOUT_DEPRECATED_FUNCTIONS = YES;
				GCC_WARN_ABOUT_INVALID_OFFSETOF_MACRO = NO;
				GCC_WARN_ALLOW_INCOMPLETE_PROTOCOL = NO;
				GCC_WARN_UNINITIALIZED_AUTOS = NO;
				GCC_WARN_UNUSED_VALUE = NO;
				GCC_WARN_UNUSED_VARIABLE = NO;
				OTHER_CPLUSPLUSFLAGS = (
					"-D__MACOSX_CORE__",
					"-lpthread",
					"-mtune=native",
				);
				SDKROOT = macosx;
			};
			name = Debug;
		};
		E4B69B4F0A3A1720003C02F2 /* Release */ = {
			isa = XCBuildConfiguration;
			baseConfigurationReference = E4EB6923138AFD0F00A09F29 /* Project.xcconfig */;
			buildSettings = {
				ARCHS = "$(NATIVE_ARCH)";
				CONFIGURATION_BUILD_DIR = "$(SRCROOT)/bin/";
				COPY_PHASE_STRIP = YES;
				DEAD_CODE_STRIPPING = YES;
				GCC_AUTO_VECTORIZATION = YES;
				GCC_ENABLE_SSE3_EXTENSIONS = YES;
				GCC_ENABLE_SUPPLEMENTAL_SSE3_INSTRUCTIONS = YES;
				GCC_INLINES_ARE_PRIVATE_EXTERN = NO;
				GCC_OPTIMIZATION_LEVEL = 3;
				GCC_SYMBOLS_PRIVATE_EXTERN = NO;
				GCC_UNROLL_LOOPS = YES;
				GCC_WARN_ABOUT_DEPRECATED_FUNCTIONS = YES;
				GCC_WARN_ABOUT_INVALID_OFFSETOF_MACRO = NO;
				GCC_WARN_ALLOW_INCOMPLETE_PROTOCOL = NO;
				GCC_WARN_UNINITIALIZED_AUTOS = NO;
				GCC_WARN_UNUSED_VALUE = NO;
				GCC_WARN_UNUSED_VARIABLE = NO;
				OTHER_CPLUSPLUSFLAGS = (
					"-D__MACOSX_CORE__",
					"-lpthread",
					"-mtune=native",
				);
				SDKROOT = macosx;
			};
			name = Release;
		};
		E4B69B600A3A1757003C02F2 /* Debug */ = {
			isa = XCBuildConfiguration;
			buildSettings = {
				COPY_PHASE_STRIP = NO;
				FRAMEWORK_SEARCH_PATHS = (
					"$(inherited)",
					"$(FRAMEWORK_SEARCH_PATHS_QUOTED_FOR_TARGET_1)",
				);
				FRAMEWORK_SEARCH_PATHS_QUOTED_FOR_TARGET_1 = "\"$(SRCROOT)/../../../libs/glut/lib/osx\"";
				GCC_DYNAMIC_NO_PIC = NO;
				GCC_ENABLE_FIX_AND_CONTINUE = YES;
				GCC_GENERATE_DEBUGGING_SYMBOLS = YES;
				GCC_MODEL_TUNING = NONE;
				GCC_PRECOMPILE_PREFIX_HEADER = YES;
				GCC_PREFIX_HEADER = "$(SYSTEM_LIBRARY_DIR)/Frameworks/Carbon.framework/Headers/Carbon.h";
				INFOPLIST_FILE = "openFrameworks-Info.plist";
				INSTALL_PATH = "$(HOME)/Applications";
				LIBRARY_SEARCH_PATHS = (
					"$(inherited)",
					"$(LIBRARY_SEARCH_PATHS_QUOTED_FOR_TARGET_1)",
					"$(LIBRARY_SEARCH_PATHS_QUOTED_FOR_TARGET_2)",
					"$(LIBRARY_SEARCH_PATHS_QUOTED_FOR_TARGET_3)",
					"$(LIBRARY_SEARCH_PATHS_QUOTED_FOR_TARGET_4)",
					"$(LIBRARY_SEARCH_PATHS_QUOTED_FOR_TARGET_5)",
					"$(LIBRARY_SEARCH_PATHS_QUOTED_FOR_TARGET_6)",
					"$(LIBRARY_SEARCH_PATHS_QUOTED_FOR_TARGET_7)",
					"$(LIBRARY_SEARCH_PATHS_QUOTED_FOR_TARGET_8)",
					"$(LIBRARY_SEARCH_PATHS_QUOTED_FOR_TARGET_9)",
					"$(LIBRARY_SEARCH_PATHS_QUOTED_FOR_TARGET_10)",
					"$(LIBRARY_SEARCH_PATHS_QUOTED_FOR_TARGET_11)",
					"$(LIBRARY_SEARCH_PATHS_QUOTED_FOR_TARGET_12)",
					"$(LIBRARY_SEARCH_PATHS_QUOTED_FOR_TARGET_13)",
					"$(LIBRARY_SEARCH_PATHS_QUOTED_FOR_TARGET_14)",
					"$(LIBRARY_SEARCH_PATHS_QUOTED_FOR_TARGET_15)",
					"$(LIBRARY_SEARCH_PATHS_QUOTED_FOR_TARGET_2)",
					"$(LIBRARY_SEARCH_PATHS_QUOTED_FOR_TARGET_3)",
					"$(LIBRARY_SEARCH_PATHS_QUOTED_FOR_TARGET_7)",
					"$(LIBRARY_SEARCH_PATHS_QUOTED_FOR_TARGET_8)",
					"$(LIBRARY_SEARCH_PATHS_QUOTED_FOR_TARGET_9)",
					"$(LIBRARY_SEARCH_PATHS_QUOTED_FOR_TARGET_10)",
					"$(LIBRARY_SEARCH_PATHS_QUOTED_FOR_TARGET_11)",
					"$(LIBRARY_SEARCH_PATHS_QUOTED_FOR_TARGET_12)",
					"$(LIBRARY_SEARCH_PATHS_QUOTED_FOR_TARGET_13)",
					"$(LIBRARY_SEARCH_PATHS_QUOTED_FOR_TARGET_16)",
					"$(LIBRARY_SEARCH_PATHS_QUOTED_FOR_TARGET_17)",
					"$(LIBRARY_SEARCH_PATHS_QUOTED_FOR_TARGET_18)",
					"$(LIBRARY_SEARCH_PATHS_QUOTED_FOR_TARGET_19)",
					"$(LIBRARY_SEARCH_PATHS_QUOTED_FOR_TARGET_20)",
					"$(LIBRARY_SEARCH_PATHS_QUOTED_FOR_TARGET_21)",
					"$(LIBRARY_SEARCH_PATHS_QUOTED_FOR_TARGET_22)",
					"$(LIBRARY_SEARCH_PATHS_QUOTED_FOR_TARGET_23)",
					"$(LIBRARY_SEARCH_PATHS_QUOTED_FOR_TARGET_24)",
					"$(LIBRARY_SEARCH_PATHS_QUOTED_FOR_TARGET_25)",
					"$(LIBRARY_SEARCH_PATHS_QUOTED_FOR_TARGET_26)",
					"$(LIBRARY_SEARCH_PATHS_QUOTED_FOR_TARGET_27)",
					"$(LIBRARY_SEARCH_PATHS_QUOTED_FOR_TARGET_28)",
					"$(LIBRARY_SEARCH_PATHS_QUOTED_FOR_TARGET_29)",
					"$(LIBRARY_SEARCH_PATHS_QUOTED_FOR_TARGET_30)",
					"$(LIBRARY_SEARCH_PATHS_QUOTED_FOR_TARGET_31)",
					"$(LIBRARY_SEARCH_PATHS_QUOTED_FOR_TARGET_32)",
					"$(LIBRARY_SEARCH_PATHS_QUOTED_FOR_TARGET_33)",
					"$(LIBRARY_SEARCH_PATHS_QUOTED_FOR_TARGET_34)",
					"$(LIBRARY_SEARCH_PATHS_QUOTED_FOR_TARGET_35)",
					"$(LIBRARY_SEARCH_PATHS_QUOTED_FOR_TARGET_36)",
					"$(LIBRARY_SEARCH_PATHS_QUOTED_FOR_TARGET_37)",
					"$(LIBRARY_SEARCH_PATHS_QUOTED_FOR_TARGET_38)",
					"$(LIBRARY_SEARCH_PATHS_QUOTED_FOR_TARGET_39)",
					"$(LIBRARY_SEARCH_PATHS_QUOTED_FOR_TARGET_40)",
					"$(LIBRARY_SEARCH_PATHS_QUOTED_FOR_TARGET_41)",
					"$(LIBRARY_SEARCH_PATHS_QUOTED_FOR_TARGET_42)",
					"$(LIBRARY_SEARCH_PATHS_QUOTED_FOR_TARGET_43)",
					"$(LIBRARY_SEARCH_PATHS_QUOTED_FOR_TARGET_44)",
					"$(LIBRARY_SEARCH_PATHS_QUOTED_FOR_TARGET_45)",
					"$(LIBRARY_SEARCH_PATHS_QUOTED_FOR_TARGET_46)",
					"$(LIBRARY_SEARCH_PATHS_QUOTED_FOR_TARGET_47)",
					"$(LIBRARY_SEARCH_PATHS_QUOTED_FOR_TARGET_48)",
					"$(LIBRARY_SEARCH_PATHS_QUOTED_FOR_TARGET_49)",
					"$(LIBRARY_SEARCH_PATHS_QUOTED_FOR_TARGET_50)",
					"$(LIBRARY_SEARCH_PATHS_QUOTED_FOR_TARGET_51)",
					"$(LIBRARY_SEARCH_PATHS_QUOTED_FOR_TARGET_52)",
					"$(LIBRARY_SEARCH_PATHS_QUOTED_FOR_TARGET_1)",
					"$(LIBRARY_SEARCH_PATHS_QUOTED_FOR_TARGET_2)",
					"$(LIBRARY_SEARCH_PATHS_QUOTED_FOR_TARGET_3)",
					/Users/satoruhiga/Documents/openFrameworks/of_v0.8.1/addons/ofxAlembic/libs/alembic/lib/osx,
				);
				LIBRARY_SEARCH_PATHS_QUOTED_FOR_TARGET_1 = "\"$(SRCROOT)/../libs/alembic/lib/osx\"";
				LIBRARY_SEARCH_PATHS_QUOTED_FOR_TARGET_2 = "\"$(SRCROOT)/../libs/alembic/lib/osx\"";
				LIBRARY_SEARCH_PATHS_QUOTED_FOR_TARGET_3 = "\"$(SRCROOT)/../libs/alembic/lib/osx\"";
				PREBINDING = NO;
				PRODUCT_NAME = "example-shaderDebug";
				WRAPPER_EXTENSION = app;
			};
			name = Debug;
		};
		E4B69B610A3A1757003C02F2 /* Release */ = {
			isa = XCBuildConfiguration;
			buildSettings = {
				COPY_PHASE_STRIP = YES;
				FRAMEWORK_SEARCH_PATHS = (
					"$(inherited)",
					"$(FRAMEWORK_SEARCH_PATHS_QUOTED_FOR_TARGET_1)",
				);
				FRAMEWORK_SEARCH_PATHS_QUOTED_FOR_TARGET_1 = "\"$(SRCROOT)/../../../libs/glut/lib/osx\"";
				GCC_ENABLE_FIX_AND_CONTINUE = NO;
				GCC_GENERATE_DEBUGGING_SYMBOLS = YES;
				GCC_MODEL_TUNING = NONE;
				GCC_PRECOMPILE_PREFIX_HEADER = YES;
				GCC_PREFIX_HEADER = "$(SYSTEM_LIBRARY_DIR)/Frameworks/Carbon.framework/Headers/Carbon.h";
				INFOPLIST_FILE = "openFrameworks-Info.plist";
				INSTALL_PATH = "$(HOME)/Applications";
				LIBRARY_SEARCH_PATHS = (
					"$(inherited)",
					"$(LIBRARY_SEARCH_PATHS_QUOTED_FOR_TARGET_1)",
					"$(LIBRARY_SEARCH_PATHS_QUOTED_FOR_TARGET_2)",
					"$(LIBRARY_SEARCH_PATHS_QUOTED_FOR_TARGET_3)",
					"$(LIBRARY_SEARCH_PATHS_QUOTED_FOR_TARGET_4)",
					"$(LIBRARY_SEARCH_PATHS_QUOTED_FOR_TARGET_5)",
					"$(LIBRARY_SEARCH_PATHS_QUOTED_FOR_TARGET_6)",
					"$(LIBRARY_SEARCH_PATHS_QUOTED_FOR_TARGET_7)",
					"$(LIBRARY_SEARCH_PATHS_QUOTED_FOR_TARGET_8)",
					"$(LIBRARY_SEARCH_PATHS_QUOTED_FOR_TARGET_9)",
					"$(LIBRARY_SEARCH_PATHS_QUOTED_FOR_TARGET_10)",
					"$(LIBRARY_SEARCH_PATHS_QUOTED_FOR_TARGET_11)",
					"$(LIBRARY_SEARCH_PATHS_QUOTED_FOR_TARGET_12)",
					"$(LIBRARY_SEARCH_PATHS_QUOTED_FOR_TARGET_13)",
					"$(LIBRARY_SEARCH_PATHS_QUOTED_FOR_TARGET_14)",
					"$(LIBRARY_SEARCH_PATHS_QUOTED_FOR_TARGET_15)",
					"$(LIBRARY_SEARCH_PATHS_QUOTED_FOR_TARGET_2)",
					"$(LIBRARY_SEARCH_PATHS_QUOTED_1)",
					"$(LIBRARY_SEARCH_PATHS_QUOTED_FOR_TARGET_3)",
					"$(LIBRARY_SEARCH_PATHS_QUOTED_FOR_TARGET_7)",
					"$(LIBRARY_SEARCH_PATHS_QUOTED_FOR_TARGET_8)",
					"$(LIBRARY_SEARCH_PATHS_QUOTED_FOR_TARGET_9)",
					"$(LIBRARY_SEARCH_PATHS_QUOTED_FOR_TARGET_10)",
					"$(LIBRARY_SEARCH_PATHS_QUOTED_FOR_TARGET_11)",
					"$(LIBRARY_SEARCH_PATHS_QUOTED_FOR_TARGET_12)",
					"$(LIBRARY_SEARCH_PATHS_QUOTED_FOR_TARGET_13)",
					"$(LIBRARY_SEARCH_PATHS_QUOTED_FOR_TARGET_16)",
					"$(LIBRARY_SEARCH_PATHS_QUOTED_FOR_TARGET_17)",
					"$(LIBRARY_SEARCH_PATHS_QUOTED_FOR_TARGET_18)",
					"$(LIBRARY_SEARCH_PATHS_QUOTED_FOR_TARGET_19)",
					"$(LIBRARY_SEARCH_PATHS_QUOTED_FOR_TARGET_20)",
					"$(LIBRARY_SEARCH_PATHS_QUOTED_FOR_TARGET_21)",
					"$(LIBRARY_SEARCH_PATHS_QUOTED_FOR_TARGET_22)",
					"$(LIBRARY_SEARCH_PATHS_QUOTED_FOR_TARGET_23)",
					"$(LIBRARY_SEARCH_PATHS_QUOTED_FOR_TARGET_24)",
					"$(LIBRARY_SEARCH_PATHS_QUOTED_FOR_TARGET_25)",
					"$(LIBRARY_SEARCH_PATHS_QUOTED_FOR_TARGET_26)",
					"$(LIBRARY_SEARCH_PATHS_QUOTED_FOR_TARGET_27)",
					"$(LIBRARY_SEARCH_PATHS_QUOTED_FOR_TARGET_28)",
					"$(LIBRARY_SEARCH_PATHS_QUOTED_FOR_TARGET_29)",
					"$(LIBRARY_SEARCH_PATHS_QUOTED_FOR_TARGET_30)",
					"$(LIBRARY_SEARCH_PATHS_QUOTED_FOR_TARGET_31)",
					"$(LIBRARY_SEARCH_PATHS_QUOTED_FOR_TARGET_32)",
					"$(LIBRARY_SEARCH_PATHS_QUOTED_FOR_TARGET_33)",
					"$(LIBRARY_SEARCH_PATHS_QUOTED_FOR_TARGET_34)",
					"$(LIBRARY_SEARCH_PATHS_QUOTED_FOR_TARGET_35)",
					"$(LIBRARY_SEARCH_PATHS_QUOTED_FOR_TARGET_36)",
					"$(LIBRARY_SEARCH_PATHS_QUOTED_FOR_TARGET_37)",
					"$(LIBRARY_SEARCH_PATHS_QUOTED_FOR_TARGET_38)",
					"$(LIBRARY_SEARCH_PATHS_QUOTED_FOR_TARGET_39)",
					"$(LIBRARY_SEARCH_PATHS_QUOTED_FOR_TARGET_40)",
					"$(LIBRARY_SEARCH_PATHS_QUOTED_FOR_TARGET_41)",
					"$(LIBRARY_SEARCH_PATHS_QUOTED_FOR_TARGET_42)",
					"$(LIBRARY_SEARCH_PATHS_QUOTED_FOR_TARGET_43)",
					"$(LIBRARY_SEARCH_PATHS_QUOTED_FOR_TARGET_44)",
					"$(LIBRARY_SEARCH_PATHS_QUOTED_FOR_TARGET_45)",
					"$(LIBRARY_SEARCH_PATHS_QUOTED_FOR_TARGET_46)",
					"$(LIBRARY_SEARCH_PATHS_QUOTED_FOR_TARGET_47)",
					"$(LIBRARY_SEARCH_PATHS_QUOTED_FOR_TARGET_48)",
					"$(LIBRARY_SEARCH_PATHS_QUOTED_FOR_TARGET_49)",
					"$(LIBRARY_SEARCH_PATHS_QUOTED_FOR_TARGET_50)",
					"$(LIBRARY_SEARCH_PATHS_QUOTED_FOR_TARGET_51)",
					"$(LIBRARY_SEARCH_PATHS_QUOTED_FOR_TARGET_1)",
					"$(LIBRARY_SEARCH_PATHS_QUOTED_FOR_TARGET_2)",
					"$(LIBRARY_SEARCH_PATHS_QUOTED_FOR_TARGET_3)",
					/Users/satoruhiga/Documents/openFrameworks/of_v0.8.1/addons/ofxAlembic/libs/alembic/lib/osx,
				);
				LIBRARY_SEARCH_PATHS_QUOTED_FOR_TARGET_1 = "\"$(SRCROOT)/../libs/alembic/lib/osx\"";
				LIBRARY_SEARCH_PATHS_QUOTED_FOR_TARGET_2 = "\"$(SRCROOT)/../libs/alembic/lib/osx\"";
				LIBRARY_SEARCH_PATHS_QUOTED_FOR_TARGET_3 = "\"$(SRCROOT)/../libs/alembic/lib/osx\"";
				PREBINDING = NO;
				PRODUCT_NAME = "example-shader";
				WRAPPER_EXTENSION = app;
			};
			name = Release;
		};
/* End XCBuildConfiguration section */

/* Begin XCConfigurationList section */
		E4B69B4D0A3A1720003C02F2 /* Build configuration list for PBXProject "example-shader" */ = {
			isa = XCConfigurationList;
			buildConfigurations = (
				E4B69B4E0A3A1720003C02F2 /* Debug */,
				E4B69B4F0A3A1720003C02F2 /* Release */,
			);
			defaultConfigurationIsVisible = 0;
			defaultConfigurationName = Release;
		};
		E4B69B5F0A3A1757003C02F2 /* Build configuration list for PBXNativeTarget "example-shader" */ = {
			isa = XCConfigurationList;
			buildConfigurations = (
				E4B69B600A3A1757003C02F2 /* Debug */,
				E4B69B610A3A1757003C02F2 /* Release */,
			);
			defaultConfigurationIsVisible = 0;
			defaultConfigurationName = Release;
		};
/* End XCConfigurationList section */
	};
	rootObject = E4B69B4C0A3A1720003C02F2 /* Project object */;
}
