// !$*UTF8*$!
{
	archiveVersion = 1;
	classes = {
	};
	objectVersion = 42;
	objects = {

/* Begin PBXBuildFile section */
		60373139171D2DF0005982EE /* ofxAlembicReader.cpp in Sources */ = {isa = PBXBuildFile; fileRef = 60373137171D2DF0005982EE /* ofxAlembicReader.cpp */; };
		607AF079175C64C90026162C /* ofxAlembicUtil.cpp in Sources */ = {isa = PBXBuildFile; fileRef = 607AF078175C64C90026162C /* ofxAlembicUtil.cpp */; };
		609D4E161768B54D00CA5A38 /* libAlembicAbc.a in Frameworks */ = {isa = PBXBuildFile; fileRef = 609D4E081768B54D00CA5A38 /* libAlembicAbc.a */; };
		609D4E171768B54D00CA5A38 /* libAlembicAbcCollection.a in Frameworks */ = {isa = PBXBuildFile; fileRef = 609D4E091768B54D00CA5A38 /* libAlembicAbcCollection.a */; };
		609D4E181768B54D00CA5A38 /* libAlembicAbcCoreAbstract.a in Frameworks */ = {isa = PBXBuildFile; fileRef = 609D4E0A1768B54D00CA5A38 /* libAlembicAbcCoreAbstract.a */; };
		609D4E191768B54D00CA5A38 /* libAlembicAbcCoreHDF5.a in Frameworks */ = {isa = PBXBuildFile; fileRef = 609D4E0B1768B54D00CA5A38 /* libAlembicAbcCoreHDF5.a */; };
		609D4E1A1768B54D00CA5A38 /* libAlembicAbcGeom.a in Frameworks */ = {isa = PBXBuildFile; fileRef = 609D4E0C1768B54D00CA5A38 /* libAlembicAbcGeom.a */; };
		609D4E1B1768B54D00CA5A38 /* libAlembicAbcMaterial.a in Frameworks */ = {isa = PBXBuildFile; fileRef = 609D4E0D1768B54D00CA5A38 /* libAlembicAbcMaterial.a */; };
		609D4E1C1768B54D00CA5A38 /* libAlembicUtil.a in Frameworks */ = {isa = PBXBuildFile; fileRef = 609D4E0E1768B54D00CA5A38 /* libAlembicUtil.a */; };
		609D4E1D1768B54D00CA5A38 /* libHalf.a in Frameworks */ = {isa = PBXBuildFile; fileRef = 609D4E0F1768B54D00CA5A38 /* libHalf.a */; };
		609D4E1E1768B54D00CA5A38 /* libhdf5.a in Frameworks */ = {isa = PBXBuildFile; fileRef = 609D4E101768B54D00CA5A38 /* libhdf5.a */; };
		609D4E1F1768B54D00CA5A38 /* libhdf5_hl.a in Frameworks */ = {isa = PBXBuildFile; fileRef = 609D4E111768B54D00CA5A38 /* libhdf5_hl.a */; };
		609D4E201768B54D00CA5A38 /* libIex.a in Frameworks */ = {isa = PBXBuildFile; fileRef = 609D4E121768B54D00CA5A38 /* libIex.a */; };
		609D4E211768B54D00CA5A38 /* libIlmThread.a in Frameworks */ = {isa = PBXBuildFile; fileRef = 609D4E131768B54D00CA5A38 /* libIlmThread.a */; };
		609D4E221768B54D00CA5A38 /* libImath.a in Frameworks */ = {isa = PBXBuildFile; fileRef = 609D4E141768B54D00CA5A38 /* libImath.a */; };
		609D4E231768B54D00CA5A38 /* libsz.a in Frameworks */ = {isa = PBXBuildFile; fileRef = 609D4E151768B54D00CA5A38 /* libsz.a */; };
		60E43D1F17588A2000BEC268 /* ofxAlembicWriter.cpp in Sources */ = {isa = PBXBuildFile; fileRef = 60E43D1D17588A2000BEC268 /* ofxAlembicWriter.cpp */; };
		60E43D221758A45000BEC268 /* ofxAlembicType.cpp in Sources */ = {isa = PBXBuildFile; fileRef = 60E43D211758A45000BEC268 /* ofxAlembicType.cpp */; };
		BBAB23CB13894F3D00AA2426 /* GLUT.framework in CopyFiles */ = {isa = PBXBuildFile; fileRef = BBAB23BE13894E4700AA2426 /* GLUT.framework */; };
		E4328149138ABC9F0047C5CB /* openFrameworksDebug.a in Frameworks */ = {isa = PBXBuildFile; fileRef = E4328148138ABC890047C5CB /* openFrameworksDebug.a */; };
		E45BE97B0E8CC7DD009D7055 /* AGL.framework in Frameworks */ = {isa = PBXBuildFile; fileRef = E45BE9710E8CC7DD009D7055 /* AGL.framework */; };
		E45BE97C0E8CC7DD009D7055 /* ApplicationServices.framework in Frameworks */ = {isa = PBXBuildFile; fileRef = E45BE9720E8CC7DD009D7055 /* ApplicationServices.framework */; };
		E45BE97D0E8CC7DD009D7055 /* AudioToolbox.framework in Frameworks */ = {isa = PBXBuildFile; fileRef = E45BE9730E8CC7DD009D7055 /* AudioToolbox.framework */; };
		E45BE97E0E8CC7DD009D7055 /* Carbon.framework in Frameworks */ = {isa = PBXBuildFile; fileRef = E45BE9740E8CC7DD009D7055 /* Carbon.framework */; };
		E45BE97F0E8CC7DD009D7055 /* CoreAudio.framework in Frameworks */ = {isa = PBXBuildFile; fileRef = E45BE9750E8CC7DD009D7055 /* CoreAudio.framework */; };
		E45BE9800E8CC7DD009D7055 /* CoreFoundation.framework in Frameworks */ = {isa = PBXBuildFile; fileRef = E45BE9760E8CC7DD009D7055 /* CoreFoundation.framework */; };
		E45BE9810E8CC7DD009D7055 /* CoreServices.framework in Frameworks */ = {isa = PBXBuildFile; fileRef = E45BE9770E8CC7DD009D7055 /* CoreServices.framework */; };
		E45BE9830E8CC7DD009D7055 /* OpenGL.framework in Frameworks */ = {isa = PBXBuildFile; fileRef = E45BE9790E8CC7DD009D7055 /* OpenGL.framework */; };
		E45BE9840E8CC7DD009D7055 /* QuickTime.framework in Frameworks */ = {isa = PBXBuildFile; fileRef = E45BE97A0E8CC7DD009D7055 /* QuickTime.framework */; };
		E4B69E200A3A1BDC003C02F2 /* main.cpp in Sources */ = {isa = PBXBuildFile; fileRef = E4B69E1D0A3A1BDC003C02F2 /* main.cpp */; };
		E4B69E210A3A1BDC003C02F2 /* testApp.cpp in Sources */ = {isa = PBXBuildFile; fileRef = E4B69E1E0A3A1BDC003C02F2 /* testApp.cpp */; };
		E4C2424710CC5A17004149E2 /* AppKit.framework in Frameworks */ = {isa = PBXBuildFile; fileRef = E4C2424410CC5A17004149E2 /* AppKit.framework */; };
		E4C2424810CC5A17004149E2 /* Cocoa.framework in Frameworks */ = {isa = PBXBuildFile; fileRef = E4C2424510CC5A17004149E2 /* Cocoa.framework */; };
		E4C2424910CC5A17004149E2 /* IOKit.framework in Frameworks */ = {isa = PBXBuildFile; fileRef = E4C2424610CC5A17004149E2 /* IOKit.framework */; };
		E4EB6799138ADC1D00A09F29 /* GLUT.framework in Frameworks */ = {isa = PBXBuildFile; fileRef = BBAB23BE13894E4700AA2426 /* GLUT.framework */; };
		E7E077E515D3B63C0020DFD4 /* CoreVideo.framework in Frameworks */ = {isa = PBXBuildFile; fileRef = E7E077E415D3B63C0020DFD4 /* CoreVideo.framework */; };
		E7E077E815D3B6510020DFD4 /* QTKit.framework in Frameworks */ = {isa = PBXBuildFile; fileRef = E7E077E715D3B6510020DFD4 /* QTKit.framework */; };
		E7F985F815E0DEA3003869B5 /* Accelerate.framework in Frameworks */ = {isa = PBXBuildFile; fileRef = E7F985F515E0DE99003869B5 /* Accelerate.framework */; };
/* End PBXBuildFile section */

/* Begin PBXContainerItemProxy section */
		E4328147138ABC890047C5CB /* PBXContainerItemProxy */ = {
			isa = PBXContainerItemProxy;
			containerPortal = E4328143138ABC890047C5CB /* openFrameworksLib.xcodeproj */;
			proxyType = 2;
			remoteGlobalIDString = E4B27C1510CBEB8E00536013;
			remoteInfo = openFrameworks;
		};
		E4EEB9AB138B136A00A80321 /* PBXContainerItemProxy */ = {
			isa = PBXContainerItemProxy;
			containerPortal = E4328143138ABC890047C5CB /* openFrameworksLib.xcodeproj */;
			proxyType = 1;
			remoteGlobalIDString = E4B27C1410CBEB8E00536013;
			remoteInfo = openFrameworks;
		};
/* End PBXContainerItemProxy section */

/* Begin PBXCopyFilesBuildPhase section */
		E4C2427710CC5ABF004149E2 /* CopyFiles */ = {
			isa = PBXCopyFilesBuildPhase;
			buildActionMask = 2147483647;
			dstPath = "";
			dstSubfolderSpec = 10;
			files = (
				BBAB23CB13894F3D00AA2426 /* GLUT.framework in CopyFiles */,
			);
			runOnlyForDeploymentPostprocessing = 0;
		};
/* End PBXCopyFilesBuildPhase section */

/* Begin PBXFileReference section */
		60323E801756899200520DB8 /* ofxAlembic.h */ = {isa = PBXFileReference; fileEncoding = 4; lastKnownFileType = sourcecode.c.h; path = ofxAlembic.h; sourceTree = "<group>"; };
		60373137171D2DF0005982EE /* ofxAlembicReader.cpp */ = {isa = PBXFileReference; fileEncoding = 4; lastKnownFileType = sourcecode.cpp.cpp; path = ofxAlembicReader.cpp; sourceTree = "<group>"; };
		60373138171D2DF0005982EE /* ofxAlembicReader.h */ = {isa = PBXFileReference; fileEncoding = 4; lastKnownFileType = sourcecode.c.h; path = ofxAlembicReader.h; sourceTree = "<group>"; };
		607AF078175C64C90026162C /* ofxAlembicUtil.cpp */ = {isa = PBXFileReference; fileEncoding = 4; lastKnownFileType = sourcecode.cpp.cpp; path = ofxAlembicUtil.cpp; sourceTree = "<group>"; };
		609D4D391768B54D00CA5A38 /* All.h */ = {isa = PBXFileReference; fileEncoding = 4; lastKnownFileType = sourcecode.c.h; path = All.h; sourceTree = "<group>"; };
		609D4D3A1768B54D00CA5A38 /* ArchiveInfo.h */ = {isa = PBXFileReference; fileEncoding = 4; lastKnownFileType = sourcecode.c.h; path = ArchiveInfo.h; sourceTree = "<group>"; };
		609D4D3B1768B54D00CA5A38 /* Argument.h */ = {isa = PBXFileReference; fileEncoding = 4; lastKnownFileType = sourcecode.c.h; path = Argument.h; sourceTree = "<group>"; };
		609D4D3C1768B54D00CA5A38 /* Base.h */ = {isa = PBXFileReference; fileEncoding = 4; lastKnownFileType = sourcecode.c.h; path = Base.h; sourceTree = "<group>"; };
		609D4D3D1768B54D00CA5A38 /* ErrorHandler.h */ = {isa = PBXFileReference; fileEncoding = 4; lastKnownFileType = sourcecode.c.h; path = ErrorHandler.h; sourceTree = "<group>"; };
		609D4D3E1768B54D00CA5A38 /* Foundation.h */ = {isa = PBXFileReference; fileEncoding = 4; lastKnownFileType = sourcecode.c.h; path = Foundation.h; sourceTree = "<group>"; };
		609D4D3F1768B54D00CA5A38 /* IArchive.h */ = {isa = PBXFileReference; fileEncoding = 4; lastKnownFileType = sourcecode.c.h; path = IArchive.h; sourceTree = "<group>"; };
		609D4D401768B54D00CA5A38 /* IArrayProperty.h */ = {isa = PBXFileReference; fileEncoding = 4; lastKnownFileType = sourcecode.c.h; path = IArrayProperty.h; sourceTree = "<group>"; };
		609D4D411768B54D00CA5A38 /* IBaseProperty.h */ = {isa = PBXFileReference; fileEncoding = 4; lastKnownFileType = sourcecode.c.h; path = IBaseProperty.h; sourceTree = "<group>"; };
		609D4D421768B54D00CA5A38 /* ICompoundProperty.h */ = {isa = PBXFileReference; fileEncoding = 4; lastKnownFileType = sourcecode.c.h; path = ICompoundProperty.h; sourceTree = "<group>"; };
		609D4D431768B54D00CA5A38 /* IObject.h */ = {isa = PBXFileReference; fileEncoding = 4; lastKnownFileType = sourcecode.c.h; path = IObject.h; sourceTree = "<group>"; };
		609D4D441768B54D00CA5A38 /* ISampleSelector.h */ = {isa = PBXFileReference; fileEncoding = 4; lastKnownFileType = sourcecode.c.h; path = ISampleSelector.h; sourceTree = "<group>"; };
		609D4D451768B54D00CA5A38 /* IScalarProperty.h */ = {isa = PBXFileReference; fileEncoding = 4; lastKnownFileType = sourcecode.c.h; path = IScalarProperty.h; sourceTree = "<group>"; };
		609D4D461768B54D00CA5A38 /* ISchema.h */ = {isa = PBXFileReference; fileEncoding = 4; lastKnownFileType = sourcecode.c.h; path = ISchema.h; sourceTree = "<group>"; };
		609D4D471768B54D00CA5A38 /* ISchemaObject.h */ = {isa = PBXFileReference; fileEncoding = 4; lastKnownFileType = sourcecode.c.h; path = ISchemaObject.h; sourceTree = "<group>"; };
		609D4D481768B54D00CA5A38 /* ITypedArrayProperty.h */ = {isa = PBXFileReference; fileEncoding = 4; lastKnownFileType = sourcecode.c.h; path = ITypedArrayProperty.h; sourceTree = "<group>"; };
		609D4D491768B54D00CA5A38 /* ITypedScalarProperty.h */ = {isa = PBXFileReference; fileEncoding = 4; lastKnownFileType = sourcecode.c.h; path = ITypedScalarProperty.h; sourceTree = "<group>"; };
		609D4D4A1768B54D00CA5A38 /* OArchive.h */ = {isa = PBXFileReference; fileEncoding = 4; lastKnownFileType = sourcecode.c.h; path = OArchive.h; sourceTree = "<group>"; };
		609D4D4B1768B54D00CA5A38 /* OArrayProperty.h */ = {isa = PBXFileReference; fileEncoding = 4; lastKnownFileType = sourcecode.c.h; path = OArrayProperty.h; sourceTree = "<group>"; };
		609D4D4C1768B54D00CA5A38 /* OBaseProperty.h */ = {isa = PBXFileReference; fileEncoding = 4; lastKnownFileType = sourcecode.c.h; path = OBaseProperty.h; sourceTree = "<group>"; };
		609D4D4D1768B54D00CA5A38 /* OCompoundProperty.h */ = {isa = PBXFileReference; fileEncoding = 4; lastKnownFileType = sourcecode.c.h; path = OCompoundProperty.h; sourceTree = "<group>"; };
		609D4D4E1768B54D00CA5A38 /* OObject.h */ = {isa = PBXFileReference; fileEncoding = 4; lastKnownFileType = sourcecode.c.h; path = OObject.h; sourceTree = "<group>"; };
		609D4D4F1768B54D00CA5A38 /* OScalarProperty.h */ = {isa = PBXFileReference; fileEncoding = 4; lastKnownFileType = sourcecode.c.h; path = OScalarProperty.h; sourceTree = "<group>"; };
		609D4D501768B54D00CA5A38 /* OSchema.h */ = {isa = PBXFileReference; fileEncoding = 4; lastKnownFileType = sourcecode.c.h; path = OSchema.h; sourceTree = "<group>"; };
		609D4D511768B54D00CA5A38 /* OSchemaObject.h */ = {isa = PBXFileReference; fileEncoding = 4; lastKnownFileType = sourcecode.c.h; path = OSchemaObject.h; sourceTree = "<group>"; };
		609D4D521768B54D00CA5A38 /* OTypedArrayProperty.h */ = {isa = PBXFileReference; fileEncoding = 4; lastKnownFileType = sourcecode.c.h; path = OTypedArrayProperty.h; sourceTree = "<group>"; };
		609D4D531768B54D00CA5A38 /* OTypedScalarProperty.h */ = {isa = PBXFileReference; fileEncoding = 4; lastKnownFileType = sourcecode.c.h; path = OTypedScalarProperty.h; sourceTree = "<group>"; };
		609D4D541768B54D00CA5A38 /* TypedArraySample.h */ = {isa = PBXFileReference; fileEncoding = 4; lastKnownFileType = sourcecode.c.h; path = TypedArraySample.h; sourceTree = "<group>"; };
		609D4D551768B54D00CA5A38 /* TypedPropertyTraits.h */ = {isa = PBXFileReference; fileEncoding = 4; lastKnownFileType = sourcecode.c.h; path = TypedPropertyTraits.h; sourceTree = "<group>"; };
		609D4D571768B54D00CA5A38 /* All.h */ = {isa = PBXFileReference; fileEncoding = 4; lastKnownFileType = sourcecode.c.h; path = All.h; sourceTree = "<group>"; };
		609D4D581768B54D00CA5A38 /* ICollections.h */ = {isa = PBXFileReference; fileEncoding = 4; lastKnownFileType = sourcecode.c.h; path = ICollections.h; sourceTree = "<group>"; };
		609D4D591768B54D00CA5A38 /* OCollections.h */ = {isa = PBXFileReference; fileEncoding = 4; lastKnownFileType = sourcecode.c.h; path = OCollections.h; sourceTree = "<group>"; };
		609D4D5A1768B54D00CA5A38 /* SchemaInfoDeclarations.h */ = {isa = PBXFileReference; fileEncoding = 4; lastKnownFileType = sourcecode.c.h; path = SchemaInfoDeclarations.h; sourceTree = "<group>"; };
		609D4D5C1768B54D00CA5A38 /* All.h */ = {isa = PBXFileReference; fileEncoding = 4; lastKnownFileType = sourcecode.c.h; path = All.h; sourceTree = "<group>"; };
		609D4D5D1768B54D00CA5A38 /* ArchiveReader.h */ = {isa = PBXFileReference; fileEncoding = 4; lastKnownFileType = sourcecode.c.h; path = ArchiveReader.h; sourceTree = "<group>"; };
		609D4D5E1768B54D00CA5A38 /* ArchiveWriter.h */ = {isa = PBXFileReference; fileEncoding = 4; lastKnownFileType = sourcecode.c.h; path = ArchiveWriter.h; sourceTree = "<group>"; };
		609D4D5F1768B54D00CA5A38 /* ArrayPropertyReader.h */ = {isa = PBXFileReference; fileEncoding = 4; lastKnownFileType = sourcecode.c.h; path = ArrayPropertyReader.h; sourceTree = "<group>"; };
		609D4D601768B54D00CA5A38 /* ArrayPropertyWriter.h */ = {isa = PBXFileReference; fileEncoding = 4; lastKnownFileType = sourcecode.c.h; path = ArrayPropertyWriter.h; sourceTree = "<group>"; };
		609D4D611768B54D00CA5A38 /* ArraySample.h */ = {isa = PBXFileReference; fileEncoding = 4; lastKnownFileType = sourcecode.c.h; path = ArraySample.h; sourceTree = "<group>"; };
		609D4D621768B54D00CA5A38 /* ArraySampleKey.h */ = {isa = PBXFileReference; fileEncoding = 4; lastKnownFileType = sourcecode.c.h; path = ArraySampleKey.h; sourceTree = "<group>"; };
		609D4D631768B54D00CA5A38 /* BasePropertyReader.h */ = {isa = PBXFileReference; fileEncoding = 4; lastKnownFileType = sourcecode.c.h; path = BasePropertyReader.h; sourceTree = "<group>"; };
		609D4D641768B54D00CA5A38 /* BasePropertyWriter.h */ = {isa = PBXFileReference; fileEncoding = 4; lastKnownFileType = sourcecode.c.h; path = BasePropertyWriter.h; sourceTree = "<group>"; };
		609D4D651768B54D00CA5A38 /* CompoundPropertyReader.h */ = {isa = PBXFileReference; fileEncoding = 4; lastKnownFileType = sourcecode.c.h; path = CompoundPropertyReader.h; sourceTree = "<group>"; };
		609D4D661768B54D00CA5A38 /* CompoundPropertyWriter.h */ = {isa = PBXFileReference; fileEncoding = 4; lastKnownFileType = sourcecode.c.h; path = CompoundPropertyWriter.h; sourceTree = "<group>"; };
		609D4D671768B54D00CA5A38 /* DataType.h */ = {isa = PBXFileReference; fileEncoding = 4; lastKnownFileType = sourcecode.c.h; path = DataType.h; sourceTree = "<group>"; };
		609D4D681768B54D00CA5A38 /* ForwardDeclarations.h */ = {isa = PBXFileReference; fileEncoding = 4; lastKnownFileType = sourcecode.c.h; path = ForwardDeclarations.h; sourceTree = "<group>"; };
		609D4D691768B54D00CA5A38 /* Foundation.h */ = {isa = PBXFileReference; fileEncoding = 4; lastKnownFileType = sourcecode.c.h; path = Foundation.h; sourceTree = "<group>"; };
		609D4D6A1768B54D00CA5A38 /* MetaData.h */ = {isa = PBXFileReference; fileEncoding = 4; lastKnownFileType = sourcecode.c.h; path = MetaData.h; sourceTree = "<group>"; };
		609D4D6B1768B54D00CA5A38 /* ObjectHeader.h */ = {isa = PBXFileReference; fileEncoding = 4; lastKnownFileType = sourcecode.c.h; path = ObjectHeader.h; sourceTree = "<group>"; };
		609D4D6C1768B54D00CA5A38 /* ObjectReader.h */ = {isa = PBXFileReference; fileEncoding = 4; lastKnownFileType = sourcecode.c.h; path = ObjectReader.h; sourceTree = "<group>"; };
		609D4D6D1768B54D00CA5A38 /* ObjectWriter.h */ = {isa = PBXFileReference; fileEncoding = 4; lastKnownFileType = sourcecode.c.h; path = ObjectWriter.h; sourceTree = "<group>"; };
		609D4D6E1768B54D00CA5A38 /* PropertyHeader.h */ = {isa = PBXFileReference; fileEncoding = 4; lastKnownFileType = sourcecode.c.h; path = PropertyHeader.h; sourceTree = "<group>"; };
		609D4D6F1768B54D00CA5A38 /* ReadArraySampleCache.h */ = {isa = PBXFileReference; fileEncoding = 4; lastKnownFileType = sourcecode.c.h; path = ReadArraySampleCache.h; sourceTree = "<group>"; };
		609D4D701768B54D00CA5A38 /* ScalarPropertyReader.h */ = {isa = PBXFileReference; fileEncoding = 4; lastKnownFileType = sourcecode.c.h; path = ScalarPropertyReader.h; sourceTree = "<group>"; };
		609D4D711768B54D00CA5A38 /* ScalarPropertyWriter.h */ = {isa = PBXFileReference; fileEncoding = 4; lastKnownFileType = sourcecode.c.h; path = ScalarPropertyWriter.h; sourceTree = "<group>"; };
		609D4D721768B54D00CA5A38 /* ScalarSample.h */ = {isa = PBXFileReference; fileEncoding = 4; lastKnownFileType = sourcecode.c.h; path = ScalarSample.h; sourceTree = "<group>"; };
		609D4D731768B54D00CA5A38 /* TimeSampling.h */ = {isa = PBXFileReference; fileEncoding = 4; lastKnownFileType = sourcecode.c.h; path = TimeSampling.h; sourceTree = "<group>"; };
		609D4D741768B54D00CA5A38 /* TimeSamplingType.h */ = {isa = PBXFileReference; fileEncoding = 4; lastKnownFileType = sourcecode.c.h; path = TimeSamplingType.h; sourceTree = "<group>"; };
		609D4D761768B54D00CA5A38 /* All.h */ = {isa = PBXFileReference; fileEncoding = 4; lastKnownFileType = sourcecode.c.h; path = All.h; sourceTree = "<group>"; };
		609D4D771768B54D00CA5A38 /* ReadWrite.h */ = {isa = PBXFileReference; fileEncoding = 4; lastKnownFileType = sourcecode.c.h; path = ReadWrite.h; sourceTree = "<group>"; };
		609D4D791768B54D00CA5A38 /* All.h */ = {isa = PBXFileReference; fileEncoding = 4; lastKnownFileType = sourcecode.c.h; path = All.h; sourceTree = "<group>"; };
		609D4D7A1768B54D00CA5A38 /* ArchiveBounds.h */ = {isa = PBXFileReference; fileEncoding = 4; lastKnownFileType = sourcecode.c.h; path = ArchiveBounds.h; sourceTree = "<group>"; };
		609D4D7B1768B54D00CA5A38 /* Basis.h */ = {isa = PBXFileReference; fileEncoding = 4; lastKnownFileType = sourcecode.c.h; path = Basis.h; sourceTree = "<group>"; };
		609D4D7C1768B54D00CA5A38 /* CameraSample.h */ = {isa = PBXFileReference; fileEncoding = 4; lastKnownFileType = sourcecode.c.h; path = CameraSample.h; sourceTree = "<group>"; };
		609D4D7D1768B54D00CA5A38 /* CurveType.h */ = {isa = PBXFileReference; fileEncoding = 4; lastKnownFileType = sourcecode.c.h; path = CurveType.h; sourceTree = "<group>"; };
		609D4D7E1768B54D00CA5A38 /* FaceSetExclusivity.h */ = {isa = PBXFileReference; fileEncoding = 4; lastKnownFileType = sourcecode.c.h; path = FaceSetExclusivity.h; sourceTree = "<group>"; };
		609D4D7F1768B54D00CA5A38 /* FilmBackXformOp.h */ = {isa = PBXFileReference; fileEncoding = 4; lastKnownFileType = sourcecode.c.h; path = FilmBackXformOp.h; sourceTree = "<group>"; };
		609D4D801768B54D00CA5A38 /* Foundation.h */ = {isa = PBXFileReference; fileEncoding = 4; lastKnownFileType = sourcecode.c.h; path = Foundation.h; sourceTree = "<group>"; };
		609D4D811768B54D00CA5A38 /* GeometryScope.h */ = {isa = PBXFileReference; fileEncoding = 4; lastKnownFileType = sourcecode.c.h; path = GeometryScope.h; sourceTree = "<group>"; };
		609D4D821768B54D00CA5A38 /* ICamera.h */ = {isa = PBXFileReference; fileEncoding = 4; lastKnownFileType = sourcecode.c.h; path = ICamera.h; sourceTree = "<group>"; };
		609D4D831768B54D00CA5A38 /* ICurves.h */ = {isa = PBXFileReference; fileEncoding = 4; lastKnownFileType = sourcecode.c.h; path = ICurves.h; sourceTree = "<group>"; };
		609D4D841768B54D00CA5A38 /* IFaceSet.h */ = {isa = PBXFileReference; fileEncoding = 4; lastKnownFileType = sourcecode.c.h; path = IFaceSet.h; sourceTree = "<group>"; };
		609D4D851768B54D00CA5A38 /* IGeomBase.h */ = {isa = PBXFileReference; fileEncoding = 4; lastKnownFileType = sourcecode.c.h; path = IGeomBase.h; sourceTree = "<group>"; };
		609D4D861768B54D00CA5A38 /* IGeomParam.h */ = {isa = PBXFileReference; fileEncoding = 4; lastKnownFileType = sourcecode.c.h; path = IGeomParam.h; sourceTree = "<group>"; };
		609D4D871768B54D00CA5A38 /* ILight.h */ = {isa = PBXFileReference; fileEncoding = 4; lastKnownFileType = sourcecode.c.h; path = ILight.h; sourceTree = "<group>"; };
		609D4D881768B54D00CA5A38 /* INuPatch.h */ = {isa = PBXFileReference; fileEncoding = 4; lastKnownFileType = sourcecode.c.h; path = INuPatch.h; sourceTree = "<group>"; };
		609D4D891768B54D00CA5A38 /* IPoints.h */ = {isa = PBXFileReference; fileEncoding = 4; lastKnownFileType = sourcecode.c.h; path = IPoints.h; sourceTree = "<group>"; };
		609D4D8A1768B54D00CA5A38 /* IPolyMesh.h */ = {isa = PBXFileReference; fileEncoding = 4; lastKnownFileType = sourcecode.c.h; path = IPolyMesh.h; sourceTree = "<group>"; };
		609D4D8B1768B54D00CA5A38 /* ISubD.h */ = {isa = PBXFileReference; fileEncoding = 4; lastKnownFileType = sourcecode.c.h; path = ISubD.h; sourceTree = "<group>"; };
		609D4D8C1768B54D00CA5A38 /* IXform.h */ = {isa = PBXFileReference; fileEncoding = 4; lastKnownFileType = sourcecode.c.h; path = IXform.h; sourceTree = "<group>"; };
		609D4D8D1768B54D00CA5A38 /* OCamera.h */ = {isa = PBXFileReference; fileEncoding = 4; lastKnownFileType = sourcecode.c.h; path = OCamera.h; sourceTree = "<group>"; };
		609D4D8E1768B54D00CA5A38 /* OCurves.h */ = {isa = PBXFileReference; fileEncoding = 4; lastKnownFileType = sourcecode.c.h; path = OCurves.h; sourceTree = "<group>"; };
		609D4D8F1768B54D00CA5A38 /* OFaceSet.h */ = {isa = PBXFileReference; fileEncoding = 4; lastKnownFileType = sourcecode.c.h; path = OFaceSet.h; sourceTree = "<group>"; };
		609D4D901768B54D00CA5A38 /* OGeomBase.h */ = {isa = PBXFileReference; fileEncoding = 4; lastKnownFileType = sourcecode.c.h; path = OGeomBase.h; sourceTree = "<group>"; };
		609D4D911768B54D00CA5A38 /* OGeomParam.h */ = {isa = PBXFileReference; fileEncoding = 4; lastKnownFileType = sourcecode.c.h; path = OGeomParam.h; sourceTree = "<group>"; };
		609D4D921768B54D00CA5A38 /* OLight.h */ = {isa = PBXFileReference; fileEncoding = 4; lastKnownFileType = sourcecode.c.h; path = OLight.h; sourceTree = "<group>"; };
		609D4D931768B54D00CA5A38 /* ONuPatch.h */ = {isa = PBXFileReference; fileEncoding = 4; lastKnownFileType = sourcecode.c.h; path = ONuPatch.h; sourceTree = "<group>"; };
		609D4D941768B54D00CA5A38 /* OPoints.h */ = {isa = PBXFileReference; fileEncoding = 4; lastKnownFileType = sourcecode.c.h; path = OPoints.h; sourceTree = "<group>"; };
		609D4D951768B54D00CA5A38 /* OPolyMesh.h */ = {isa = PBXFileReference; fileEncoding = 4; lastKnownFileType = sourcecode.c.h; path = OPolyMesh.h; sourceTree = "<group>"; };
		609D4D961768B54D00CA5A38 /* OSubD.h */ = {isa = PBXFileReference; fileEncoding = 4; lastKnownFileType = sourcecode.c.h; path = OSubD.h; sourceTree = "<group>"; };
		609D4D971768B54D00CA5A38 /* OXform.h */ = {isa = PBXFileReference; fileEncoding = 4; lastKnownFileType = sourcecode.c.h; path = OXform.h; sourceTree = "<group>"; };
		609D4D981768B54D00CA5A38 /* SchemaInfoDeclarations.h */ = {isa = PBXFileReference; fileEncoding = 4; lastKnownFileType = sourcecode.c.h; path = SchemaInfoDeclarations.h; sourceTree = "<group>"; };
		609D4D991768B54D00CA5A38 /* Visibility.h */ = {isa = PBXFileReference; fileEncoding = 4; lastKnownFileType = sourcecode.c.h; path = Visibility.h; sourceTree = "<group>"; };
		609D4D9A1768B54D00CA5A38 /* XformOp.h */ = {isa = PBXFileReference; fileEncoding = 4; lastKnownFileType = sourcecode.c.h; path = XformOp.h; sourceTree = "<group>"; };
		609D4D9B1768B54D00CA5A38 /* XformSample.h */ = {isa = PBXFileReference; fileEncoding = 4; lastKnownFileType = sourcecode.c.h; path = XformSample.h; sourceTree = "<group>"; };
		609D4D9D1768B54D00CA5A38 /* IMaterial.h */ = {isa = PBXFileReference; fileEncoding = 4; lastKnownFileType = sourcecode.c.h; path = IMaterial.h; sourceTree = "<group>"; };
		609D4D9E1768B54D00CA5A38 /* MaterialAssignment.h */ = {isa = PBXFileReference; fileEncoding = 4; lastKnownFileType = sourcecode.c.h; path = MaterialAssignment.h; sourceTree = "<group>"; };
		609D4D9F1768B54D00CA5A38 /* MaterialFlatten.h */ = {isa = PBXFileReference; fileEncoding = 4; lastKnownFileType = sourcecode.c.h; path = MaterialFlatten.h; sourceTree = "<group>"; };
		609D4DA01768B54D00CA5A38 /* OMaterial.h */ = {isa = PBXFileReference; fileEncoding = 4; lastKnownFileType = sourcecode.c.h; path = OMaterial.h; sourceTree = "<group>"; };
		609D4DA11768B54D00CA5A38 /* SchemaInfoDeclarations.h */ = {isa = PBXFileReference; fileEncoding = 4; lastKnownFileType = sourcecode.c.h; path = SchemaInfoDeclarations.h; sourceTree = "<group>"; };
		609D4DA31768B54D00CA5A38 /* All.h */ = {isa = PBXFileReference; fileEncoding = 4; lastKnownFileType = sourcecode.c.h; path = All.h; sourceTree = "<group>"; };
		609D4DA41768B54D00CA5A38 /* Digest.h */ = {isa = PBXFileReference; fileEncoding = 4; lastKnownFileType = sourcecode.c.h; path = Digest.h; sourceTree = "<group>"; };
		609D4DA51768B54D00CA5A38 /* Dimensions.h */ = {isa = PBXFileReference; fileEncoding = 4; lastKnownFileType = sourcecode.c.h; path = Dimensions.h; sourceTree = "<group>"; };
		609D4DA61768B54D00CA5A38 /* Exception.h */ = {isa = PBXFileReference; fileEncoding = 4; lastKnownFileType = sourcecode.c.h; path = Exception.h; sourceTree = "<group>"; };
		609D4DA71768B54D00CA5A38 /* Foundation.h */ = {isa = PBXFileReference; fileEncoding = 4; lastKnownFileType = sourcecode.c.h; path = Foundation.h; sourceTree = "<group>"; };
		609D4DA81768B54D00CA5A38 /* Murmur3.h */ = {isa = PBXFileReference; fileEncoding = 4; lastKnownFileType = sourcecode.c.h; path = Murmur3.h; sourceTree = "<group>"; };
		609D4DA91768B54D00CA5A38 /* Naming.h */ = {isa = PBXFileReference; fileEncoding = 4; lastKnownFileType = sourcecode.c.h; path = Naming.h; sourceTree = "<group>"; };
		609D4DAA1768B54D00CA5A38 /* OperatorBool.h */ = {isa = PBXFileReference; fileEncoding = 4; lastKnownFileType = sourcecode.c.h; path = OperatorBool.h; sourceTree = "<group>"; };
		609D4DAB1768B54D00CA5A38 /* PlainOldDataType.h */ = {isa = PBXFileReference; fileEncoding = 4; lastKnownFileType = sourcecode.c.h; path = PlainOldDataType.h; sourceTree = "<group>"; };
		609D4DAC1768B54D00CA5A38 /* TokenMap.h */ = {isa = PBXFileReference; fileEncoding = 4; lastKnownFileType = sourcecode.c.h; path = TokenMap.h; sourceTree = "<group>"; };
		609D4DAD1768B54D00CA5A38 /* H5ACpublic.h */ = {isa = PBXFileReference; fileEncoding = 4; lastKnownFileType = sourcecode.c.h; path = H5ACpublic.h; sourceTree = "<group>"; };
		609D4DAE1768B54D00CA5A38 /* H5api_adpt.h */ = {isa = PBXFileReference; fileEncoding = 4; lastKnownFileType = sourcecode.c.h; path = H5api_adpt.h; sourceTree = "<group>"; };
		609D4DAF1768B54D00CA5A38 /* H5Apublic.h */ = {isa = PBXFileReference; fileEncoding = 4; lastKnownFileType = sourcecode.c.h; path = H5Apublic.h; sourceTree = "<group>"; };
		609D4DB01768B54D00CA5A38 /* H5Cpublic.h */ = {isa = PBXFileReference; fileEncoding = 4; lastKnownFileType = sourcecode.c.h; path = H5Cpublic.h; sourceTree = "<group>"; };
		609D4DB11768B54D00CA5A38 /* H5DOpublic.h */ = {isa = PBXFileReference; fileEncoding = 4; lastKnownFileType = sourcecode.c.h; path = H5DOpublic.h; sourceTree = "<group>"; };
		609D4DB21768B54D00CA5A38 /* H5Dpublic.h */ = {isa = PBXFileReference; fileEncoding = 4; lastKnownFileType = sourcecode.c.h; path = H5Dpublic.h; sourceTree = "<group>"; };
		609D4DB31768B54D00CA5A38 /* H5DSpublic.h */ = {isa = PBXFileReference; fileEncoding = 4; lastKnownFileType = sourcecode.c.h; path = H5DSpublic.h; sourceTree = "<group>"; };
		609D4DB41768B54D00CA5A38 /* H5Epubgen.h */ = {isa = PBXFileReference; fileEncoding = 4; lastKnownFileType = sourcecode.c.h; path = H5Epubgen.h; sourceTree = "<group>"; };
		609D4DB51768B54D00CA5A38 /* H5Epublic.h */ = {isa = PBXFileReference; fileEncoding = 4; lastKnownFileType = sourcecode.c.h; path = H5Epublic.h; sourceTree = "<group>"; };
		609D4DB61768B54D00CA5A38 /* H5FDcore.h */ = {isa = PBXFileReference; fileEncoding = 4; lastKnownFileType = sourcecode.c.h; path = H5FDcore.h; sourceTree = "<group>"; };
		609D4DB71768B54D00CA5A38 /* H5FDdirect.h */ = {isa = PBXFileReference; fileEncoding = 4; lastKnownFileType = sourcecode.c.h; path = H5FDdirect.h; sourceTree = "<group>"; };
		609D4DB81768B54D00CA5A38 /* H5FDfamily.h */ = {isa = PBXFileReference; fileEncoding = 4; lastKnownFileType = sourcecode.c.h; path = H5FDfamily.h; sourceTree = "<group>"; };
		609D4DB91768B54D00CA5A38 /* H5FDlog.h */ = {isa = PBXFileReference; fileEncoding = 4; lastKnownFileType = sourcecode.c.h; path = H5FDlog.h; sourceTree = "<group>"; };
		609D4DBA1768B54D00CA5A38 /* H5FDmpi.h */ = {isa = PBXFileReference; fileEncoding = 4; lastKnownFileType = sourcecode.c.h; path = H5FDmpi.h; sourceTree = "<group>"; };
		609D4DBB1768B54D00CA5A38 /* H5FDmpio.h */ = {isa = PBXFileReference; fileEncoding = 4; lastKnownFileType = sourcecode.c.h; path = H5FDmpio.h; sourceTree = "<group>"; };
		609D4DBC1768B54D00CA5A38 /* H5FDmpiposix.h */ = {isa = PBXFileReference; fileEncoding = 4; lastKnownFileType = sourcecode.c.h; path = H5FDmpiposix.h; sourceTree = "<group>"; };
		609D4DBD1768B54D00CA5A38 /* H5FDmulti.h */ = {isa = PBXFileReference; fileEncoding = 4; lastKnownFileType = sourcecode.c.h; path = H5FDmulti.h; sourceTree = "<group>"; };
		609D4DBE1768B54D00CA5A38 /* H5FDpublic.h */ = {isa = PBXFileReference; fileEncoding = 4; lastKnownFileType = sourcecode.c.h; path = H5FDpublic.h; sourceTree = "<group>"; };
		609D4DBF1768B54D00CA5A38 /* H5FDsec2.h */ = {isa = PBXFileReference; fileEncoding = 4; lastKnownFileType = sourcecode.c.h; path = H5FDsec2.h; sourceTree = "<group>"; };
		609D4DC01768B54D00CA5A38 /* H5FDstdio.h */ = {isa = PBXFileReference; fileEncoding = 4; lastKnownFileType = sourcecode.c.h; path = H5FDstdio.h; sourceTree = "<group>"; };
		609D4DC11768B54D00CA5A38 /* H5Fpublic.h */ = {isa = PBXFileReference; fileEncoding = 4; lastKnownFileType = sourcecode.c.h; path = H5Fpublic.h; sourceTree = "<group>"; };
		609D4DC21768B54D00CA5A38 /* H5Gpublic.h */ = {isa = PBXFileReference; fileEncoding = 4; lastKnownFileType = sourcecode.c.h; path = H5Gpublic.h; sourceTree = "<group>"; };
		609D4DC31768B54D00CA5A38 /* H5IMpublic.h */ = {isa = PBXFileReference; fileEncoding = 4; lastKnownFileType = sourcecode.c.h; path = H5IMpublic.h; sourceTree = "<group>"; };
		609D4DC41768B54D00CA5A38 /* H5Ipublic.h */ = {isa = PBXFileReference; fileEncoding = 4; lastKnownFileType = sourcecode.c.h; path = H5Ipublic.h; sourceTree = "<group>"; };
		609D4DC51768B54D00CA5A38 /* H5Lpublic.h */ = {isa = PBXFileReference; fileEncoding = 4; lastKnownFileType = sourcecode.c.h; path = H5Lpublic.h; sourceTree = "<group>"; };
		609D4DC61768B54D00CA5A38 /* H5LTpublic.h */ = {isa = PBXFileReference; fileEncoding = 4; lastKnownFileType = sourcecode.c.h; path = H5LTpublic.h; sourceTree = "<group>"; };
		609D4DC71768B54D00CA5A38 /* H5MMpublic.h */ = {isa = PBXFileReference; fileEncoding = 4; lastKnownFileType = sourcecode.c.h; path = H5MMpublic.h; sourceTree = "<group>"; };
		609D4DC81768B54D00CA5A38 /* H5Opublic.h */ = {isa = PBXFileReference; fileEncoding = 4; lastKnownFileType = sourcecode.c.h; path = H5Opublic.h; sourceTree = "<group>"; };
		609D4DC91768B54D00CA5A38 /* H5overflow.h */ = {isa = PBXFileReference; fileEncoding = 4; lastKnownFileType = sourcecode.c.h; path = H5overflow.h; sourceTree = "<group>"; };
		609D4DCA1768B54D00CA5A38 /* H5PLextern.h */ = {isa = PBXFileReference; fileEncoding = 4; lastKnownFileType = sourcecode.c.h; path = H5PLextern.h; sourceTree = "<group>"; };
		609D4DCB1768B54D00CA5A38 /* H5Ppublic.h */ = {isa = PBXFileReference; fileEncoding = 4; lastKnownFileType = sourcecode.c.h; path = H5Ppublic.h; sourceTree = "<group>"; };
		609D4DCC1768B54D00CA5A38 /* H5PTpublic.h */ = {isa = PBXFileReference; fileEncoding = 4; lastKnownFileType = sourcecode.c.h; path = H5PTpublic.h; sourceTree = "<group>"; };
		609D4DCD1768B54D00CA5A38 /* H5pubconf.h */ = {isa = PBXFileReference; fileEncoding = 4; lastKnownFileType = sourcecode.c.h; path = H5pubconf.h; sourceTree = "<group>"; };
		609D4DCE1768B54D00CA5A38 /* H5public.h */ = {isa = PBXFileReference; fileEncoding = 4; lastKnownFileType = sourcecode.c.h; path = H5public.h; sourceTree = "<group>"; };
		609D4DCF1768B54D00CA5A38 /* H5Rpublic.h */ = {isa = PBXFileReference; fileEncoding = 4; lastKnownFileType = sourcecode.c.h; path = H5Rpublic.h; sourceTree = "<group>"; };
		609D4DD01768B54D00CA5A38 /* H5Spublic.h */ = {isa = PBXFileReference; fileEncoding = 4; lastKnownFileType = sourcecode.c.h; path = H5Spublic.h; sourceTree = "<group>"; };
		609D4DD11768B54D00CA5A38 /* H5TBpublic.h */ = {isa = PBXFileReference; fileEncoding = 4; lastKnownFileType = sourcecode.c.h; path = H5TBpublic.h; sourceTree = "<group>"; };
		609D4DD21768B54D00CA5A38 /* H5Tpublic.h */ = {isa = PBXFileReference; fileEncoding = 4; lastKnownFileType = sourcecode.c.h; path = H5Tpublic.h; sourceTree = "<group>"; };
		609D4DD31768B54D00CA5A38 /* H5version.h */ = {isa = PBXFileReference; fileEncoding = 4; lastKnownFileType = sourcecode.c.h; path = H5version.h; sourceTree = "<group>"; };
		609D4DD41768B54D00CA5A38 /* H5Zpublic.h */ = {isa = PBXFileReference; fileEncoding = 4; lastKnownFileType = sourcecode.c.h; path = H5Zpublic.h; sourceTree = "<group>"; };
		609D4DD51768B54D00CA5A38 /* hdf5.h */ = {isa = PBXFileReference; fileEncoding = 4; lastKnownFileType = sourcecode.c.h; path = hdf5.h; sourceTree = "<group>"; };
		609D4DD61768B54D00CA5A38 /* hdf5_hl.h */ = {isa = PBXFileReference; fileEncoding = 4; lastKnownFileType = sourcecode.c.h; path = hdf5_hl.h; sourceTree = "<group>"; };
		609D4DD81768B54D00CA5A38 /* half.h */ = {isa = PBXFileReference; fileEncoding = 4; lastKnownFileType = sourcecode.c.h; path = half.h; sourceTree = "<group>"; };
		609D4DD91768B54D00CA5A38 /* halfFunction.h */ = {isa = PBXFileReference; fileEncoding = 4; lastKnownFileType = sourcecode.c.h; path = halfFunction.h; sourceTree = "<group>"; };
		609D4DDA1768B54D00CA5A38 /* halfLimits.h */ = {isa = PBXFileReference; fileEncoding = 4; lastKnownFileType = sourcecode.c.h; path = halfLimits.h; sourceTree = "<group>"; };
		609D4DDB1768B54D00CA5A38 /* Iex.h */ = {isa = PBXFileReference; fileEncoding = 4; lastKnownFileType = sourcecode.c.h; path = Iex.h; sourceTree = "<group>"; };
		609D4DDC1768B54D00CA5A38 /* IexBaseExc.h */ = {isa = PBXFileReference; fileEncoding = 4; lastKnownFileType = sourcecode.c.h; path = IexBaseExc.h; sourceTree = "<group>"; };
		609D4DDD1768B54D00CA5A38 /* IexErrnoExc.h */ = {isa = PBXFileReference; fileEncoding = 4; lastKnownFileType = sourcecode.c.h; path = IexErrnoExc.h; sourceTree = "<group>"; };
		609D4DDE1768B54D00CA5A38 /* IexMacros.h */ = {isa = PBXFileReference; fileEncoding = 4; lastKnownFileType = sourcecode.c.h; path = IexMacros.h; sourceTree = "<group>"; };
		609D4DDF1768B54D00CA5A38 /* IexMathExc.h */ = {isa = PBXFileReference; fileEncoding = 4; lastKnownFileType = sourcecode.c.h; path = IexMathExc.h; sourceTree = "<group>"; };
		609D4DE01768B54D00CA5A38 /* IexThrowErrnoExc.h */ = {isa = PBXFileReference; fileEncoding = 4; lastKnownFileType = sourcecode.c.h; path = IexThrowErrnoExc.h; sourceTree = "<group>"; };
		609D4DE11768B54D00CA5A38 /* IlmBaseConfig.h */ = {isa = PBXFileReference; fileEncoding = 4; lastKnownFileType = sourcecode.c.h; path = IlmBaseConfig.h; sourceTree = "<group>"; };
		609D4DE21768B54D00CA5A38 /* IlmThread.h */ = {isa = PBXFileReference; fileEncoding = 4; lastKnownFileType = sourcecode.c.h; path = IlmThread.h; sourceTree = "<group>"; };
		609D4DE31768B54D00CA5A38 /* IlmThreadMutex.h */ = {isa = PBXFileReference; fileEncoding = 4; lastKnownFileType = sourcecode.c.h; path = IlmThreadMutex.h; sourceTree = "<group>"; };
		609D4DE41768B54D00CA5A38 /* IlmThreadPool.h */ = {isa = PBXFileReference; fileEncoding = 4; lastKnownFileType = sourcecode.c.h; path = IlmThreadPool.h; sourceTree = "<group>"; };
		609D4DE51768B54D00CA5A38 /* IlmThreadSemaphore.h */ = {isa = PBXFileReference; fileEncoding = 4; lastKnownFileType = sourcecode.c.h; path = IlmThreadSemaphore.h; sourceTree = "<group>"; };
		609D4DE61768B54D00CA5A38 /* ImathBox.h */ = {isa = PBXFileReference; fileEncoding = 4; lastKnownFileType = sourcecode.c.h; path = ImathBox.h; sourceTree = "<group>"; };
		609D4DE71768B54D00CA5A38 /* ImathBoxAlgo.h */ = {isa = PBXFileReference; fileEncoding = 4; lastKnownFileType = sourcecode.c.h; path = ImathBoxAlgo.h; sourceTree = "<group>"; };
		609D4DE81768B54D00CA5A38 /* ImathColor.h */ = {isa = PBXFileReference; fileEncoding = 4; lastKnownFileType = sourcecode.c.h; path = ImathColor.h; sourceTree = "<group>"; };
		609D4DE91768B54D00CA5A38 /* ImathColorAlgo.h */ = {isa = PBXFileReference; fileEncoding = 4; lastKnownFileType = sourcecode.c.h; path = ImathColorAlgo.h; sourceTree = "<group>"; };
		609D4DEA1768B54D00CA5A38 /* ImathEuler.h */ = {isa = PBXFileReference; fileEncoding = 4; lastKnownFileType = sourcecode.c.h; path = ImathEuler.h; sourceTree = "<group>"; };
		609D4DEB1768B54D00CA5A38 /* ImathExc.h */ = {isa = PBXFileReference; fileEncoding = 4; lastKnownFileType = sourcecode.c.h; path = ImathExc.h; sourceTree = "<group>"; };
		609D4DEC1768B54D00CA5A38 /* ImathFrame.h */ = {isa = PBXFileReference; fileEncoding = 4; lastKnownFileType = sourcecode.c.h; path = ImathFrame.h; sourceTree = "<group>"; };
		609D4DED1768B54D00CA5A38 /* ImathFrustum.h */ = {isa = PBXFileReference; fileEncoding = 4; lastKnownFileType = sourcecode.c.h; path = ImathFrustum.h; sourceTree = "<group>"; };
		609D4DEE1768B54D00CA5A38 /* ImathFun.h */ = {isa = PBXFileReference; fileEncoding = 4; lastKnownFileType = sourcecode.c.h; path = ImathFun.h; sourceTree = "<group>"; };
		609D4DEF1768B54D00CA5A38 /* ImathGL.h */ = {isa = PBXFileReference; fileEncoding = 4; lastKnownFileType = sourcecode.c.h; path = ImathGL.h; sourceTree = "<group>"; };
		609D4DF01768B54D00CA5A38 /* ImathGLU.h */ = {isa = PBXFileReference; fileEncoding = 4; lastKnownFileType = sourcecode.c.h; path = ImathGLU.h; sourceTree = "<group>"; };
		609D4DF11768B54D00CA5A38 /* ImathHalfLimits.h */ = {isa = PBXFileReference; fileEncoding = 4; lastKnownFileType = sourcecode.c.h; path = ImathHalfLimits.h; sourceTree = "<group>"; };
		609D4DF21768B54D00CA5A38 /* ImathInt64.h */ = {isa = PBXFileReference; fileEncoding = 4; lastKnownFileType = sourcecode.c.h; path = ImathInt64.h; sourceTree = "<group>"; };
		609D4DF31768B54D00CA5A38 /* ImathInterval.h */ = {isa = PBXFileReference; fileEncoding = 4; lastKnownFileType = sourcecode.c.h; path = ImathInterval.h; sourceTree = "<group>"; };
		609D4DF41768B54D00CA5A38 /* ImathLimits.h */ = {isa = PBXFileReference; fileEncoding = 4; lastKnownFileType = sourcecode.c.h; path = ImathLimits.h; sourceTree = "<group>"; };
		609D4DF51768B54D00CA5A38 /* ImathLine.h */ = {isa = PBXFileReference; fileEncoding = 4; lastKnownFileType = sourcecode.c.h; path = ImathLine.h; sourceTree = "<group>"; };
		609D4DF61768B54D00CA5A38 /* ImathLineAlgo.h */ = {isa = PBXFileReference; fileEncoding = 4; lastKnownFileType = sourcecode.c.h; path = ImathLineAlgo.h; sourceTree = "<group>"; };
		609D4DF71768B54D00CA5A38 /* ImathMath.h */ = {isa = PBXFileReference; fileEncoding = 4; lastKnownFileType = sourcecode.c.h; path = ImathMath.h; sourceTree = "<group>"; };
		609D4DF81768B54D00CA5A38 /* ImathMatrix.h */ = {isa = PBXFileReference; fileEncoding = 4; lastKnownFileType = sourcecode.c.h; path = ImathMatrix.h; sourceTree = "<group>"; };
		609D4DF91768B54D00CA5A38 /* ImathMatrixAlgo.h */ = {isa = PBXFileReference; fileEncoding = 4; lastKnownFileType = sourcecode.c.h; path = ImathMatrixAlgo.h; sourceTree = "<group>"; };
		609D4DFA1768B54D00CA5A38 /* ImathPlane.h */ = {isa = PBXFileReference; fileEncoding = 4; lastKnownFileType = sourcecode.c.h; path = ImathPlane.h; sourceTree = "<group>"; };
		609D4DFB1768B54D00CA5A38 /* ImathPlatform.h */ = {isa = PBXFileReference; fileEncoding = 4; lastKnownFileType = sourcecode.c.h; path = ImathPlatform.h; sourceTree = "<group>"; };
		609D4DFC1768B54D00CA5A38 /* ImathQuat.h */ = {isa = PBXFileReference; fileEncoding = 4; lastKnownFileType = sourcecode.c.h; path = ImathQuat.h; sourceTree = "<group>"; };
		609D4DFD1768B54D00CA5A38 /* ImathRandom.h */ = {isa = PBXFileReference; fileEncoding = 4; lastKnownFileType = sourcecode.c.h; path = ImathRandom.h; sourceTree = "<group>"; };
		609D4DFE1768B54D00CA5A38 /* ImathRoots.h */ = {isa = PBXFileReference; fileEncoding = 4; lastKnownFileType = sourcecode.c.h; path = ImathRoots.h; sourceTree = "<group>"; };
		609D4DFF1768B54D00CA5A38 /* ImathShear.h */ = {isa = PBXFileReference; fileEncoding = 4; lastKnownFileType = sourcecode.c.h; path = ImathShear.h; sourceTree = "<group>"; };
		609D4E001768B54D00CA5A38 /* ImathSphere.h */ = {isa = PBXFileReference; fileEncoding = 4; lastKnownFileType = sourcecode.c.h; path = ImathSphere.h; sourceTree = "<group>"; };
		609D4E011768B54D00CA5A38 /* ImathVec.h */ = {isa = PBXFileReference; fileEncoding = 4; lastKnownFileType = sourcecode.c.h; path = ImathVec.h; sourceTree = "<group>"; };
		609D4E021768B54D00CA5A38 /* ImathVecAlgo.h */ = {isa = PBXFileReference; fileEncoding = 4; lastKnownFileType = sourcecode.c.h; path = ImathVecAlgo.h; sourceTree = "<group>"; };
		609D4E031768B54D00CA5A38 /* ricehdf.h */ = {isa = PBXFileReference; fileEncoding = 4; lastKnownFileType = sourcecode.c.h; path = ricehdf.h; sourceTree = "<group>"; };
		609D4E041768B54D00CA5A38 /* szip_adpt.h */ = {isa = PBXFileReference; fileEncoding = 4; lastKnownFileType = sourcecode.c.h; path = szip_adpt.h; sourceTree = "<group>"; };
		609D4E051768B54D00CA5A38 /* szlib.h */ = {isa = PBXFileReference; fileEncoding = 4; lastKnownFileType = sourcecode.c.h; path = szlib.h; sourceTree = "<group>"; };
		609D4E081768B54D00CA5A38 /* libAlembicAbc.a */ = {isa = PBXFileReference; lastKnownFileType = archive.ar; path = libAlembicAbc.a; sourceTree = "<group>"; };
		609D4E091768B54D00CA5A38 /* libAlembicAbcCollection.a */ = {isa = PBXFileReference; lastKnownFileType = archive.ar; path = libAlembicAbcCollection.a; sourceTree = "<group>"; };
		609D4E0A1768B54D00CA5A38 /* libAlembicAbcCoreAbstract.a */ = {isa = PBXFileReference; lastKnownFileType = archive.ar; path = libAlembicAbcCoreAbstract.a; sourceTree = "<group>"; };
		609D4E0B1768B54D00CA5A38 /* libAlembicAbcCoreHDF5.a */ = {isa = PBXFileReference; lastKnownFileType = archive.ar; path = libAlembicAbcCoreHDF5.a; sourceTree = "<group>"; };
		609D4E0C1768B54D00CA5A38 /* libAlembicAbcGeom.a */ = {isa = PBXFileReference; lastKnownFileType = archive.ar; path = libAlembicAbcGeom.a; sourceTree = "<group>"; };
		609D4E0D1768B54D00CA5A38 /* libAlembicAbcMaterial.a */ = {isa = PBXFileReference; lastKnownFileType = archive.ar; path = libAlembicAbcMaterial.a; sourceTree = "<group>"; };
		609D4E0E1768B54D00CA5A38 /* libAlembicUtil.a */ = {isa = PBXFileReference; lastKnownFileType = archive.ar; path = libAlembicUtil.a; sourceTree = "<group>"; };
		609D4E0F1768B54D00CA5A38 /* libHalf.a */ = {isa = PBXFileReference; lastKnownFileType = archive.ar; path = libHalf.a; sourceTree = "<group>"; };
		609D4E101768B54D00CA5A38 /* libhdf5.a */ = {isa = PBXFileReference; lastKnownFileType = archive.ar; path = libhdf5.a; sourceTree = "<group>"; };
		609D4E111768B54D00CA5A38 /* libhdf5_hl.a */ = {isa = PBXFileReference; lastKnownFileType = archive.ar; path = libhdf5_hl.a; sourceTree = "<group>"; };
		609D4E121768B54D00CA5A38 /* libIex.a */ = {isa = PBXFileReference; lastKnownFileType = archive.ar; path = libIex.a; sourceTree = "<group>"; };
		609D4E131768B54D00CA5A38 /* libIlmThread.a */ = {isa = PBXFileReference; lastKnownFileType = archive.ar; path = libIlmThread.a; sourceTree = "<group>"; };
		609D4E141768B54D00CA5A38 /* libImath.a */ = {isa = PBXFileReference; lastKnownFileType = archive.ar; path = libImath.a; sourceTree = "<group>"; };
		609D4E151768B54D00CA5A38 /* libsz.a */ = {isa = PBXFileReference; lastKnownFileType = archive.ar; path = libsz.a; sourceTree = "<group>"; };
		60E43D1D17588A2000BEC268 /* ofxAlembicWriter.cpp */ = {isa = PBXFileReference; fileEncoding = 4; lastKnownFileType = sourcecode.cpp.cpp; path = ofxAlembicWriter.cpp; sourceTree = "<group>"; };
		60E43D1E17588A2000BEC268 /* ofxAlembicWriter.h */ = {isa = PBXFileReference; fileEncoding = 4; lastKnownFileType = sourcecode.c.h; path = ofxAlembicWriter.h; sourceTree = "<group>"; };
		60E43D20175895FC00BEC268 /* ofxAlembicType.h */ = {isa = PBXFileReference; fileEncoding = 4; lastKnownFileType = sourcecode.c.h; path = ofxAlembicType.h; sourceTree = "<group>"; };
		60E43D211758A45000BEC268 /* ofxAlembicType.cpp */ = {isa = PBXFileReference; fileEncoding = 4; lastKnownFileType = sourcecode.cpp.cpp; path = ofxAlembicType.cpp; sourceTree = "<group>"; };
		60E43D231758BDDD00BEC268 /* ofxAlembicUtil.h */ = {isa = PBXFileReference; fileEncoding = 4; lastKnownFileType = sourcecode.c.h; path = ofxAlembicUtil.h; sourceTree = "<group>"; };
		BBAB23BE13894E4700AA2426 /* GLUT.framework */ = {isa = PBXFileReference; lastKnownFileType = wrapper.framework; name = GLUT.framework; path = ../../../libs/glut/lib/osx/GLUT.framework; sourceTree = "<group>"; };
		E4328143138ABC890047C5CB /* openFrameworksLib.xcodeproj */ = {isa = PBXFileReference; lastKnownFileType = "wrapper.pb-project"; name = openFrameworksLib.xcodeproj; path = ../../../libs/openFrameworksCompiled/project/osx/openFrameworksLib.xcodeproj; sourceTree = SOURCE_ROOT; };
		E45BE9710E8CC7DD009D7055 /* AGL.framework */ = {isa = PBXFileReference; lastKnownFileType = wrapper.framework; name = AGL.framework; path = /System/Library/Frameworks/AGL.framework; sourceTree = "<absolute>"; };
		E45BE9720E8CC7DD009D7055 /* ApplicationServices.framework */ = {isa = PBXFileReference; lastKnownFileType = wrapper.framework; name = ApplicationServices.framework; path = /System/Library/Frameworks/ApplicationServices.framework; sourceTree = "<absolute>"; };
		E45BE9730E8CC7DD009D7055 /* AudioToolbox.framework */ = {isa = PBXFileReference; lastKnownFileType = wrapper.framework; name = AudioToolbox.framework; path = /System/Library/Frameworks/AudioToolbox.framework; sourceTree = "<absolute>"; };
		E45BE9740E8CC7DD009D7055 /* Carbon.framework */ = {isa = PBXFileReference; lastKnownFileType = wrapper.framework; name = Carbon.framework; path = /System/Library/Frameworks/Carbon.framework; sourceTree = "<absolute>"; };
		E45BE9750E8CC7DD009D7055 /* CoreAudio.framework */ = {isa = PBXFileReference; lastKnownFileType = wrapper.framework; name = CoreAudio.framework; path = /System/Library/Frameworks/CoreAudio.framework; sourceTree = "<absolute>"; };
		E45BE9760E8CC7DD009D7055 /* CoreFoundation.framework */ = {isa = PBXFileReference; lastKnownFileType = wrapper.framework; name = CoreFoundation.framework; path = /System/Library/Frameworks/CoreFoundation.framework; sourceTree = "<absolute>"; };
		E45BE9770E8CC7DD009D7055 /* CoreServices.framework */ = {isa = PBXFileReference; lastKnownFileType = wrapper.framework; name = CoreServices.framework; path = /System/Library/Frameworks/CoreServices.framework; sourceTree = "<absolute>"; };
		E45BE9790E8CC7DD009D7055 /* OpenGL.framework */ = {isa = PBXFileReference; lastKnownFileType = wrapper.framework; name = OpenGL.framework; path = /System/Library/Frameworks/OpenGL.framework; sourceTree = "<absolute>"; };
		E45BE97A0E8CC7DD009D7055 /* QuickTime.framework */ = {isa = PBXFileReference; lastKnownFileType = wrapper.framework; name = QuickTime.framework; path = /System/Library/Frameworks/QuickTime.framework; sourceTree = "<absolute>"; };
		E4B69B5B0A3A1756003C02F2 /* example-writeDebug.app */ = {isa = PBXFileReference; explicitFileType = wrapper.application; includeInIndex = 0; path = "example-writeDebug.app"; sourceTree = BUILT_PRODUCTS_DIR; };
		E4B69E1D0A3A1BDC003C02F2 /* main.cpp */ = {isa = PBXFileReference; fileEncoding = 30; lastKnownFileType = sourcecode.cpp.cpp; name = main.cpp; path = src/main.cpp; sourceTree = SOURCE_ROOT; };
		E4B69E1E0A3A1BDC003C02F2 /* testApp.cpp */ = {isa = PBXFileReference; explicitFileType = sourcecode.cpp.cpp; fileEncoding = 4; name = testApp.cpp; path = src/testApp.cpp; sourceTree = SOURCE_ROOT; };
		E4B69E1F0A3A1BDC003C02F2 /* testApp.h */ = {isa = PBXFileReference; fileEncoding = 30; lastKnownFileType = sourcecode.c.h; name = testApp.h; path = src/testApp.h; sourceTree = SOURCE_ROOT; };
		E4B6FCAD0C3E899E008CF71C /* openFrameworks-Info.plist */ = {isa = PBXFileReference; fileEncoding = 30; lastKnownFileType = text.plist.xml; path = "openFrameworks-Info.plist"; sourceTree = "<group>"; };
		E4C2424410CC5A17004149E2 /* AppKit.framework */ = {isa = PBXFileReference; lastKnownFileType = wrapper.framework; name = AppKit.framework; path = /System/Library/Frameworks/AppKit.framework; sourceTree = "<absolute>"; };
		E4C2424510CC5A17004149E2 /* Cocoa.framework */ = {isa = PBXFileReference; lastKnownFileType = wrapper.framework; name = Cocoa.framework; path = /System/Library/Frameworks/Cocoa.framework; sourceTree = "<absolute>"; };
		E4C2424610CC5A17004149E2 /* IOKit.framework */ = {isa = PBXFileReference; lastKnownFileType = wrapper.framework; name = IOKit.framework; path = /System/Library/Frameworks/IOKit.framework; sourceTree = "<absolute>"; };
		E4EB691F138AFCF100A09F29 /* CoreOF.xcconfig */ = {isa = PBXFileReference; fileEncoding = 4; lastKnownFileType = text.xcconfig; name = CoreOF.xcconfig; path = ../../../libs/openFrameworksCompiled/project/osx/CoreOF.xcconfig; sourceTree = SOURCE_ROOT; };
		E4EB6923138AFD0F00A09F29 /* Project.xcconfig */ = {isa = PBXFileReference; fileEncoding = 4; lastKnownFileType = text.xcconfig; path = Project.xcconfig; sourceTree = "<group>"; };
		E7E077E415D3B63C0020DFD4 /* CoreVideo.framework */ = {isa = PBXFileReference; lastKnownFileType = wrapper.framework; name = CoreVideo.framework; path = /System/Library/Frameworks/CoreVideo.framework; sourceTree = "<absolute>"; };
		E7E077E715D3B6510020DFD4 /* QTKit.framework */ = {isa = PBXFileReference; lastKnownFileType = wrapper.framework; name = QTKit.framework; path = /System/Library/Frameworks/QTKit.framework; sourceTree = "<absolute>"; };
		E7F985F515E0DE99003869B5 /* Accelerate.framework */ = {isa = PBXFileReference; lastKnownFileType = wrapper.framework; name = Accelerate.framework; path = /System/Library/Frameworks/Accelerate.framework; sourceTree = "<absolute>"; };
/* End PBXFileReference section */

/* Begin PBXFrameworksBuildPhase section */
		E4B69B590A3A1756003C02F2 /* Frameworks */ = {
			isa = PBXFrameworksBuildPhase;
			buildActionMask = 2147483647;
			files = (
				E7F985F815E0DEA3003869B5 /* Accelerate.framework in Frameworks */,
				E7E077E815D3B6510020DFD4 /* QTKit.framework in Frameworks */,
				E4EB6799138ADC1D00A09F29 /* GLUT.framework in Frameworks */,
				E4328149138ABC9F0047C5CB /* openFrameworksDebug.a in Frameworks */,
				E45BE97B0E8CC7DD009D7055 /* AGL.framework in Frameworks */,
				E45BE97C0E8CC7DD009D7055 /* ApplicationServices.framework in Frameworks */,
				E45BE97D0E8CC7DD009D7055 /* AudioToolbox.framework in Frameworks */,
				E45BE97E0E8CC7DD009D7055 /* Carbon.framework in Frameworks */,
				E45BE97F0E8CC7DD009D7055 /* CoreAudio.framework in Frameworks */,
				E45BE9800E8CC7DD009D7055 /* CoreFoundation.framework in Frameworks */,
				E45BE9810E8CC7DD009D7055 /* CoreServices.framework in Frameworks */,
				E45BE9830E8CC7DD009D7055 /* OpenGL.framework in Frameworks */,
				E45BE9840E8CC7DD009D7055 /* QuickTime.framework in Frameworks */,
				E4C2424710CC5A17004149E2 /* AppKit.framework in Frameworks */,
				E4C2424810CC5A17004149E2 /* Cocoa.framework in Frameworks */,
				E4C2424910CC5A17004149E2 /* IOKit.framework in Frameworks */,
				E7E077E515D3B63C0020DFD4 /* CoreVideo.framework in Frameworks */,
				609D4E161768B54D00CA5A38 /* libAlembicAbc.a in Frameworks */,
				609D4E171768B54D00CA5A38 /* libAlembicAbcCollection.a in Frameworks */,
				609D4E181768B54D00CA5A38 /* libAlembicAbcCoreAbstract.a in Frameworks */,
				609D4E191768B54D00CA5A38 /* libAlembicAbcCoreHDF5.a in Frameworks */,
				609D4E1A1768B54D00CA5A38 /* libAlembicAbcGeom.a in Frameworks */,
				609D4E1B1768B54D00CA5A38 /* libAlembicAbcMaterial.a in Frameworks */,
				609D4E1C1768B54D00CA5A38 /* libAlembicUtil.a in Frameworks */,
				609D4E1D1768B54D00CA5A38 /* libHalf.a in Frameworks */,
				609D4E1E1768B54D00CA5A38 /* libhdf5.a in Frameworks */,
				609D4E1F1768B54D00CA5A38 /* libhdf5_hl.a in Frameworks */,
				609D4E201768B54D00CA5A38 /* libIex.a in Frameworks */,
				609D4E211768B54D00CA5A38 /* libIlmThread.a in Frameworks */,
				609D4E221768B54D00CA5A38 /* libImath.a in Frameworks */,
				609D4E231768B54D00CA5A38 /* libsz.a in Frameworks */,
			);
			runOnlyForDeploymentPostprocessing = 0;
		};
/* End PBXFrameworksBuildPhase section */

/* Begin PBXGroup section */
		6031A4ED171A456700798320 /* ofxAlembic */ = {
			isa = PBXGroup;
			children = (
				60E43C121757746500BEC268 /* libs */,
				60373136171D2DF0005982EE /* src */,
			);
			name = ofxAlembic;
			sourceTree = "<group>";
		};
		60373136171D2DF0005982EE /* src */ = {
			isa = PBXGroup;
			children = (
				607AF078175C64C90026162C /* ofxAlembicUtil.cpp */,
				60E43D231758BDDD00BEC268 /* ofxAlembicUtil.h */,
				60E43D1D17588A2000BEC268 /* ofxAlembicWriter.cpp */,
				60E43D1E17588A2000BEC268 /* ofxAlembicWriter.h */,
				60373137171D2DF0005982EE /* ofxAlembicReader.cpp */,
				60373138171D2DF0005982EE /* ofxAlembicReader.h */,
				60323E801756899200520DB8 /* ofxAlembic.h */,
				60E43D20175895FC00BEC268 /* ofxAlembicType.h */,
				60E43D211758A45000BEC268 /* ofxAlembicType.cpp */,
			);
			name = src;
			path = ../src;
			sourceTree = "<group>";
		};
		609D4D351768B54D00CA5A38 /* alembic */ = {
			isa = PBXGroup;
			children = (
				609D4D361768B54D00CA5A38 /* include */,
				609D4E061768B54D00CA5A38 /* lib */,
			);
			path = alembic;
			sourceTree = "<group>";
		};
		609D4D361768B54D00CA5A38 /* include */ = {
			isa = PBXGroup;
			children = (
				609D4D371768B54D00CA5A38 /* Alembic */,
				609D4DAD1768B54D00CA5A38 /* H5ACpublic.h */,
				609D4DAE1768B54D00CA5A38 /* H5api_adpt.h */,
				609D4DAF1768B54D00CA5A38 /* H5Apublic.h */,
				609D4DB01768B54D00CA5A38 /* H5Cpublic.h */,
				609D4DB11768B54D00CA5A38 /* H5DOpublic.h */,
				609D4DB21768B54D00CA5A38 /* H5Dpublic.h */,
				609D4DB31768B54D00CA5A38 /* H5DSpublic.h */,
				609D4DB41768B54D00CA5A38 /* H5Epubgen.h */,
				609D4DB51768B54D00CA5A38 /* H5Epublic.h */,
				609D4DB61768B54D00CA5A38 /* H5FDcore.h */,
				609D4DB71768B54D00CA5A38 /* H5FDdirect.h */,
				609D4DB81768B54D00CA5A38 /* H5FDfamily.h */,
				609D4DB91768B54D00CA5A38 /* H5FDlog.h */,
				609D4DBA1768B54D00CA5A38 /* H5FDmpi.h */,
				609D4DBB1768B54D00CA5A38 /* H5FDmpio.h */,
				609D4DBC1768B54D00CA5A38 /* H5FDmpiposix.h */,
				609D4DBD1768B54D00CA5A38 /* H5FDmulti.h */,
				609D4DBE1768B54D00CA5A38 /* H5FDpublic.h */,
				609D4DBF1768B54D00CA5A38 /* H5FDsec2.h */,
				609D4DC01768B54D00CA5A38 /* H5FDstdio.h */,
				609D4DC11768B54D00CA5A38 /* H5Fpublic.h */,
				609D4DC21768B54D00CA5A38 /* H5Gpublic.h */,
				609D4DC31768B54D00CA5A38 /* H5IMpublic.h */,
				609D4DC41768B54D00CA5A38 /* H5Ipublic.h */,
				609D4DC51768B54D00CA5A38 /* H5Lpublic.h */,
				609D4DC61768B54D00CA5A38 /* H5LTpublic.h */,
				609D4DC71768B54D00CA5A38 /* H5MMpublic.h */,
				609D4DC81768B54D00CA5A38 /* H5Opublic.h */,
				609D4DC91768B54D00CA5A38 /* H5overflow.h */,
				609D4DCA1768B54D00CA5A38 /* H5PLextern.h */,
				609D4DCB1768B54D00CA5A38 /* H5Ppublic.h */,
				609D4DCC1768B54D00CA5A38 /* H5PTpublic.h */,
				609D4DCD1768B54D00CA5A38 /* H5pubconf.h */,
				609D4DCE1768B54D00CA5A38 /* H5public.h */,
				609D4DCF1768B54D00CA5A38 /* H5Rpublic.h */,
				609D4DD01768B54D00CA5A38 /* H5Spublic.h */,
				609D4DD11768B54D00CA5A38 /* H5TBpublic.h */,
				609D4DD21768B54D00CA5A38 /* H5Tpublic.h */,
				609D4DD31768B54D00CA5A38 /* H5version.h */,
				609D4DD41768B54D00CA5A38 /* H5Zpublic.h */,
				609D4DD51768B54D00CA5A38 /* hdf5.h */,
				609D4DD61768B54D00CA5A38 /* hdf5_hl.h */,
				609D4DD71768B54D00CA5A38 /* OpenEXR */,
				609D4E031768B54D00CA5A38 /* ricehdf.h */,
				609D4E041768B54D00CA5A38 /* szip_adpt.h */,
				609D4E051768B54D00CA5A38 /* szlib.h */,
			);
			path = include;
			sourceTree = "<group>";
		};
		609D4D371768B54D00CA5A38 /* Alembic */ = {
			isa = PBXGroup;
			children = (
				609D4D381768B54D00CA5A38 /* Abc */,
				609D4D561768B54D00CA5A38 /* AbcCollection */,
				609D4D5B1768B54D00CA5A38 /* AbcCoreAbstract */,
				609D4D751768B54D00CA5A38 /* AbcCoreHDF5 */,
				609D4D781768B54D00CA5A38 /* AbcGeom */,
				609D4D9C1768B54D00CA5A38 /* AbcMaterial */,
				609D4DA21768B54D00CA5A38 /* Util */,
			);
			path = Alembic;
			sourceTree = "<group>";
		};
		609D4D381768B54D00CA5A38 /* Abc */ = {
			isa = PBXGroup;
			children = (
				609D4D391768B54D00CA5A38 /* All.h */,
				609D4D3A1768B54D00CA5A38 /* ArchiveInfo.h */,
				609D4D3B1768B54D00CA5A38 /* Argument.h */,
				609D4D3C1768B54D00CA5A38 /* Base.h */,
				609D4D3D1768B54D00CA5A38 /* ErrorHandler.h */,
				609D4D3E1768B54D00CA5A38 /* Foundation.h */,
				609D4D3F1768B54D00CA5A38 /* IArchive.h */,
				609D4D401768B54D00CA5A38 /* IArrayProperty.h */,
				609D4D411768B54D00CA5A38 /* IBaseProperty.h */,
				609D4D421768B54D00CA5A38 /* ICompoundProperty.h */,
				609D4D431768B54D00CA5A38 /* IObject.h */,
				609D4D441768B54D00CA5A38 /* ISampleSelector.h */,
				609D4D451768B54D00CA5A38 /* IScalarProperty.h */,
				609D4D461768B54D00CA5A38 /* ISchema.h */,
				609D4D471768B54D00CA5A38 /* ISchemaObject.h */,
				609D4D481768B54D00CA5A38 /* ITypedArrayProperty.h */,
				609D4D491768B54D00CA5A38 /* ITypedScalarProperty.h */,
				609D4D4A1768B54D00CA5A38 /* OArchive.h */,
				609D4D4B1768B54D00CA5A38 /* OArrayProperty.h */,
				609D4D4C1768B54D00CA5A38 /* OBaseProperty.h */,
				609D4D4D1768B54D00CA5A38 /* OCompoundProperty.h */,
				609D4D4E1768B54D00CA5A38 /* OObject.h */,
				609D4D4F1768B54D00CA5A38 /* OScalarProperty.h */,
				609D4D501768B54D00CA5A38 /* OSchema.h */,
				609D4D511768B54D00CA5A38 /* OSchemaObject.h */,
				609D4D521768B54D00CA5A38 /* OTypedArrayProperty.h */,
				609D4D531768B54D00CA5A38 /* OTypedScalarProperty.h */,
				609D4D541768B54D00CA5A38 /* TypedArraySample.h */,
				609D4D551768B54D00CA5A38 /* TypedPropertyTraits.h */,
			);
			path = Abc;
			sourceTree = "<group>";
		};
		609D4D561768B54D00CA5A38 /* AbcCollection */ = {
			isa = PBXGroup;
			children = (
				609D4D571768B54D00CA5A38 /* All.h */,
				609D4D581768B54D00CA5A38 /* ICollections.h */,
				609D4D591768B54D00CA5A38 /* OCollections.h */,
				609D4D5A1768B54D00CA5A38 /* SchemaInfoDeclarations.h */,
			);
			path = AbcCollection;
			sourceTree = "<group>";
		};
		609D4D5B1768B54D00CA5A38 /* AbcCoreAbstract */ = {
			isa = PBXGroup;
			children = (
				609D4D5C1768B54D00CA5A38 /* All.h */,
				609D4D5D1768B54D00CA5A38 /* ArchiveReader.h */,
				609D4D5E1768B54D00CA5A38 /* ArchiveWriter.h */,
				609D4D5F1768B54D00CA5A38 /* ArrayPropertyReader.h */,
				609D4D601768B54D00CA5A38 /* ArrayPropertyWriter.h */,
				609D4D611768B54D00CA5A38 /* ArraySample.h */,
				609D4D621768B54D00CA5A38 /* ArraySampleKey.h */,
				609D4D631768B54D00CA5A38 /* BasePropertyReader.h */,
				609D4D641768B54D00CA5A38 /* BasePropertyWriter.h */,
				609D4D651768B54D00CA5A38 /* CompoundPropertyReader.h */,
				609D4D661768B54D00CA5A38 /* CompoundPropertyWriter.h */,
				609D4D671768B54D00CA5A38 /* DataType.h */,
				609D4D681768B54D00CA5A38 /* ForwardDeclarations.h */,
				609D4D691768B54D00CA5A38 /* Foundation.h */,
				609D4D6A1768B54D00CA5A38 /* MetaData.h */,
				609D4D6B1768B54D00CA5A38 /* ObjectHeader.h */,
				609D4D6C1768B54D00CA5A38 /* ObjectReader.h */,
				609D4D6D1768B54D00CA5A38 /* ObjectWriter.h */,
				609D4D6E1768B54D00CA5A38 /* PropertyHeader.h */,
				609D4D6F1768B54D00CA5A38 /* ReadArraySampleCache.h */,
				609D4D701768B54D00CA5A38 /* ScalarPropertyReader.h */,
				609D4D711768B54D00CA5A38 /* ScalarPropertyWriter.h */,
				609D4D721768B54D00CA5A38 /* ScalarSample.h */,
				609D4D731768B54D00CA5A38 /* TimeSampling.h */,
				609D4D741768B54D00CA5A38 /* TimeSamplingType.h */,
			);
			path = AbcCoreAbstract;
			sourceTree = "<group>";
		};
		609D4D751768B54D00CA5A38 /* AbcCoreHDF5 */ = {
			isa = PBXGroup;
			children = (
				609D4D761768B54D00CA5A38 /* All.h */,
				609D4D771768B54D00CA5A38 /* ReadWrite.h */,
			);
			path = AbcCoreHDF5;
			sourceTree = "<group>";
		};
		609D4D781768B54D00CA5A38 /* AbcGeom */ = {
			isa = PBXGroup;
			children = (
				609D4D791768B54D00CA5A38 /* All.h */,
				609D4D7A1768B54D00CA5A38 /* ArchiveBounds.h */,
				609D4D7B1768B54D00CA5A38 /* Basis.h */,
				609D4D7C1768B54D00CA5A38 /* CameraSample.h */,
				609D4D7D1768B54D00CA5A38 /* CurveType.h */,
				609D4D7E1768B54D00CA5A38 /* FaceSetExclusivity.h */,
				609D4D7F1768B54D00CA5A38 /* FilmBackXformOp.h */,
				609D4D801768B54D00CA5A38 /* Foundation.h */,
				609D4D811768B54D00CA5A38 /* GeometryScope.h */,
				609D4D821768B54D00CA5A38 /* ICamera.h */,
				609D4D831768B54D00CA5A38 /* ICurves.h */,
				609D4D841768B54D00CA5A38 /* IFaceSet.h */,
				609D4D851768B54D00CA5A38 /* IGeomBase.h */,
				609D4D861768B54D00CA5A38 /* IGeomParam.h */,
				609D4D871768B54D00CA5A38 /* ILight.h */,
				609D4D881768B54D00CA5A38 /* INuPatch.h */,
				609D4D891768B54D00CA5A38 /* IPoints.h */,
				609D4D8A1768B54D00CA5A38 /* IPolyMesh.h */,
				609D4D8B1768B54D00CA5A38 /* ISubD.h */,
				609D4D8C1768B54D00CA5A38 /* IXform.h */,
				609D4D8D1768B54D00CA5A38 /* OCamera.h */,
				609D4D8E1768B54D00CA5A38 /* OCurves.h */,
				609D4D8F1768B54D00CA5A38 /* OFaceSet.h */,
				609D4D901768B54D00CA5A38 /* OGeomBase.h */,
				609D4D911768B54D00CA5A38 /* OGeomParam.h */,
				609D4D921768B54D00CA5A38 /* OLight.h */,
				609D4D931768B54D00CA5A38 /* ONuPatch.h */,
				609D4D941768B54D00CA5A38 /* OPoints.h */,
				609D4D951768B54D00CA5A38 /* OPolyMesh.h */,
				609D4D961768B54D00CA5A38 /* OSubD.h */,
				609D4D971768B54D00CA5A38 /* OXform.h */,
				609D4D981768B54D00CA5A38 /* SchemaInfoDeclarations.h */,
				609D4D991768B54D00CA5A38 /* Visibility.h */,
				609D4D9A1768B54D00CA5A38 /* XformOp.h */,
				609D4D9B1768B54D00CA5A38 /* XformSample.h */,
			);
			path = AbcGeom;
			sourceTree = "<group>";
		};
		609D4D9C1768B54D00CA5A38 /* AbcMaterial */ = {
			isa = PBXGroup;
			children = (
				609D4D9D1768B54D00CA5A38 /* IMaterial.h */,
				609D4D9E1768B54D00CA5A38 /* MaterialAssignment.h */,
				609D4D9F1768B54D00CA5A38 /* MaterialFlatten.h */,
				609D4DA01768B54D00CA5A38 /* OMaterial.h */,
				609D4DA11768B54D00CA5A38 /* SchemaInfoDeclarations.h */,
			);
			path = AbcMaterial;
			sourceTree = "<group>";
		};
		609D4DA21768B54D00CA5A38 /* Util */ = {
			isa = PBXGroup;
			children = (
				609D4DA31768B54D00CA5A38 /* All.h */,
				609D4DA41768B54D00CA5A38 /* Digest.h */,
				609D4DA51768B54D00CA5A38 /* Dimensions.h */,
				609D4DA61768B54D00CA5A38 /* Exception.h */,
				609D4DA71768B54D00CA5A38 /* Foundation.h */,
				609D4DA81768B54D00CA5A38 /* Murmur3.h */,
				609D4DA91768B54D00CA5A38 /* Naming.h */,
				609D4DAA1768B54D00CA5A38 /* OperatorBool.h */,
				609D4DAB1768B54D00CA5A38 /* PlainOldDataType.h */,
				609D4DAC1768B54D00CA5A38 /* TokenMap.h */,
			);
			path = Util;
			sourceTree = "<group>";
		};
		609D4DD71768B54D00CA5A38 /* OpenEXR */ = {
			isa = PBXGroup;
			children = (
				609D4DD81768B54D00CA5A38 /* half.h */,
				609D4DD91768B54D00CA5A38 /* halfFunction.h */,
				609D4DDA1768B54D00CA5A38 /* halfLimits.h */,
				609D4DDB1768B54D00CA5A38 /* Iex.h */,
				609D4DDC1768B54D00CA5A38 /* IexBaseExc.h */,
				609D4DDD1768B54D00CA5A38 /* IexErrnoExc.h */,
				609D4DDE1768B54D00CA5A38 /* IexMacros.h */,
				609D4DDF1768B54D00CA5A38 /* IexMathExc.h */,
				609D4DE01768B54D00CA5A38 /* IexThrowErrnoExc.h */,
				609D4DE11768B54D00CA5A38 /* IlmBaseConfig.h */,
				609D4DE21768B54D00CA5A38 /* IlmThread.h */,
				609D4DE31768B54D00CA5A38 /* IlmThreadMutex.h */,
				609D4DE41768B54D00CA5A38 /* IlmThreadPool.h */,
				609D4DE51768B54D00CA5A38 /* IlmThreadSemaphore.h */,
				609D4DE61768B54D00CA5A38 /* ImathBox.h */,
				609D4DE71768B54D00CA5A38 /* ImathBoxAlgo.h */,
				609D4DE81768B54D00CA5A38 /* ImathColor.h */,
				609D4DE91768B54D00CA5A38 /* ImathColorAlgo.h */,
				609D4DEA1768B54D00CA5A38 /* ImathEuler.h */,
				609D4DEB1768B54D00CA5A38 /* ImathExc.h */,
				609D4DEC1768B54D00CA5A38 /* ImathFrame.h */,
				609D4DED1768B54D00CA5A38 /* ImathFrustum.h */,
				609D4DEE1768B54D00CA5A38 /* ImathFun.h */,
				609D4DEF1768B54D00CA5A38 /* ImathGL.h */,
				609D4DF01768B54D00CA5A38 /* ImathGLU.h */,
				609D4DF11768B54D00CA5A38 /* ImathHalfLimits.h */,
				609D4DF21768B54D00CA5A38 /* ImathInt64.h */,
				609D4DF31768B54D00CA5A38 /* ImathInterval.h */,
				609D4DF41768B54D00CA5A38 /* ImathLimits.h */,
				609D4DF51768B54D00CA5A38 /* ImathLine.h */,
				609D4DF61768B54D00CA5A38 /* ImathLineAlgo.h */,
				609D4DF71768B54D00CA5A38 /* ImathMath.h */,
				609D4DF81768B54D00CA5A38 /* ImathMatrix.h */,
				609D4DF91768B54D00CA5A38 /* ImathMatrixAlgo.h */,
				609D4DFA1768B54D00CA5A38 /* ImathPlane.h */,
				609D4DFB1768B54D00CA5A38 /* ImathPlatform.h */,
				609D4DFC1768B54D00CA5A38 /* ImathQuat.h */,
				609D4DFD1768B54D00CA5A38 /* ImathRandom.h */,
				609D4DFE1768B54D00CA5A38 /* ImathRoots.h */,
				609D4DFF1768B54D00CA5A38 /* ImathShear.h */,
				609D4E001768B54D00CA5A38 /* ImathSphere.h */,
				609D4E011768B54D00CA5A38 /* ImathVec.h */,
				609D4E021768B54D00CA5A38 /* ImathVecAlgo.h */,
			);
			path = OpenEXR;
			sourceTree = "<group>";
		};
		609D4E061768B54D00CA5A38 /* lib */ = {
			isa = PBXGroup;
			children = (
				609D4E071768B54D00CA5A38 /* osx */,
			);
			path = lib;
			sourceTree = "<group>";
		};
		609D4E071768B54D00CA5A38 /* osx */ = {
			isa = PBXGroup;
			children = (
				609D4E081768B54D00CA5A38 /* libAlembicAbc.a */,
				609D4E091768B54D00CA5A38 /* libAlembicAbcCollection.a */,
				609D4E0A1768B54D00CA5A38 /* libAlembicAbcCoreAbstract.a */,
				609D4E0B1768B54D00CA5A38 /* libAlembicAbcCoreHDF5.a */,
				609D4E0C1768B54D00CA5A38 /* libAlembicAbcGeom.a */,
				609D4E0D1768B54D00CA5A38 /* libAlembicAbcMaterial.a */,
				609D4E0E1768B54D00CA5A38 /* libAlembicUtil.a */,
				609D4E0F1768B54D00CA5A38 /* libHalf.a */,
				609D4E101768B54D00CA5A38 /* libhdf5.a */,
				609D4E111768B54D00CA5A38 /* libhdf5_hl.a */,
				609D4E121768B54D00CA5A38 /* libIex.a */,
				609D4E131768B54D00CA5A38 /* libIlmThread.a */,
				609D4E141768B54D00CA5A38 /* libImath.a */,
				609D4E151768B54D00CA5A38 /* libsz.a */,
			);
			path = osx;
			sourceTree = "<group>";
		};
		60E43C121757746500BEC268 /* libs */ = {
			isa = PBXGroup;
			children = (
				609D4D351768B54D00CA5A38 /* alembic */,
			);
			name = libs;
			path = ../libs;
			sourceTree = "<group>";
		};
		BB4B014C10F69532006C3DED /* addons */ = {
			isa = PBXGroup;
			children = (
				6031A4ED171A456700798320 /* ofxAlembic */,
			);
			name = addons;
			sourceTree = "<group>";
		};
		BBAB23C913894ECA00AA2426 /* system frameworks */ = {
			isa = PBXGroup;
			children = (
				E7F985F515E0DE99003869B5 /* Accelerate.framework */,
				E4C2424410CC5A17004149E2 /* AppKit.framework */,
				E4C2424510CC5A17004149E2 /* Cocoa.framework */,
				E4C2424610CC5A17004149E2 /* IOKit.framework */,
				E45BE9710E8CC7DD009D7055 /* AGL.framework */,
				E45BE9720E8CC7DD009D7055 /* ApplicationServices.framework */,
				E45BE9730E8CC7DD009D7055 /* AudioToolbox.framework */,
				E45BE9740E8CC7DD009D7055 /* Carbon.framework */,
				E45BE9750E8CC7DD009D7055 /* CoreAudio.framework */,
				E45BE9760E8CC7DD009D7055 /* CoreFoundation.framework */,
				E45BE9770E8CC7DD009D7055 /* CoreServices.framework */,
				E45BE9790E8CC7DD009D7055 /* OpenGL.framework */,
				E45BE97A0E8CC7DD009D7055 /* QuickTime.framework */,
				E7E077E415D3B63C0020DFD4 /* CoreVideo.framework */,
				E7E077E715D3B6510020DFD4 /* QTKit.framework */,
			);
			name = "system frameworks";
			sourceTree = "<group>";
		};
		BBAB23CA13894EDB00AA2426 /* 3rd party frameworks */ = {
			isa = PBXGroup;
			children = (
				BBAB23BE13894E4700AA2426 /* GLUT.framework */,
			);
			name = "3rd party frameworks";
			sourceTree = "<group>";
		};
		E4328144138ABC890047C5CB /* Products */ = {
			isa = PBXGroup;
			children = (
				E4328148138ABC890047C5CB /* openFrameworksDebug.a */,
			);
			name = Products;
			sourceTree = "<group>";
		};
		E45BE5980E8CC70C009D7055 /* frameworks */ = {
			isa = PBXGroup;
			children = (
				BBAB23CA13894EDB00AA2426 /* 3rd party frameworks */,
				BBAB23C913894ECA00AA2426 /* system frameworks */,
			);
			name = frameworks;
			sourceTree = "<group>";
		};
		E4B69B4A0A3A1720003C02F2 = {
			isa = PBXGroup;
			children = (
				E4B6FCAD0C3E899E008CF71C /* openFrameworks-Info.plist */,
				E4EB6923138AFD0F00A09F29 /* Project.xcconfig */,
				E4B69E1C0A3A1BDC003C02F2 /* src */,
				E4EEC9E9138DF44700A80321 /* openFrameworks */,
				BB4B014C10F69532006C3DED /* addons */,
				E45BE5980E8CC70C009D7055 /* frameworks */,
				E4B69B5B0A3A1756003C02F2 /* example-writeDebug.app */,
			);
			sourceTree = "<group>";
		};
		E4B69E1C0A3A1BDC003C02F2 /* src */ = {
			isa = PBXGroup;
			children = (
				E4B69E1D0A3A1BDC003C02F2 /* main.cpp */,
				E4B69E1E0A3A1BDC003C02F2 /* testApp.cpp */,
				E4B69E1F0A3A1BDC003C02F2 /* testApp.h */,
			);
			path = src;
			sourceTree = SOURCE_ROOT;
		};
		E4EEC9E9138DF44700A80321 /* openFrameworks */ = {
			isa = PBXGroup;
			children = (
				E4EB691F138AFCF100A09F29 /* CoreOF.xcconfig */,
				E4328143138ABC890047C5CB /* openFrameworksLib.xcodeproj */,
			);
			name = openFrameworks;
			sourceTree = "<group>";
		};
/* End PBXGroup section */

/* Begin PBXNativeTarget section */
		E4B69B5A0A3A1756003C02F2 /* example-write */ = {
			isa = PBXNativeTarget;
			buildConfigurationList = E4B69B5F0A3A1757003C02F2 /* Build configuration list for PBXNativeTarget "example-write" */;
			buildPhases = (
				E4B69B580A3A1756003C02F2 /* Sources */,
				E4B69B590A3A1756003C02F2 /* Frameworks */,
				E4B6FFFD0C3F9AB9008CF71C /* ShellScript */,
				E4C2427710CC5ABF004149E2 /* CopyFiles */,
			);
			buildRules = (
			);
			dependencies = (
				E4EEB9AC138B136A00A80321 /* PBXTargetDependency */,
			);
			name = "example-write";
			productName = myOFApp;
			productReference = E4B69B5B0A3A1756003C02F2 /* example-writeDebug.app */;
			productType = "com.apple.product-type.application";
		};
/* End PBXNativeTarget section */

/* Begin PBXProject section */
		E4B69B4C0A3A1720003C02F2 /* Project object */ = {
			isa = PBXProject;
			buildConfigurationList = E4B69B4D0A3A1720003C02F2 /* Build configuration list for PBXProject "example-write" */;
			compatibilityVersion = "Xcode 2.4";
			developmentRegion = English;
			hasScannedForEncodings = 0;
			knownRegions = (
				English,
				Japanese,
				French,
				German,
			);
			mainGroup = E4B69B4A0A3A1720003C02F2;
			productRefGroup = E4B69B4A0A3A1720003C02F2;
			projectDirPath = "";
			projectReferences = (
				{
					ProductGroup = E4328144138ABC890047C5CB /* Products */;
					ProjectRef = E4328143138ABC890047C5CB /* openFrameworksLib.xcodeproj */;
				},
			);
			projectRoot = "";
			targets = (
				E4B69B5A0A3A1756003C02F2 /* example-write */,
			);
		};
/* End PBXProject section */

/* Begin PBXReferenceProxy section */
		E4328148138ABC890047C5CB /* openFrameworksDebug.a */ = {
			isa = PBXReferenceProxy;
			fileType = archive.ar;
			path = openFrameworksDebug.a;
			remoteRef = E4328147138ABC890047C5CB /* PBXContainerItemProxy */;
			sourceTree = BUILT_PRODUCTS_DIR;
		};
/* End PBXReferenceProxy section */

/* Begin PBXShellScriptBuildPhase section */
		E4B6FFFD0C3F9AB9008CF71C /* ShellScript */ = {
			isa = PBXShellScriptBuildPhase;
			buildActionMask = 2147483647;
			files = (
			);
			inputPaths = (
			);
			outputPaths = (
			);
			runOnlyForDeploymentPostprocessing = 0;
			shellPath = /bin/sh;
			shellScript = "cp -f ../../../libs/fmodex/lib/osx/libfmodex.dylib \"$TARGET_BUILD_DIR/$PRODUCT_NAME.app/Contents/MacOS/libfmodex.dylib\"; install_name_tool -change ./libfmodex.dylib @executable_path/libfmodex.dylib \"$TARGET_BUILD_DIR/$PRODUCT_NAME.app/Contents/MacOS/$PRODUCT_NAME\";";
		};
/* End PBXShellScriptBuildPhase section */

/* Begin PBXSourcesBuildPhase section */
		E4B69B580A3A1756003C02F2 /* Sources */ = {
			isa = PBXSourcesBuildPhase;
			buildActionMask = 2147483647;
			files = (
				E4B69E200A3A1BDC003C02F2 /* main.cpp in Sources */,
				E4B69E210A3A1BDC003C02F2 /* testApp.cpp in Sources */,
				60373139171D2DF0005982EE /* ofxAlembicReader.cpp in Sources */,
				60E43D1F17588A2000BEC268 /* ofxAlembicWriter.cpp in Sources */,
				60E43D221758A45000BEC268 /* ofxAlembicType.cpp in Sources */,
				607AF079175C64C90026162C /* ofxAlembicUtil.cpp in Sources */,
			);
			runOnlyForDeploymentPostprocessing = 0;
		};
/* End PBXSourcesBuildPhase section */

/* Begin PBXTargetDependency section */
		E4EEB9AC138B136A00A80321 /* PBXTargetDependency */ = {
			isa = PBXTargetDependency;
			name = openFrameworks;
			targetProxy = E4EEB9AB138B136A00A80321 /* PBXContainerItemProxy */;
		};
/* End PBXTargetDependency section */

/* Begin XCBuildConfiguration section */
		E4B69B4E0A3A1720003C02F2 /* Debug */ = {
			isa = XCBuildConfiguration;
			baseConfigurationReference = E4EB6923138AFD0F00A09F29 /* Project.xcconfig */;
			buildSettings = {
				ARCHS = "$(NATIVE_ARCH)";
				CONFIGURATION_BUILD_DIR = "$(SRCROOT)/bin/";
				COPY_PHASE_STRIP = NO;
				DEAD_CODE_STRIPPING = YES;
				GCC_AUTO_VECTORIZATION = YES;
				GCC_ENABLE_SSE3_EXTENSIONS = YES;
				GCC_ENABLE_SUPPLEMENTAL_SSE3_INSTRUCTIONS = YES;
				GCC_INLINES_ARE_PRIVATE_EXTERN = NO;
				GCC_OPTIMIZATION_LEVEL = 0;
				GCC_SYMBOLS_PRIVATE_EXTERN = NO;
				GCC_WARN_ABOUT_DEPRECATED_FUNCTIONS = YES;
				GCC_WARN_ABOUT_INVALID_OFFSETOF_MACRO = NO;
				GCC_WARN_ALLOW_INCOMPLETE_PROTOCOL = NO;
				GCC_WARN_UNINITIALIZED_AUTOS = NO;
				GCC_WARN_UNUSED_VALUE = NO;
				GCC_WARN_UNUSED_VARIABLE = NO;
				OTHER_CPLUSPLUSFLAGS = (
					"-D__MACOSX_CORE__",
					"-lpthread",
					"-mtune=native",
				);
				SDKROOT = macosx;
			};
			name = Debug;
		};
		E4B69B4F0A3A1720003C02F2 /* Release */ = {
			isa = XCBuildConfiguration;
			baseConfigurationReference = E4EB6923138AFD0F00A09F29 /* Project.xcconfig */;
			buildSettings = {
				ARCHS = "$(NATIVE_ARCH)";
				CONFIGURATION_BUILD_DIR = "$(SRCROOT)/bin/";
				COPY_PHASE_STRIP = YES;
				DEAD_CODE_STRIPPING = YES;
				GCC_AUTO_VECTORIZATION = YES;
				GCC_ENABLE_SSE3_EXTENSIONS = YES;
				GCC_ENABLE_SUPPLEMENTAL_SSE3_INSTRUCTIONS = YES;
				GCC_INLINES_ARE_PRIVATE_EXTERN = NO;
				GCC_OPTIMIZATION_LEVEL = 3;
				GCC_SYMBOLS_PRIVATE_EXTERN = NO;
				GCC_UNROLL_LOOPS = YES;
				GCC_WARN_ABOUT_DEPRECATED_FUNCTIONS = YES;
				GCC_WARN_ABOUT_INVALID_OFFSETOF_MACRO = NO;
				GCC_WARN_ALLOW_INCOMPLETE_PROTOCOL = NO;
				GCC_WARN_UNINITIALIZED_AUTOS = NO;
				GCC_WARN_UNUSED_VALUE = NO;
				GCC_WARN_UNUSED_VARIABLE = NO;
				OTHER_CPLUSPLUSFLAGS = (
					"-D__MACOSX_CORE__",
					"-lpthread",
					"-mtune=native",
				);
				SDKROOT = macosx;
			};
			name = Release;
		};
		E4B69B600A3A1757003C02F2 /* Debug */ = {
			isa = XCBuildConfiguration;
			buildSettings = {
				COPY_PHASE_STRIP = NO;
				FRAMEWORK_SEARCH_PATHS = (
					"$(inherited)",
					"$(FRAMEWORK_SEARCH_PATHS_QUOTED_FOR_TARGET_1)",
				);
				FRAMEWORK_SEARCH_PATHS_QUOTED_FOR_TARGET_1 = "\"$(SRCROOT)/../../../libs/glut/lib/osx\"";
				GCC_DYNAMIC_NO_PIC = NO;
				GCC_ENABLE_FIX_AND_CONTINUE = YES;
				GCC_GENERATE_DEBUGGING_SYMBOLS = YES;
				GCC_MODEL_TUNING = NONE;
				GCC_PRECOMPILE_PREFIX_HEADER = YES;
				GCC_PREFIX_HEADER = "$(SYSTEM_LIBRARY_DIR)/Frameworks/Carbon.framework/Headers/Carbon.h";
				INFOPLIST_FILE = "openFrameworks-Info.plist";
				INSTALL_PATH = "$(HOME)/Applications";
				LIBRARY_SEARCH_PATHS = (
					"$(inherited)",
					"$(LIBRARY_SEARCH_PATHS_QUOTED_FOR_TARGET_1)",
					"$(LIBRARY_SEARCH_PATHS_QUOTED_FOR_TARGET_2)",
					"$(LIBRARY_SEARCH_PATHS_QUOTED_FOR_TARGET_3)",
					"$(LIBRARY_SEARCH_PATHS_QUOTED_FOR_TARGET_4)",
					"$(LIBRARY_SEARCH_PATHS_QUOTED_FOR_TARGET_5)",
					"$(LIBRARY_SEARCH_PATHS_QUOTED_FOR_TARGET_6)",
					"$(LIBRARY_SEARCH_PATHS_QUOTED_FOR_TARGET_7)",
					"$(LIBRARY_SEARCH_PATHS_QUOTED_FOR_TARGET_8)",
					"$(LIBRARY_SEARCH_PATHS_QUOTED_FOR_TARGET_9)",
					"$(LIBRARY_SEARCH_PATHS_QUOTED_FOR_TARGET_10)",
					"$(LIBRARY_SEARCH_PATHS_QUOTED_FOR_TARGET_11)",
					"$(LIBRARY_SEARCH_PATHS_QUOTED_FOR_TARGET_12)",
					"$(LIBRARY_SEARCH_PATHS_QUOTED_FOR_TARGET_13)",
					"$(LIBRARY_SEARCH_PATHS_QUOTED_FOR_TARGET_14)",
					"$(LIBRARY_SEARCH_PATHS_QUOTED_FOR_TARGET_15)",
					"$(LIBRARY_SEARCH_PATHS_QUOTED_FOR_TARGET_2)",
					"$(LIBRARY_SEARCH_PATHS_QUOTED_FOR_TARGET_3)",
					"$(LIBRARY_SEARCH_PATHS_QUOTED_FOR_TARGET_7)",
					"$(LIBRARY_SEARCH_PATHS_QUOTED_FOR_TARGET_8)",
					"$(LIBRARY_SEARCH_PATHS_QUOTED_FOR_TARGET_9)",
					"$(LIBRARY_SEARCH_PATHS_QUOTED_FOR_TARGET_10)",
					"$(LIBRARY_SEARCH_PATHS_QUOTED_FOR_TARGET_11)",
					"$(LIBRARY_SEARCH_PATHS_QUOTED_FOR_TARGET_12)",
					"$(LIBRARY_SEARCH_PATHS_QUOTED_FOR_TARGET_13)",
					"$(LIBRARY_SEARCH_PATHS_QUOTED_FOR_TARGET_16)",
					"$(LIBRARY_SEARCH_PATHS_QUOTED_FOR_TARGET_17)",
					"$(LIBRARY_SEARCH_PATHS_QUOTED_FOR_TARGET_18)",
					"$(LIBRARY_SEARCH_PATHS_QUOTED_FOR_TARGET_19)",
					"$(LIBRARY_SEARCH_PATHS_QUOTED_FOR_TARGET_20)",
					"$(LIBRARY_SEARCH_PATHS_QUOTED_FOR_TARGET_21)",
					"$(LIBRARY_SEARCH_PATHS_QUOTED_FOR_TARGET_22)",
					"$(LIBRARY_SEARCH_PATHS_QUOTED_FOR_TARGET_23)",
					"$(LIBRARY_SEARCH_PATHS_QUOTED_FOR_TARGET_24)",
					"$(LIBRARY_SEARCH_PATHS_QUOTED_FOR_TARGET_25)",
					"$(LIBRARY_SEARCH_PATHS_QUOTED_FOR_TARGET_26)",
					"$(LIBRARY_SEARCH_PATHS_QUOTED_FOR_TARGET_27)",
					"$(LIBRARY_SEARCH_PATHS_QUOTED_FOR_TARGET_28)",
					"$(LIBRARY_SEARCH_PATHS_QUOTED_FOR_TARGET_29)",
					"$(LIBRARY_SEARCH_PATHS_QUOTED_FOR_TARGET_30)",
					"$(LIBRARY_SEARCH_PATHS_QUOTED_FOR_TARGET_31)",
					"$(LIBRARY_SEARCH_PATHS_QUOTED_FOR_TARGET_32)",
					"$(LIBRARY_SEARCH_PATHS_QUOTED_FOR_TARGET_33)",
					"$(LIBRARY_SEARCH_PATHS_QUOTED_FOR_TARGET_34)",
					"$(LIBRARY_SEARCH_PATHS_QUOTED_FOR_TARGET_35)",
					"$(LIBRARY_SEARCH_PATHS_QUOTED_FOR_TARGET_36)",
					"$(LIBRARY_SEARCH_PATHS_QUOTED_FOR_TARGET_37)",
					"$(LIBRARY_SEARCH_PATHS_QUOTED_FOR_TARGET_38)",
					"$(LIBRARY_SEARCH_PATHS_QUOTED_FOR_TARGET_39)",
					"$(LIBRARY_SEARCH_PATHS_QUOTED_FOR_TARGET_40)",
					"$(LIBRARY_SEARCH_PATHS_QUOTED_FOR_TARGET_41)",
					"$(LIBRARY_SEARCH_PATHS_QUOTED_FOR_TARGET_42)",
					"$(LIBRARY_SEARCH_PATHS_QUOTED_FOR_TARGET_43)",
					"$(LIBRARY_SEARCH_PATHS_QUOTED_FOR_TARGET_44)",
					"$(LIBRARY_SEARCH_PATHS_QUOTED_FOR_TARGET_45)",
					"$(LIBRARY_SEARCH_PATHS_QUOTED_FOR_TARGET_46)",
					"$(LIBRARY_SEARCH_PATHS_QUOTED_FOR_TARGET_47)",
					"$(LIBRARY_SEARCH_PATHS_QUOTED_FOR_TARGET_48)",
					"$(LIBRARY_SEARCH_PATHS_QUOTED_FOR_TARGET_49)",
					"$(LIBRARY_SEARCH_PATHS_QUOTED_FOR_TARGET_50)",
					"$(LIBRARY_SEARCH_PATHS_QUOTED_FOR_TARGET_51)",
					"$(LIBRARY_SEARCH_PATHS_QUOTED_FOR_TARGET_52)",
					"$(LIBRARY_SEARCH_PATHS_QUOTED_FOR_TARGET_1)",
					"$(LIBRARY_SEARCH_PATHS_QUOTED_FOR_TARGET_2)",
					"$(LIBRARY_SEARCH_PATHS_QUOTED_FOR_TARGET_3)",
				);
				LIBRARY_SEARCH_PATHS_QUOTED_FOR_TARGET_1 = "\"$(SRCROOT)/../libs/alembic/lib/osx\"";
				LIBRARY_SEARCH_PATHS_QUOTED_FOR_TARGET_2 = "\"$(SRCROOT)/../libs/alembic/lib/osx\"";
				LIBRARY_SEARCH_PATHS_QUOTED_FOR_TARGET_3 = "\"$(SRCROOT)/../libs/alembic/lib/osx\"";
				PREBINDING = NO;
				PRODUCT_NAME = "example-writeDebug";
				WRAPPER_EXTENSION = app;
			};
			name = Debug;
		};
		E4B69B610A3A1757003C02F2 /* Release */ = {
			isa = XCBuildConfiguration;
			buildSettings = {
				COPY_PHASE_STRIP = YES;
				FRAMEWORK_SEARCH_PATHS = (
					"$(inherited)",
					"$(FRAMEWORK_SEARCH_PATHS_QUOTED_FOR_TARGET_1)",
				);
				FRAMEWORK_SEARCH_PATHS_QUOTED_FOR_TARGET_1 = "\"$(SRCROOT)/../../../libs/glut/lib/osx\"";
				GCC_ENABLE_FIX_AND_CONTINUE = NO;
				GCC_GENERATE_DEBUGGING_SYMBOLS = YES;
				GCC_MODEL_TUNING = NONE;
				GCC_PRECOMPILE_PREFIX_HEADER = YES;
				GCC_PREFIX_HEADER = "$(SYSTEM_LIBRARY_DIR)/Frameworks/Carbon.framework/Headers/Carbon.h";
				INFOPLIST_FILE = "openFrameworks-Info.plist";
				INSTALL_PATH = "$(HOME)/Applications";
				LIBRARY_SEARCH_PATHS = (
					"$(inherited)",
					"$(LIBRARY_SEARCH_PATHS_QUOTED_FOR_TARGET_1)",
					"$(LIBRARY_SEARCH_PATHS_QUOTED_FOR_TARGET_2)",
					"$(LIBRARY_SEARCH_PATHS_QUOTED_FOR_TARGET_3)",
					"$(LIBRARY_SEARCH_PATHS_QUOTED_FOR_TARGET_4)",
					"$(LIBRARY_SEARCH_PATHS_QUOTED_FOR_TARGET_5)",
					"$(LIBRARY_SEARCH_PATHS_QUOTED_FOR_TARGET_6)",
					"$(LIBRARY_SEARCH_PATHS_QUOTED_FOR_TARGET_7)",
					"$(LIBRARY_SEARCH_PATHS_QUOTED_FOR_TARGET_8)",
					"$(LIBRARY_SEARCH_PATHS_QUOTED_FOR_TARGET_9)",
					"$(LIBRARY_SEARCH_PATHS_QUOTED_FOR_TARGET_10)",
					"$(LIBRARY_SEARCH_PATHS_QUOTED_FOR_TARGET_11)",
					"$(LIBRARY_SEARCH_PATHS_QUOTED_FOR_TARGET_12)",
					"$(LIBRARY_SEARCH_PATHS_QUOTED_FOR_TARGET_13)",
					"$(LIBRARY_SEARCH_PATHS_QUOTED_FOR_TARGET_14)",
					"$(LIBRARY_SEARCH_PATHS_QUOTED_FOR_TARGET_15)",
					"$(LIBRARY_SEARCH_PATHS_QUOTED_FOR_TARGET_2)",
					"$(LIBRARY_SEARCH_PATHS_QUOTED_1)",
					"$(LIBRARY_SEARCH_PATHS_QUOTED_FOR_TARGET_3)",
					"$(LIBRARY_SEARCH_PATHS_QUOTED_FOR_TARGET_7)",
					"$(LIBRARY_SEARCH_PATHS_QUOTED_FOR_TARGET_8)",
					"$(LIBRARY_SEARCH_PATHS_QUOTED_FOR_TARGET_9)",
					"$(LIBRARY_SEARCH_PATHS_QUOTED_FOR_TARGET_10)",
					"$(LIBRARY_SEARCH_PATHS_QUOTED_FOR_TARGET_11)",
					"$(LIBRARY_SEARCH_PATHS_QUOTED_FOR_TARGET_12)",
					"$(LIBRARY_SEARCH_PATHS_QUOTED_FOR_TARGET_13)",
					"$(LIBRARY_SEARCH_PATHS_QUOTED_FOR_TARGET_16)",
					"$(LIBRARY_SEARCH_PATHS_QUOTED_FOR_TARGET_17)",
					"$(LIBRARY_SEARCH_PATHS_QUOTED_FOR_TARGET_18)",
					"$(LIBRARY_SEARCH_PATHS_QUOTED_FOR_TARGET_19)",
					"$(LIBRARY_SEARCH_PATHS_QUOTED_FOR_TARGET_20)",
					"$(LIBRARY_SEARCH_PATHS_QUOTED_FOR_TARGET_21)",
					"$(LIBRARY_SEARCH_PATHS_QUOTED_FOR_TARGET_22)",
					"$(LIBRARY_SEARCH_PATHS_QUOTED_FOR_TARGET_23)",
					"$(LIBRARY_SEARCH_PATHS_QUOTED_FOR_TARGET_24)",
					"$(LIBRARY_SEARCH_PATHS_QUOTED_FOR_TARGET_25)",
					"$(LIBRARY_SEARCH_PATHS_QUOTED_FOR_TARGET_26)",
					"$(LIBRARY_SEARCH_PATHS_QUOTED_FOR_TARGET_27)",
					"$(LIBRARY_SEARCH_PATHS_QUOTED_FOR_TARGET_28)",
					"$(LIBRARY_SEARCH_PATHS_QUOTED_FOR_TARGET_29)",
					"$(LIBRARY_SEARCH_PATHS_QUOTED_FOR_TARGET_30)",
					"$(LIBRARY_SEARCH_PATHS_QUOTED_FOR_TARGET_31)",
					"$(LIBRARY_SEARCH_PATHS_QUOTED_FOR_TARGET_32)",
					"$(LIBRARY_SEARCH_PATHS_QUOTED_FOR_TARGET_33)",
					"$(LIBRARY_SEARCH_PATHS_QUOTED_FOR_TARGET_34)",
					"$(LIBRARY_SEARCH_PATHS_QUOTED_FOR_TARGET_35)",
					"$(LIBRARY_SEARCH_PATHS_QUOTED_FOR_TARGET_36)",
					"$(LIBRARY_SEARCH_PATHS_QUOTED_FOR_TARGET_37)",
					"$(LIBRARY_SEARCH_PATHS_QUOTED_FOR_TARGET_38)",
					"$(LIBRARY_SEARCH_PATHS_QUOTED_FOR_TARGET_39)",
					"$(LIBRARY_SEARCH_PATHS_QUOTED_FOR_TARGET_40)",
					"$(LIBRARY_SEARCH_PATHS_QUOTED_FOR_TARGET_41)",
					"$(LIBRARY_SEARCH_PATHS_QUOTED_FOR_TARGET_42)",
					"$(LIBRARY_SEARCH_PATHS_QUOTED_FOR_TARGET_43)",
					"$(LIBRARY_SEARCH_PATHS_QUOTED_FOR_TARGET_44)",
					"$(LIBRARY_SEARCH_PATHS_QUOTED_FOR_TARGET_45)",
					"$(LIBRARY_SEARCH_PATHS_QUOTED_FOR_TARGET_46)",
					"$(LIBRARY_SEARCH_PATHS_QUOTED_FOR_TARGET_47)",
					"$(LIBRARY_SEARCH_PATHS_QUOTED_FOR_TARGET_48)",
					"$(LIBRARY_SEARCH_PATHS_QUOTED_FOR_TARGET_49)",
					"$(LIBRARY_SEARCH_PATHS_QUOTED_FOR_TARGET_50)",
					"$(LIBRARY_SEARCH_PATHS_QUOTED_FOR_TARGET_51)",
					"$(LIBRARY_SEARCH_PATHS_QUOTED_FOR_TARGET_1)",
					"$(LIBRARY_SEARCH_PATHS_QUOTED_FOR_TARGET_2)",
					"$(LIBRARY_SEARCH_PATHS_QUOTED_FOR_TARGET_3)",
				);
				LIBRARY_SEARCH_PATHS_QUOTED_FOR_TARGET_1 = "\"$(SRCROOT)/../libs/alembic/lib/osx\"";
				LIBRARY_SEARCH_PATHS_QUOTED_FOR_TARGET_2 = "\"$(SRCROOT)/../libs/alembic/lib/osx\"";
				LIBRARY_SEARCH_PATHS_QUOTED_FOR_TARGET_3 = "\"$(SRCROOT)/../libs/alembic/lib/osx\"";
				PREBINDING = NO;
				PRODUCT_NAME = "example-write";
				WRAPPER_EXTENSION = app;
			};
			name = Release;
		};
/* End XCBuildConfiguration section */

/* Begin XCConfigurationList section */
		E4B69B4D0A3A1720003C02F2 /* Build configuration list for PBXProject "example-write" */ = {
			isa = XCConfigurationList;
			buildConfigurations = (
				E4B69B4E0A3A1720003C02F2 /* Debug */,
				E4B69B4F0A3A1720003C02F2 /* Release */,
			);
			defaultConfigurationIsVisible = 0;
			defaultConfigurationName = Release;
		};
		E4B69B5F0A3A1757003C02F2 /* Build configuration list for PBXNativeTarget "example-write" */ = {
			isa = XCConfigurationList;
			buildConfigurations = (
				E4B69B600A3A1757003C02F2 /* Debug */,
				E4B69B610A3A1757003C02F2 /* Release */,
			);
			defaultConfigurationIsVisible = 0;
			defaultConfigurationName = Release;
		};
/* End XCConfigurationList section */
	};
	rootObject = E4B69B4C0A3A1720003C02F2 /* Project object */;
}
